// !$*UTF8*$!
{
	archiveVersion = 1;
	classes = {
	};
	objectVersion = 55;
	objects = {

/* Begin PBXBuildFile section */
		272D6532288AEF3800FA4F60 /* QueryService.swift in Sources */ = {isa = PBXBuildFile; fileRef = 272D6531288AEF3800FA4F60 /* QueryService.swift */; };
		272D6535288C63E100FA4F60 /* GetYouTubeModel.swift in Sources */ = {isa = PBXBuildFile; fileRef = 272D6534288C63E100FA4F60 /* GetYouTubeModel.swift */; };
		272D653E288EC4EC00FA4F60 /* IB-Segues+Generated.swift in Sources */ = {isa = PBXBuildFile; fileRef = 272D653A288EC4EC00FA4F60 /* IB-Segues+Generated.swift */; };
		272D653F288EC4EC00FA4F60 /* Strings+Generated.swift in Sources */ = {isa = PBXBuildFile; fileRef = 272D653B288EC4EC00FA4F60 /* Strings+Generated.swift */; };
		272D6540288EC4EC00FA4F60 /* XCAssets+Generated.swift in Sources */ = {isa = PBXBuildFile; fileRef = 272D653C288EC4EC00FA4F60 /* XCAssets+Generated.swift */; };
		272D6541288EC4EC00FA4F60 /* IB-Scenes+Generated.swift in Sources */ = {isa = PBXBuildFile; fileRef = 272D653D288EC4EC00FA4F60 /* IB-Scenes+Generated.swift */; };
		272D6543288EC75600FA4F60 /* MyNetworkingError.swift in Sources */ = {isa = PBXBuildFile; fileRef = 272D6542288EC75600FA4F60 /* MyNetworkingError.swift */; };
		272D6545288ECB4500FA4F60 /* README.md in Resources */ = {isa = PBXBuildFile; fileRef = 272D6544288ECB4500FA4F60 /* README.md */; };
		272D6547288ED42B00FA4F60 /* GetTitleModel.swift in Sources */ = {isa = PBXBuildFile; fileRef = 272D6546288ED42B00FA4F60 /* GetTitleModel.swift */; };
		272D65492897E22100FA4F60 /* GetScheduleModel.swift in Sources */ = {isa = PBXBuildFile; fileRef = 272D65482897E22100FA4F60 /* GetScheduleModel.swift */; };
		279E4F30289C4C70008038FF /* LoginModel.swift in Sources */ = {isa = PBXBuildFile; fileRef = 279E4F2F289C4C70008038FF /* LoginModel.swift */; };
		27CB080328847D39009E2583 /* .gitignore in Resources */ = {isa = PBXBuildFile; fileRef = 27CB080228847D39009E2583 /* .gitignore */; };
		27CB080B28855EB4009E2583 /* TabBarView.swift in Sources */ = {isa = PBXBuildFile; fileRef = 27CB080A28855EB4009E2583 /* TabBarView.swift */; };
		27CB080D28855EC5009E2583 /* TabBarInteractor.swift in Sources */ = {isa = PBXBuildFile; fileRef = 27CB080C28855EC5009E2583 /* TabBarInteractor.swift */; };
		27CB080F28855ED1009E2583 /* TabBarPresenter.swift in Sources */ = {isa = PBXBuildFile; fileRef = 27CB080E28855ED1009E2583 /* TabBarPresenter.swift */; };
		27CB081128855EE0009E2583 /* TabBarEntity.swift in Sources */ = {isa = PBXBuildFile; fileRef = 27CB081028855EE0009E2583 /* TabBarEntity.swift */; };
		27CB081328855EE6009E2583 /* TabBarRouter.swift in Sources */ = {isa = PBXBuildFile; fileRef = 27CB081228855EE6009E2583 /* TabBarRouter.swift */; };
		27DEEBC12886A9570014055F /* HomeView.swift in Sources */ = {isa = PBXBuildFile; fileRef = 27DEEBC02886A9570014055F /* HomeView.swift */; };
		27DEEBC32886A9650014055F /* HomeInteractor.swift in Sources */ = {isa = PBXBuildFile; fileRef = 27DEEBC22886A9650014055F /* HomeInteractor.swift */; };
		27DEEBC52886A99A0014055F /* HomePresenter.swift in Sources */ = {isa = PBXBuildFile; fileRef = 27DEEBC42886A99A0014055F /* HomePresenter.swift */; };
		27DEEBC72886A9A30014055F /* HomeEntity.swift in Sources */ = {isa = PBXBuildFile; fileRef = 27DEEBC62886A9A30014055F /* HomeEntity.swift */; };
		27DEEBC92886A9AC0014055F /* HomeRouter.swift in Sources */ = {isa = PBXBuildFile; fileRef = 27DEEBC82886A9AC0014055F /* HomeRouter.swift */; };
		27F5E558287C6DCA00BCF61C /* AppDelegate.swift in Sources */ = {isa = PBXBuildFile; fileRef = 27F5E557287C6DCA00BCF61C /* AppDelegate.swift */; };
		27F5E55A287C6DCA00BCF61C /* SceneDelegate.swift in Sources */ = {isa = PBXBuildFile; fileRef = 27F5E559287C6DCA00BCF61C /* SceneDelegate.swift */; };
		27F5E561287C6DCB00BCF61C /* Assets.xcassets in Resources */ = {isa = PBXBuildFile; fileRef = 27F5E560287C6DCB00BCF61C /* Assets.xcassets */; };
		27F5E564287C6DCB00BCF61C /* LaunchScreen.storyboard in Resources */ = {isa = PBXBuildFile; fileRef = 27F5E562287C6DCB00BCF61C /* LaunchScreen.storyboard */; };
		27F5E59F287EA83400BCF61C /* Colors.xcassets in Resources */ = {isa = PBXBuildFile; fileRef = 27F5E59C287EA83400BCF61C /* Colors.xcassets */; };
		27F5E5A0287EAA5D00BCF61C /* Localizable.strings in Resources */ = {isa = PBXBuildFile; fileRef = 27F5E5A2287EAA5D00BCF61C /* Localizable.strings */; };
		27F5E5A6287EAC8100BCF61C /* SwiftGen in Resources */ = {isa = PBXBuildFile; fileRef = 27F5E5A5287EAC8100BCF61C /* SwiftGen */; };
		27F5E5A9287EC07D00BCF61C /* .swiftlint.yml in Resources */ = {isa = PBXBuildFile; fileRef = 27F5E5A8287EC07D00BCF61C /* .swiftlint.yml */; };
/* End PBXBuildFile section */

/* Begin PBXFileReference section */
		272D6531288AEF3800FA4F60 /* QueryService.swift */ = {isa = PBXFileReference; lastKnownFileType = sourcecode.swift; path = QueryService.swift; sourceTree = "<group>"; };
		272D6534288C63E100FA4F60 /* GetYouTubeModel.swift */ = {isa = PBXFileReference; lastKnownFileType = sourcecode.swift; path = GetYouTubeModel.swift; sourceTree = "<group>"; };
		272D653A288EC4EC00FA4F60 /* IB-Segues+Generated.swift */ = {isa = PBXFileReference; fileEncoding = 4; lastKnownFileType = sourcecode.swift; path = "IB-Segues+Generated.swift"; sourceTree = "<group>"; };
		272D653B288EC4EC00FA4F60 /* Strings+Generated.swift */ = {isa = PBXFileReference; fileEncoding = 4; lastKnownFileType = sourcecode.swift; path = "Strings+Generated.swift"; sourceTree = "<group>"; };
		272D653C288EC4EC00FA4F60 /* XCAssets+Generated.swift */ = {isa = PBXFileReference; fileEncoding = 4; lastKnownFileType = sourcecode.swift; path = "XCAssets+Generated.swift"; sourceTree = "<group>"; };
		272D653D288EC4EC00FA4F60 /* IB-Scenes+Generated.swift */ = {isa = PBXFileReference; fileEncoding = 4; lastKnownFileType = sourcecode.swift; path = "IB-Scenes+Generated.swift"; sourceTree = "<group>"; };
		272D6542288EC75600FA4F60 /* MyNetworkingError.swift */ = {isa = PBXFileReference; lastKnownFileType = sourcecode.swift; path = MyNetworkingError.swift; sourceTree = "<group>"; };
		272D6544288ECB4500FA4F60 /* README.md */ = {isa = PBXFileReference; fileEncoding = 4; lastKnownFileType = net.daringfireball.markdown; path = README.md; sourceTree = "<group>"; };
		272D6546288ED42B00FA4F60 /* GetTitleModel.swift */ = {isa = PBXFileReference; lastKnownFileType = sourcecode.swift; path = GetTitleModel.swift; sourceTree = "<group>"; };
		272D65482897E22100FA4F60 /* GetScheduleModel.swift */ = {isa = PBXFileReference; lastKnownFileType = sourcecode.swift; path = GetScheduleModel.swift; sourceTree = "<group>"; };
		279E4F2F289C4C70008038FF /* LoginModel.swift */ = {isa = PBXFileReference; lastKnownFileType = sourcecode.swift; path = LoginModel.swift; sourceTree = "<group>"; };
		27CB080228847D39009E2583 /* .gitignore */ = {isa = PBXFileReference; fileEncoding = 4; lastKnownFileType = text; path = .gitignore; sourceTree = "<group>"; };
		27CB080A28855EB4009E2583 /* TabBarView.swift */ = {isa = PBXFileReference; lastKnownFileType = sourcecode.swift; path = TabBarView.swift; sourceTree = "<group>"; };
		27CB080C28855EC5009E2583 /* TabBarInteractor.swift */ = {isa = PBXFileReference; lastKnownFileType = sourcecode.swift; path = TabBarInteractor.swift; sourceTree = "<group>"; };
		27CB080E28855ED1009E2583 /* TabBarPresenter.swift */ = {isa = PBXFileReference; lastKnownFileType = sourcecode.swift; path = TabBarPresenter.swift; sourceTree = "<group>"; };
		27CB081028855EE0009E2583 /* TabBarEntity.swift */ = {isa = PBXFileReference; lastKnownFileType = sourcecode.swift; path = TabBarEntity.swift; sourceTree = "<group>"; };
		27CB081228855EE6009E2583 /* TabBarRouter.swift */ = {isa = PBXFileReference; lastKnownFileType = sourcecode.swift; path = TabBarRouter.swift; sourceTree = "<group>"; };
		27DEEBC02886A9570014055F /* HomeView.swift */ = {isa = PBXFileReference; lastKnownFileType = sourcecode.swift; path = HomeView.swift; sourceTree = "<group>"; };
		27DEEBC22886A9650014055F /* HomeInteractor.swift */ = {isa = PBXFileReference; lastKnownFileType = sourcecode.swift; path = HomeInteractor.swift; sourceTree = "<group>"; };
		27DEEBC42886A99A0014055F /* HomePresenter.swift */ = {isa = PBXFileReference; lastKnownFileType = sourcecode.swift; path = HomePresenter.swift; sourceTree = "<group>"; };
		27DEEBC62886A9A30014055F /* HomeEntity.swift */ = {isa = PBXFileReference; lastKnownFileType = sourcecode.swift; path = HomeEntity.swift; sourceTree = "<group>"; };
		27DEEBC82886A9AC0014055F /* HomeRouter.swift */ = {isa = PBXFileReference; lastKnownFileType = sourcecode.swift; path = HomeRouter.swift; sourceTree = "<group>"; };
		27F5E554287C6DCA00BCF61C /* Anilibria-ios-app.app */ = {isa = PBXFileReference; explicitFileType = wrapper.application; includeInIndex = 0; path = "Anilibria-ios-app.app"; sourceTree = BUILT_PRODUCTS_DIR; };
		27F5E557287C6DCA00BCF61C /* AppDelegate.swift */ = {isa = PBXFileReference; lastKnownFileType = sourcecode.swift; path = AppDelegate.swift; sourceTree = "<group>"; };
		27F5E559287C6DCA00BCF61C /* SceneDelegate.swift */ = {isa = PBXFileReference; lastKnownFileType = sourcecode.swift; path = SceneDelegate.swift; sourceTree = "<group>"; };
		27F5E560287C6DCB00BCF61C /* Assets.xcassets */ = {isa = PBXFileReference; lastKnownFileType = folder.assetcatalog; path = Assets.xcassets; sourceTree = "<group>"; };
		27F5E563287C6DCB00BCF61C /* Base */ = {isa = PBXFileReference; lastKnownFileType = file.storyboard; name = Base; path = Base.lproj/LaunchScreen.storyboard; sourceTree = "<group>"; };
		27F5E565287C6DCB00BCF61C /* Info.plist */ = {isa = PBXFileReference; lastKnownFileType = text.plist.xml; path = Info.plist; sourceTree = "<group>"; };
		27F5E59C287EA83400BCF61C /* Colors.xcassets */ = {isa = PBXFileReference; lastKnownFileType = folder.assetcatalog; path = Colors.xcassets; sourceTree = "<group>"; };
		27F5E5A3287EAA6E00BCF61C /* ru */ = {isa = PBXFileReference; lastKnownFileType = text.plist.strings; name = ru; path = ru.lproj/Localizable.strings; sourceTree = "<group>"; };
		27F5E5A5287EAC8100BCF61C /* SwiftGen */ = {isa = PBXFileReference; lastKnownFileType = folder; path = SwiftGen; sourceTree = "<group>"; };
		27F5E5A8287EC07D00BCF61C /* .swiftlint.yml */ = {isa = PBXFileReference; fileEncoding = 4; lastKnownFileType = text.yaml; path = .swiftlint.yml; sourceTree = "<group>"; };
/* End PBXFileReference section */

/* Begin PBXFrameworksBuildPhase section */
		27F5E551287C6DCA00BCF61C /* Frameworks */ = {
			isa = PBXFrameworksBuildPhase;
			buildActionMask = 2147483647;
			files = (
			);
			runOnlyForDeploymentPostprocessing = 0;
		};
/* End PBXFrameworksBuildPhase section */

/* Begin PBXGroup section */
		272D6533288C63CA00FA4F60 /* Models */ = {
			isa = PBXGroup;
			children = (
				272D6534288C63E100FA4F60 /* GetYouTubeModel.swift */,
				272D6546288ED42B00FA4F60 /* GetTitleModel.swift */,
				272D65482897E22100FA4F60 /* GetScheduleModel.swift */,
				279E4F2F289C4C70008038FF /* LoginModel.swift */,
			);
			path = Models;
			sourceTree = "<group>";
		};
		272D6539288EC4EC00FA4F60 /* Generated */ = {
			isa = PBXGroup;
			children = (
				272D653A288EC4EC00FA4F60 /* IB-Segues+Generated.swift */,
				272D653B288EC4EC00FA4F60 /* Strings+Generated.swift */,
				272D653C288EC4EC00FA4F60 /* XCAssets+Generated.swift */,
				272D653D288EC4EC00FA4F60 /* IB-Scenes+Generated.swift */,
			);
			path = Generated;
			sourceTree = "<group>";
		};
		27CB080628855A79009E2583 /* Modules */ = {
			isa = PBXGroup;
			children = (
				27CB080728855B1A009E2583 /* TabBar */,
				27DEEBBF2886A92F0014055F /* Home */,
			);
			path = Modules;
			sourceTree = "<group>";
		};
		27CB080728855B1A009E2583 /* TabBar */ = {
			isa = PBXGroup;
			children = (
				27CB080A28855EB4009E2583 /* TabBarView.swift */,
				27CB080C28855EC5009E2583 /* TabBarInteractor.swift */,
				27CB080E28855ED1009E2583 /* TabBarPresenter.swift */,
				27CB081028855EE0009E2583 /* TabBarEntity.swift */,
				27CB081228855EE6009E2583 /* TabBarRouter.swift */,
			);
			path = TabBar;
			sourceTree = "<group>";
		};
		27DEEBBF2886A92F0014055F /* Home */ = {
			isa = PBXGroup;
			children = (
				27DEEBC02886A9570014055F /* HomeView.swift */,
				27DEEBC22886A9650014055F /* HomeInteractor.swift */,
				27DEEBC42886A99A0014055F /* HomePresenter.swift */,
				27DEEBC62886A9A30014055F /* HomeEntity.swift */,
				27DEEBC82886A9AC0014055F /* HomeRouter.swift */,
			);
			path = Home;
			sourceTree = "<group>";
		};
		27DEEBCA2886F44E0014055F /* Networking */ = {
			isa = PBXGroup;
			children = (
				272D6533288C63CA00FA4F60 /* Models */,
				272D6542288EC75600FA4F60 /* MyNetworkingError.swift */,
				272D6531288AEF3800FA4F60 /* QueryService.swift */,
			);
			path = Networking;
			sourceTree = "<group>";
		};
		27F5E54B287C6DCA00BCF61C = {
			isa = PBXGroup;
			children = (
				272D6544288ECB4500FA4F60 /* README.md */,
				27CB080228847D39009E2583 /* .gitignore */,
				27F5E5A8287EC07D00BCF61C /* .swiftlint.yml */,
				27F5E5A5287EAC8100BCF61C /* SwiftGen */,
				27F5E556287C6DCA00BCF61C /* Anilibria-ios-app */,
				27F5E555287C6DCA00BCF61C /* Products */,
			);
			sourceTree = "<group>";
		};
		27F5E555287C6DCA00BCF61C /* Products */ = {
			isa = PBXGroup;
			children = (
				27F5E554287C6DCA00BCF61C /* Anilibria-ios-app.app */,
			);
			name = Products;
			sourceTree = "<group>";
		};
		27F5E556287C6DCA00BCF61C /* Anilibria-ios-app */ = {
			isa = PBXGroup;
			children = (
				27F5E557287C6DCA00BCF61C /* AppDelegate.swift */,
				27F5E559287C6DCA00BCF61C /* SceneDelegate.swift */,
				272D6539288EC4EC00FA4F60 /* Generated */,
				27DEEBCA2886F44E0014055F /* Networking */,
				27CB080628855A79009E2583 /* Modules */,
				27F5E560287C6DCB00BCF61C /* Assets.xcassets */,
				27F5E59C287EA83400BCF61C /* Colors.xcassets */,
				27F5E5A2287EAA5D00BCF61C /* Localizable.strings */,
				27F5E562287C6DCB00BCF61C /* LaunchScreen.storyboard */,
				27F5E565287C6DCB00BCF61C /* Info.plist */,
			);
			path = "Anilibria-ios-app";
			sourceTree = "<group>";
		};
/* End PBXGroup section */

/* Begin PBXNativeTarget section */
		27F5E553287C6DCA00BCF61C /* Anilibria-ios-app */ = {
			isa = PBXNativeTarget;
			buildConfigurationList = 27F5E568287C6DCB00BCF61C /* Build configuration list for PBXNativeTarget "Anilibria-ios-app" */;
			buildPhases = (
				27F5E5A4287EAB8700BCF61C /* SwiftGen */,
				27F5E5A7287EBC6100BCF61C /* SwiftLint */,
				27F5E550287C6DCA00BCF61C /* Sources */,
				27F5E551287C6DCA00BCF61C /* Frameworks */,
				27F5E552287C6DCA00BCF61C /* Resources */,
			);
			buildRules = (
			);
			dependencies = (
			);
			name = "Anilibria-ios-app";
			productName = "Anilibria-ios-app";
			productReference = 27F5E554287C6DCA00BCF61C /* Anilibria-ios-app.app */;
			productType = "com.apple.product-type.application";
		};
/* End PBXNativeTarget section */

/* Begin PBXProject section */
		27F5E54C287C6DCA00BCF61C /* Project object */ = {
			isa = PBXProject;
			attributes = {
				BuildIndependentTargetsInParallel = 1;
				LastSwiftUpdateCheck = 1340;
				LastUpgradeCheck = 1340;
				TargetAttributes = {
					27F5E553287C6DCA00BCF61C = {
						CreatedOnToolsVersion = 13.4.1;
					};
				};
			};
			buildConfigurationList = 27F5E54F287C6DCA00BCF61C /* Build configuration list for PBXProject "Anilibria-ios-app" */;
			compatibilityVersion = "Xcode 13.0";
			developmentRegion = en;
			hasScannedForEncodings = 0;
			knownRegions = (
				en,
				Base,
				ru,
			);
			mainGroup = 27F5E54B287C6DCA00BCF61C;
			productRefGroup = 27F5E555287C6DCA00BCF61C /* Products */;
			projectDirPath = "";
			projectRoot = "";
			targets = (
				27F5E553287C6DCA00BCF61C /* Anilibria-ios-app */,
			);
		};
/* End PBXProject section */

/* Begin PBXResourcesBuildPhase section */
		27F5E552287C6DCA00BCF61C /* Resources */ = {
			isa = PBXResourcesBuildPhase;
			buildActionMask = 2147483647;
			files = (
				27CB080328847D39009E2583 /* .gitignore in Resources */,
				27F5E5A9287EC07D00BCF61C /* .swiftlint.yml in Resources */,
				27F5E564287C6DCB00BCF61C /* LaunchScreen.storyboard in Resources */,
				27F5E5A0287EAA5D00BCF61C /* Localizable.strings in Resources */,
				27F5E561287C6DCB00BCF61C /* Assets.xcassets in Resources */,
				27F5E5A6287EAC8100BCF61C /* SwiftGen in Resources */,
				272D6545288ECB4500FA4F60 /* README.md in Resources */,
				27F5E59F287EA83400BCF61C /* Colors.xcassets in Resources */,
			);
			runOnlyForDeploymentPostprocessing = 0;
		};
/* End PBXResourcesBuildPhase section */

/* Begin PBXShellScriptBuildPhase section */
		27F5E5A4287EAB8700BCF61C /* SwiftGen */ = {
			isa = PBXShellScriptBuildPhase;
			buildActionMask = 2147483647;
			files = (
			);
			inputFileListPaths = (
			);
			inputPaths = (
				"$(SRCROOT)/newInputFile",
			);
			name = SwiftGen;
			outputFileListPaths = (
			);
			outputPaths = (
			);
			runOnlyForDeploymentPostprocessing = 0;
			shellPath = /bin/sh;
			shellScript = "\"$SRCROOT\"/SwiftGen/runswiftgen.sh\n";
		};
		27F5E5A7287EBC6100BCF61C /* SwiftLint */ = {
			isa = PBXShellScriptBuildPhase;
			buildActionMask = 2147483647;
			files = (
			);
			inputFileListPaths = (
			);
			inputPaths = (
			);
			name = SwiftLint;
			outputFileListPaths = (
			);
			outputPaths = (
			);
			runOnlyForDeploymentPostprocessing = 0;
			shellPath = /bin/sh;
			shellScript = "if test -d \"/opt/homebrew/bin/\"; then\n  PATH=\"/opt/homebrew/bin/:${PATH}\"\nfi\n\nexport PATH\n\nif which swiftlint >/dev/null; then\n  swiftlint --config .swiftlint.yml\nelse\n    echo \"error: SwiftLint not installed, download from https://github.com/realm/SwiftLint\"\n    exit 1\nfi\n";
		};
/* End PBXShellScriptBuildPhase section */

/* Begin PBXSourcesBuildPhase section */
		27F5E550287C6DCA00BCF61C /* Sources */ = {
			isa = PBXSourcesBuildPhase;
			buildActionMask = 2147483647;
			files = (
				272D6535288C63E100FA4F60 /* GetYouTubeModel.swift in Sources */,
				272D653E288EC4EC00FA4F60 /* IB-Segues+Generated.swift in Sources */,
				27F5E558287C6DCA00BCF61C /* AppDelegate.swift in Sources */,
				279E4F30289C4C70008038FF /* LoginModel.swift in Sources */,
				27DEEBC92886A9AC0014055F /* HomeRouter.swift in Sources */,
				27CB080B28855EB4009E2583 /* TabBarView.swift in Sources */,
				272D6532288AEF3800FA4F60 /* QueryService.swift in Sources */,
				272D65492897E22100FA4F60 /* GetScheduleModel.swift in Sources */,
				27F5E55A287C6DCA00BCF61C /* SceneDelegate.swift in Sources */,
				27DEEBC52886A99A0014055F /* HomePresenter.swift in Sources */,
				272D6540288EC4EC00FA4F60 /* XCAssets+Generated.swift in Sources */,
				272D6547288ED42B00FA4F60 /* GetTitleModel.swift in Sources */,
				272D6543288EC75600FA4F60 /* MyNetworkingError.swift in Sources */,
				27CB080D28855EC5009E2583 /* TabBarInteractor.swift in Sources */,
				27CB080F28855ED1009E2583 /* TabBarPresenter.swift in Sources */,
				272D653F288EC4EC00FA4F60 /* Strings+Generated.swift in Sources */,
				27DEEBC12886A9570014055F /* HomeView.swift in Sources */,
				27DEEBC32886A9650014055F /* HomeInteractor.swift in Sources */,
				27CB081328855EE6009E2583 /* TabBarRouter.swift in Sources */,
				27DEEBC72886A9A30014055F /* HomeEntity.swift in Sources */,
				27CB081128855EE0009E2583 /* TabBarEntity.swift in Sources */,
				272D6541288EC4EC00FA4F60 /* IB-Scenes+Generated.swift in Sources */,
			);
			runOnlyForDeploymentPostprocessing = 0;
		};
/* End PBXSourcesBuildPhase section */

/* Begin PBXVariantGroup section */
		27F5E562287C6DCB00BCF61C /* LaunchScreen.storyboard */ = {
			isa = PBXVariantGroup;
			children = (
				27F5E563287C6DCB00BCF61C /* Base */,
			);
			name = LaunchScreen.storyboard;
			sourceTree = "<group>";
		};
		27F5E5A2287EAA5D00BCF61C /* Localizable.strings */ = {
			isa = PBXVariantGroup;
			children = (
				27F5E5A3287EAA6E00BCF61C /* ru */,
			);
			name = Localizable.strings;
			sourceTree = "<group>";
		};
/* End PBXVariantGroup section */

/* Begin XCBuildConfiguration section */
		27F5E566287C6DCB00BCF61C /* Debug */ = {
			isa = XCBuildConfiguration;
			buildSettings = {
				ALWAYS_SEARCH_USER_PATHS = NO;
				CLANG_ANALYZER_LOCALIZABILITY_NONLOCALIZED = YES;
				CLANG_ANALYZER_NONNULL = YES;
				CLANG_ANALYZER_NUMBER_OBJECT_CONVERSION = YES_AGGRESSIVE;
				CLANG_CXX_LANGUAGE_STANDARD = "gnu++17";
				CLANG_ENABLE_MODULES = YES;
				CLANG_ENABLE_OBJC_ARC = YES;
				CLANG_ENABLE_OBJC_WEAK = YES;
				CLANG_WARN_BLOCK_CAPTURE_AUTORELEASING = YES;
				CLANG_WARN_BOOL_CONVERSION = YES;
				CLANG_WARN_COMMA = YES;
				CLANG_WARN_CONSTANT_CONVERSION = YES;
				CLANG_WARN_DEPRECATED_OBJC_IMPLEMENTATIONS = YES;
				CLANG_WARN_DIRECT_OBJC_ISA_USAGE = YES_ERROR;
				CLANG_WARN_DOCUMENTATION_COMMENTS = YES;
				CLANG_WARN_EMPTY_BODY = YES;
				CLANG_WARN_ENUM_CONVERSION = YES;
				CLANG_WARN_INFINITE_RECURSION = YES;
				CLANG_WARN_INT_CONVERSION = YES;
				CLANG_WARN_NON_LITERAL_NULL_CONVERSION = YES;
				CLANG_WARN_OBJC_IMPLICIT_RETAIN_SELF = YES;
				CLANG_WARN_OBJC_LITERAL_CONVERSION = YES;
				CLANG_WARN_OBJC_ROOT_CLASS = YES_ERROR;
				CLANG_WARN_QUOTED_INCLUDE_IN_FRAMEWORK_HEADER = YES;
				CLANG_WARN_RANGE_LOOP_ANALYSIS = YES;
				CLANG_WARN_STRICT_PROTOTYPES = YES;
				CLANG_WARN_SUSPICIOUS_MOVE = YES;
				CLANG_WARN_UNGUARDED_AVAILABILITY = YES_AGGRESSIVE;
				CLANG_WARN_UNREACHABLE_CODE = YES;
				CLANG_WARN__DUPLICATE_METHOD_MATCH = YES;
				COPY_PHASE_STRIP = NO;
				DEBUG_INFORMATION_FORMAT = dwarf;
				ENABLE_STRICT_OBJC_MSGSEND = YES;
				ENABLE_TESTABILITY = YES;
				GCC_C_LANGUAGE_STANDARD = gnu11;
				GCC_DYNAMIC_NO_PIC = NO;
				GCC_NO_COMMON_BLOCKS = YES;
				GCC_OPTIMIZATION_LEVEL = 0;
				GCC_PREPROCESSOR_DEFINITIONS = (
					"DEBUG=1",
					"$(inherited)",
				);
				GCC_WARN_64_TO_32_BIT_CONVERSION = YES;
				GCC_WARN_ABOUT_RETURN_TYPE = YES_ERROR;
				GCC_WARN_UNDECLARED_SELECTOR = YES;
				GCC_WARN_UNINITIALIZED_AUTOS = YES_AGGRESSIVE;
				GCC_WARN_UNUSED_FUNCTION = YES;
				GCC_WARN_UNUSED_VARIABLE = YES;
				IPHONEOS_DEPLOYMENT_TARGET = 15.5;
				MTL_ENABLE_DEBUG_INFO = INCLUDE_SOURCE;
				MTL_FAST_MATH = YES;
				ONLY_ACTIVE_ARCH = YES;
				SDKROOT = iphoneos;
				SWIFT_ACTIVE_COMPILATION_CONDITIONS = DEBUG;
				SWIFT_OPTIMIZATION_LEVEL = "-Onone";
			};
			name = Debug;
		};
		27F5E567287C6DCB00BCF61C /* Release */ = {
			isa = XCBuildConfiguration;
			buildSettings = {
				ALWAYS_SEARCH_USER_PATHS = NO;
				CLANG_ANALYZER_LOCALIZABILITY_NONLOCALIZED = YES;
				CLANG_ANALYZER_NONNULL = YES;
				CLANG_ANALYZER_NUMBER_OBJECT_CONVERSION = YES_AGGRESSIVE;
				CLANG_CXX_LANGUAGE_STANDARD = "gnu++17";
				CLANG_ENABLE_MODULES = YES;
				CLANG_ENABLE_OBJC_ARC = YES;
				CLANG_ENABLE_OBJC_WEAK = YES;
				CLANG_WARN_BLOCK_CAPTURE_AUTORELEASING = YES;
				CLANG_WARN_BOOL_CONVERSION = YES;
				CLANG_WARN_COMMA = YES;
				CLANG_WARN_CONSTANT_CONVERSION = YES;
				CLANG_WARN_DEPRECATED_OBJC_IMPLEMENTATIONS = YES;
				CLANG_WARN_DIRECT_OBJC_ISA_USAGE = YES_ERROR;
				CLANG_WARN_DOCUMENTATION_COMMENTS = YES;
				CLANG_WARN_EMPTY_BODY = YES;
				CLANG_WARN_ENUM_CONVERSION = YES;
				CLANG_WARN_INFINITE_RECURSION = YES;
				CLANG_WARN_INT_CONVERSION = YES;
				CLANG_WARN_NON_LITERAL_NULL_CONVERSION = YES;
				CLANG_WARN_OBJC_IMPLICIT_RETAIN_SELF = YES;
				CLANG_WARN_OBJC_LITERAL_CONVERSION = YES;
				CLANG_WARN_OBJC_ROOT_CLASS = YES_ERROR;
				CLANG_WARN_QUOTED_INCLUDE_IN_FRAMEWORK_HEADER = YES;
				CLANG_WARN_RANGE_LOOP_ANALYSIS = YES;
				CLANG_WARN_STRICT_PROTOTYPES = YES;
				CLANG_WARN_SUSPICIOUS_MOVE = YES;
				CLANG_WARN_UNGUARDED_AVAILABILITY = YES_AGGRESSIVE;
				CLANG_WARN_UNREACHABLE_CODE = YES;
				CLANG_WARN__DUPLICATE_METHOD_MATCH = YES;
				COPY_PHASE_STRIP = NO;
				DEBUG_INFORMATION_FORMAT = "dwarf-with-dsym";
				ENABLE_NS_ASSERTIONS = NO;
				ENABLE_STRICT_OBJC_MSGSEND = YES;
				GCC_C_LANGUAGE_STANDARD = gnu11;
				GCC_NO_COMMON_BLOCKS = YES;
				GCC_WARN_64_TO_32_BIT_CONVERSION = YES;
				GCC_WARN_ABOUT_RETURN_TYPE = YES_ERROR;
				GCC_WARN_UNDECLARED_SELECTOR = YES;
				GCC_WARN_UNINITIALIZED_AUTOS = YES_AGGRESSIVE;
				GCC_WARN_UNUSED_FUNCTION = YES;
				GCC_WARN_UNUSED_VARIABLE = YES;
				IPHONEOS_DEPLOYMENT_TARGET = 15.5;
				MTL_ENABLE_DEBUG_INFO = NO;
				MTL_FAST_MATH = YES;
				SDKROOT = iphoneos;
				SWIFT_COMPILATION_MODE = wholemodule;
				SWIFT_OPTIMIZATION_LEVEL = "-O";
				VALIDATE_PRODUCT = YES;
			};
			name = Release;
		};
		27F5E569287C6DCB00BCF61C /* Debug */ = {
			isa = XCBuildConfiguration;
			buildSettings = {
				ASSETCATALOG_COMPILER_APPICON_NAME = AppIcon;
				ASSETCATALOG_COMPILER_GLOBAL_ACCENT_COLOR_NAME = AccentColor;
				CODE_SIGN_STYLE = Automatic;
				CURRENT_PROJECT_VERSION = 1;
				DEVELOPMENT_TEAM = ZQ774W5T35;
				GENERATE_INFOPLIST_FILE = YES;
				INFOPLIST_FILE = "Anilibria-ios-app/Info.plist";
				INFOPLIST_KEY_UIApplicationSupportsIndirectInputEvents = YES;
				INFOPLIST_KEY_UILaunchStoryboardName = LaunchScreen;
				INFOPLIST_KEY_UISupportedInterfaceOrientations_iPad = "UIInterfaceOrientationPortrait UIInterfaceOrientationPortraitUpsideDown UIInterfaceOrientationLandscapeLeft UIInterfaceOrientationLandscapeRight";
				INFOPLIST_KEY_UISupportedInterfaceOrientations_iPhone = "UIInterfaceOrientationPortrait UIInterfaceOrientationLandscapeLeft UIInterfaceOrientationLandscapeRight";
				IPHONEOS_DEPLOYMENT_TARGET = 15.0;
				LD_RUNPATH_SEARCH_PATHS = (
					"$(inherited)",
					"@executable_path/Frameworks",
				);
				MARKETING_VERSION = 1.0;
				PRODUCT_BUNDLE_IDENTIFIER = "Nasybullin.Anilibria-ios-app";
				PRODUCT_NAME = "$(TARGET_NAME)";
				SWIFT_EMIT_LOC_STRINGS = YES;
				SWIFT_VERSION = 5.0;
				TARGETED_DEVICE_FAMILY = "1,2";
			};
			name = Debug;
		};
		27F5E56A287C6DCB00BCF61C /* Release */ = {
			isa = XCBuildConfiguration;
			buildSettings = {
				ASSETCATALOG_COMPILER_APPICON_NAME = AppIcon;
				ASSETCATALOG_COMPILER_GLOBAL_ACCENT_COLOR_NAME = AccentColor;
				CODE_SIGN_STYLE = Automatic;
				CURRENT_PROJECT_VERSION = 1;
				DEVELOPMENT_TEAM = ZQ774W5T35;
				GENERATE_INFOPLIST_FILE = YES;
				INFOPLIST_FILE = "Anilibria-ios-app/Info.plist";
				INFOPLIST_KEY_UIApplicationSupportsIndirectInputEvents = YES;
				INFOPLIST_KEY_UILaunchStoryboardName = LaunchScreen;
				INFOPLIST_KEY_UISupportedInterfaceOrientations_iPad = "UIInterfaceOrientationPortrait UIInterfaceOrientationPortraitUpsideDown UIInterfaceOrientationLandscapeLeft UIInterfaceOrientationLandscapeRight";
				INFOPLIST_KEY_UISupportedInterfaceOrientations_iPhone = "UIInterfaceOrientationPortrait UIInterfaceOrientationLandscapeLeft UIInterfaceOrientationLandscapeRight";
				IPHONEOS_DEPLOYMENT_TARGET = 15.0;
				LD_RUNPATH_SEARCH_PATHS = (
					"$(inherited)",
					"@executable_path/Frameworks",
				);
				MARKETING_VERSION = 1.0;
				PRODUCT_BUNDLE_IDENTIFIER = "Nasybullin.Anilibria-ios-app";
				PRODUCT_NAME = "$(TARGET_NAME)";
				SWIFT_EMIT_LOC_STRINGS = YES;
				SWIFT_VERSION = 5.0;
				TARGETED_DEVICE_FAMILY = "1,2";
			};
			name = Release;
		};
/* End XCBuildConfiguration section */

/* Begin XCConfigurationList section */
		27F5E54F287C6DCA00BCF61C /* Build configuration list for PBXProject "Anilibria-ios-app" */ = {
			isa = XCConfigurationList;
			buildConfigurations = (
				27F5E566287C6DCB00BCF61C /* Debug */,
				27F5E567287C6DCB00BCF61C /* Release */,
			);
			defaultConfigurationIsVisible = 0;
			defaultConfigurationName = Release;
		};
		27F5E568287C6DCB00BCF61C /* Build configuration list for PBXNativeTarget "Anilibria-ios-app" */ = {
			isa = XCConfigurationList;
			buildConfigurations = (
				27F5E569287C6DCB00BCF61C /* Debug */,
				27F5E56A287C6DCB00BCF61C /* Release */,
			);
			defaultConfigurationIsVisible = 0;
			defaultConfigurationName = Release;
		};
/* End XCConfigurationList section */
	};
	rootObject = 27F5E54C287C6DCA00BCF61C /* Project object */;
}
