// !$*UTF8*$!
{
	archiveVersion = 1;
	classes = {
	};
	objectVersion = 55;
	objects = {

/* Begin PBXBuildFile section */
		2704619E2AE1850900AF02E4 /* HomeHeaderSupplementaryView.swift in Sources */ = {isa = PBXBuildFile; fileRef = 2704619D2AE1850900AF02E4 /* HomeHeaderSupplementaryView.swift */; };
		270461A02AE189EF00AF02E4 /* ReuseIdentifierExtensions.swift in Sources */ = {isa = PBXBuildFile; fileRef = 2704619F2AE189EF00AF02E4 /* ReuseIdentifierExtensions.swift */; };
		2704E40A2B0E216B0082507F /* VideoPlayerRemoteCommandCenterController.swift in Sources */ = {isa = PBXBuildFile; fileRef = 2704E4092B0E216B0082507F /* VideoPlayerRemoteCommandCenterController.swift */; };
		2704E42E2B0E86010082507F /* PlayerView.swift in Sources */ = {isa = PBXBuildFile; fileRef = 2704E42D2B0E86010082507F /* PlayerView.swift */; };
		2704E4302B0F9AFB0082507F /* VideoPlayerPiPController.swift in Sources */ = {isa = PBXBuildFile; fileRef = 2704E42F2B0F9AFB0082507F /* VideoPlayerPiPController.swift */; };
		271072DA2ADDB7CF0024530D /* HomeController.swift in Sources */ = {isa = PBXBuildFile; fileRef = 271072D92ADDB7CF0024530D /* HomeController.swift */; };
		271072DC2ADDBA3E0024530D /* HomeView.swift in Sources */ = {isa = PBXBuildFile; fileRef = 271072DB2ADDBA3E0024530D /* HomeView.swift */; };
		271072E32ADDD7AC0024530D /* AnimePosterCollectionViewCell.swift in Sources */ = {isa = PBXBuildFile; fileRef = 271072E22ADDD7AC0024530D /* AnimePosterCollectionViewCell.swift */; };
		271072E92ADDDE310024530D /* AnimePosterItem.swift in Sources */ = {isa = PBXBuildFile; fileRef = 271072E82ADDDE310024530D /* AnimePosterItem.swift */; };
		2710E99D29B510ED00B66C62 /* ImageLoaderService.swift in Sources */ = {isa = PBXBuildFile; fileRef = 2710E99C29B510ED00B66C62 /* ImageLoaderService.swift */; };
		2710E99F29B5117500B66C62 /* AuthorizationService.swift in Sources */ = {isa = PBXBuildFile; fileRef = 2710E99E29B5117500B66C62 /* AuthorizationService.swift */; };
		2710E9A129B5146500B66C62 /* PublicApiService.swift in Sources */ = {isa = PBXBuildFile; fileRef = 2710E9A029B5146500B66C62 /* PublicApiService.swift */; };
		2710E9A329B5187000B66C62 /* PublicApiServiceTests.swift in Sources */ = {isa = PBXBuildFile; fileRef = 2710E9A229B5187000B66C62 /* PublicApiServiceTests.swift */; };
		2710E9A529B518AD00B66C62 /* AuthorizationServiceTests.swift in Sources */ = {isa = PBXBuildFile; fileRef = 2710E9A429B518AD00B66C62 /* AuthorizationServiceTests.swift */; };
		2710E9A729B518E200B66C62 /* ImageLoaderServiceTests.swift in Sources */ = {isa = PBXBuildFile; fileRef = 2710E9A629B518E200B66C62 /* ImageLoaderServiceTests.swift */; };
		271A0E1D2AE7E8B9005958CB /* HomeCollectionViewLayout.swift in Sources */ = {isa = PBXBuildFile; fileRef = 271A0E1C2AE7E8B9005958CB /* HomeCollectionViewLayout.swift */; };
		271A0E1F2AE7EBA4005958CB /* HomeTodayModel.swift in Sources */ = {isa = PBXBuildFile; fileRef = 271A0E1E2AE7EBA4005958CB /* HomeTodayModel.swift */; };
		271A0E212AE7EBBE005958CB /* HomeUpdatesModel.swift in Sources */ = {isa = PBXBuildFile; fileRef = 271A0E202AE7EBBE005958CB /* HomeUpdatesModel.swift */; };
		271A0E242AE7F322005958CB /* HomeModelInput.swift in Sources */ = {isa = PBXBuildFile; fileRef = 271A0E232AE7F322005958CB /* HomeModelInput.swift */; };
		271A0E262AE7F32C005958CB /* HomeModelOutput.swift in Sources */ = {isa = PBXBuildFile; fileRef = 271A0E252AE7F32C005958CB /* HomeModelOutput.swift */; };
		271A0E342AE90291005958CB /* ScheduleItem.swift in Sources */ = {isa = PBXBuildFile; fileRef = 271A0E332AE90291005958CB /* ScheduleItem.swift */; };
		271A0E362AE90341005958CB /* ScheduleView.swift in Sources */ = {isa = PBXBuildFile; fileRef = 271A0E352AE90341005958CB /* ScheduleView.swift */; };
		271A0E382AE90390005958CB /* ScheduleController.swift in Sources */ = {isa = PBXBuildFile; fileRef = 271A0E372AE90390005958CB /* ScheduleController.swift */; };
		271A0E3A2AE903F8005958CB /* ScheduleCollectionViewLayout.swift in Sources */ = {isa = PBXBuildFile; fileRef = 271A0E392AE903F8005958CB /* ScheduleCollectionViewLayout.swift */; };
		271A0E3C2AE97F10005958CB /* ScheduleModel.swift in Sources */ = {isa = PBXBuildFile; fileRef = 271A0E3B2AE97F10005958CB /* ScheduleModel.swift */; };
		271A0E452AE98F99005958CB /* ScheduleHeaderSupplementaryView.swift in Sources */ = {isa = PBXBuildFile; fileRef = 271A0E442AE98F99005958CB /* ScheduleHeaderSupplementaryView.swift */; };
		271A0E472AEA6F66005958CB /* RootView.swift in Sources */ = {isa = PBXBuildFile; fileRef = 271A0E462AEA6F66005958CB /* RootView.swift */; };
		272D6532288AEF3800FA4F60 /* NetworkQuery.swift in Sources */ = {isa = PBXBuildFile; fileRef = 272D6531288AEF3800FA4F60 /* NetworkQuery.swift */; };
		272D6535288C63E100FA4F60 /* YouTubeAPIModel.swift in Sources */ = {isa = PBXBuildFile; fileRef = 272D6534288C63E100FA4F60 /* YouTubeAPIModel.swift */; };
		272D653E288EC4EC00FA4F60 /* IB-Segues+Generated.swift in Sources */ = {isa = PBXBuildFile; fileRef = 272D653A288EC4EC00FA4F60 /* IB-Segues+Generated.swift */; };
		272D653F288EC4EC00FA4F60 /* Strings+Generated.swift in Sources */ = {isa = PBXBuildFile; fileRef = 272D653B288EC4EC00FA4F60 /* Strings+Generated.swift */; };
		272D6540288EC4EC00FA4F60 /* XCAssets+Generated.swift in Sources */ = {isa = PBXBuildFile; fileRef = 272D653C288EC4EC00FA4F60 /* XCAssets+Generated.swift */; };
		272D6541288EC4EC00FA4F60 /* IB-Scenes+Generated.swift in Sources */ = {isa = PBXBuildFile; fileRef = 272D653D288EC4EC00FA4F60 /* IB-Scenes+Generated.swift */; };
		272D6543288EC75600FA4F60 /* MyNetworkError.swift in Sources */ = {isa = PBXBuildFile; fileRef = 272D6542288EC75600FA4F60 /* MyNetworkError.swift */; };
		272D6545288ECB4500FA4F60 /* README.md in Resources */ = {isa = PBXBuildFile; fileRef = 272D6544288ECB4500FA4F60 /* README.md */; };
		272D6547288ED42B00FA4F60 /* TitleAPIModel.swift in Sources */ = {isa = PBXBuildFile; fileRef = 272D6546288ED42B00FA4F60 /* TitleAPIModel.swift */; };
		272D65492897E22100FA4F60 /* ScheduleAPIModel.swift in Sources */ = {isa = PBXBuildFile; fileRef = 272D65482897E22100FA4F60 /* ScheduleAPIModel.swift */; };
		273ECAFE2B1F53C500402612 /* VideoPlayerSettingsController.swift in Sources */ = {isa = PBXBuildFile; fileRef = 273ECAFD2B1F53C500402612 /* VideoPlayerSettingsController.swift */; };
		273ECB002B20E93600402612 /* VideoPlayerItem.swift in Sources */ = {isa = PBXBuildFile; fileRef = 273ECAFF2B20E93600402612 /* VideoPlayerItem.swift */; };
		273ECB052B21B03900402612 /* HLS.swift in Sources */ = {isa = PBXBuildFile; fileRef = 273ECB042B21B03900402612 /* HLS.swift */; };
		273ECB072B21C10A00402612 /* VideoPlayerSettingsDetailController.swift in Sources */ = {isa = PBXBuildFile; fileRef = 273ECB062B21C10A00402612 /* VideoPlayerSettingsDetailController.swift */; };
		2744762B29B8CCF70062F6D2 /* SearchResultsTableViewCell.swift in Sources */ = {isa = PBXBuildFile; fileRef = 2744762A29B8CCF60062F6D2 /* SearchResultsTableViewCell.swift */; };
		2744C87729BC71A700105F11 /* SearchResultsLoadingFooterView.swift in Sources */ = {isa = PBXBuildFile; fileRef = 2744C87629BC71A700105F11 /* SearchResultsLoadingFooterView.swift */; };
		2748DCFA2AEAAC0500D53E9B /* SkeletonView in Frameworks */ = {isa = PBXBuildFile; productRef = 2748DCF92AEAAC0500D53E9B /* SkeletonView */; };
		2748DCFE2AEBCF3000D53E9B /* HomeContentController.swift in Sources */ = {isa = PBXBuildFile; fileRef = 2748DCFD2AEBCF3000D53E9B /* HomeContentController.swift */; };
		2748DD012AEBFD6500D53E9B /* ScheduleContentController.swift in Sources */ = {isa = PBXBuildFile; fileRef = 2748DD002AEBFD6500D53E9B /* ScheduleContentController.swift */; };
		2748DD042AEC2ABA00D53E9B /* AnimeController.swift in Sources */ = {isa = PBXBuildFile; fileRef = 2748DD032AEC2ABA00D53E9B /* AnimeController.swift */; };
		2748DD062AEC2ACA00D53E9B /* AnimeView.swift in Sources */ = {isa = PBXBuildFile; fileRef = 2748DD052AEC2ACA00D53E9B /* AnimeView.swift */; };
		2748DD082AEE4EBC00D53E9B /* AnimeNavigator.swift in Sources */ = {isa = PBXBuildFile; fileRef = 2748DD072AEE4EBC00D53E9B /* AnimeNavigator.swift */; };
		2748DD0A2AEE5D1B00D53E9B /* AnimeModel.swift in Sources */ = {isa = PBXBuildFile; fileRef = 2748DD092AEE5D1A00D53E9B /* AnimeModel.swift */; };
		2748DD0C2AEE5D7E00D53E9B /* AnimeItem.swift in Sources */ = {isa = PBXBuildFile; fileRef = 2748DD0B2AEE5D7E00D53E9B /* AnimeItem.swift */; };
		2748DD102AF177C400D53E9B /* SeriesController.swift in Sources */ = {isa = PBXBuildFile; fileRef = 2748DD0F2AF177C400D53E9B /* SeriesController.swift */; };
		2748DD122AF1789E00D53E9B /* SeriesView.swift in Sources */ = {isa = PBXBuildFile; fileRef = 2748DD112AF1789E00D53E9B /* SeriesView.swift */; };
		274BFB9828A260E900C3F9C9 /* MyImageError.swift in Sources */ = {isa = PBXBuildFile; fileRef = 274BFB9728A260E900C3F9C9 /* MyImageError.swift */; };
		275287B629D5913B00D403F6 /* AnimeInfoView.swift in Sources */ = {isa = PBXBuildFile; fileRef = 275287B529D5913B00D403F6 /* AnimeInfoView.swift */; };
		2752C4CD28A9392A00B17073 /* ViewControllerPreview.swift in Sources */ = {isa = PBXBuildFile; fileRef = 2752C4CC28A9392A00B17073 /* ViewControllerPreview.swift */; };
		2754F63128A94525003485E6 /* ViewPreview.swift in Sources */ = {isa = PBXBuildFile; fileRef = 2754F63028A94525003485E6 /* ViewPreview.swift */; };
		2758657A2ACEB2D700F98884 /* SecurityStorage.swift in Sources */ = {isa = PBXBuildFile; fileRef = 275865792ACEB2D700F98884 /* SecurityStorage.swift */; };
		275865852ACF093100F98884 /* SecurityStorageCredentialsTests.swift in Sources */ = {isa = PBXBuildFile; fileRef = 275865842ACF093100F98884 /* SecurityStorageCredentialsTests.swift */; };
		275865872ACF094200F98884 /* SecurityStorageSessionTests.swift in Sources */ = {isa = PBXBuildFile; fileRef = 275865862ACF094200F98884 /* SecurityStorageSessionTests.swift */; };
		275865AB2AD9BAC200F98884 /* MainNavigator.swift in Sources */ = {isa = PBXBuildFile; fileRef = 275865AA2AD9BAC200F98884 /* MainNavigator.swift */; };
		275865AD2AD9C7EC00F98884 /* ProfileNavigator.swift in Sources */ = {isa = PBXBuildFile; fileRef = 275865AC2AD9C7EC00F98884 /* ProfileNavigator.swift */; };
		275865AF2AD9C97700F98884 /* TabBarController.swift in Sources */ = {isa = PBXBuildFile; fileRef = 275865AE2AD9C97700F98884 /* TabBarController.swift */; };
		275865B12AD9CD8900F98884 /* HomeNavigator.swift in Sources */ = {isa = PBXBuildFile; fileRef = 275865B02AD9CD8900F98884 /* HomeNavigator.swift */; };
		275865B32AD9CDB800F98884 /* SearchNavigator.swift in Sources */ = {isa = PBXBuildFile; fileRef = 275865B22AD9CDB800F98884 /* SearchNavigator.swift */; };
		275865B82ADA889F00F98884 /* ProfileController.swift in Sources */ = {isa = PBXBuildFile; fileRef = 275865B72ADA889F00F98884 /* ProfileController.swift */; };
		275865BF2ADADBF400F98884 /* UserController.swift in Sources */ = {isa = PBXBuildFile; fileRef = 275865BE2ADADBF400F98884 /* UserController.swift */; };
		275865C12ADADC3B00F98884 /* SignInView.swift in Sources */ = {isa = PBXBuildFile; fileRef = 275865C02ADADC3B00F98884 /* SignInView.swift */; };
		275865C32ADAEB2800F98884 /* HasCustomView.swift in Sources */ = {isa = PBXBuildFile; fileRef = 275865C22ADAEB2800F98884 /* HasCustomView.swift */; };
		275865C52ADAFB8E00F98884 /* UserInfoView.swift in Sources */ = {isa = PBXBuildFile; fileRef = 275865C42ADAFB8E00F98884 /* UserInfoView.swift */; };
		275865C92ADAFDDF00F98884 /* UserModel.swift in Sources */ = {isa = PBXBuildFile; fileRef = 275865C82ADAFDDF00F98884 /* UserModel.swift */; };
		275865CD2ADB13BF00F98884 /* ProfileView.swift in Sources */ = {isa = PBXBuildFile; fileRef = 275865CC2ADB13BF00F98884 /* ProfileView.swift */; };
		275865CF2ADC117700F98884 /* UserDefaults+Extension.swift in Sources */ = {isa = PBXBuildFile; fileRef = 275865CE2ADC117700F98884 /* UserDefaults+Extension.swift */; };
		275B1AF029DDCAF5006A00EA /* FavoriteAndShareButtonsView.swift in Sources */ = {isa = PBXBuildFile; fileRef = 275B1AEF29DDCAF5006A00EA /* FavoriteAndShareButtonsView.swift */; };
		275B1AF229DECF50006A00EA /* AnimeSeriesView.swift in Sources */ = {isa = PBXBuildFile; fileRef = 275B1AF129DECF50006A00EA /* AnimeSeriesView.swift */; };
		275BD3E829DADABF006A00EA /* WatchAndDownloadButtonsView.swift in Sources */ = {isa = PBXBuildFile; fileRef = 275BD3E729DADABF006A00EA /* WatchAndDownloadButtonsView.swift */; };
		275EFF092B134B8300C281B1 /* Anilibria-ios-app.xcdatamodeld in Sources */ = {isa = PBXBuildFile; fileRef = 275EFF072B134B8300C281B1 /* Anilibria-ios-app.xcdatamodeld */; };
		275EFF102B137CF800C281B1 /* CoreDataService.swift in Sources */ = {isa = PBXBuildFile; fileRef = 275EFF0F2B137CF800C281B1 /* CoreDataService.swift */; };
		275EFF392B14BB1400C281B1 /* UserEntity.swift in Sources */ = {isa = PBXBuildFile; fileRef = 275EFF382B14BB1400C281B1 /* UserEntity.swift */; };
		275EFF3C2B14F7DC00C281B1 /* UserItem.swift in Sources */ = {isa = PBXBuildFile; fileRef = 275EFF3B2B14F7DC00C281B1 /* UserItem.swift */; };
		275EFF3E2B15C38000C281B1 /* UserView.swift in Sources */ = {isa = PBXBuildFile; fileRef = 275EFF3D2B15C38000C281B1 /* UserView.swift */; };
		2775F1E129389E1000C7D079 /* MyInternalError.swift in Sources */ = {isa = PBXBuildFile; fileRef = 2775F1E029389E1000C7D079 /* MyInternalError.swift */; };
		277841D72B1CB93A00E64B48 /* VideoPlayerSeriesController.swift in Sources */ = {isa = PBXBuildFile; fileRef = 277841D62B1CB93A00E64B48 /* VideoPlayerSeriesController.swift */; };
		278356AE2ABDC7DE00878B8F /* UIViewController+Extension.swift in Sources */ = {isa = PBXBuildFile; fileRef = 278356AD2ABDC7DE00878B8F /* UIViewController+Extension.swift */; };
		2784BA1F2AF97841004E9B54 /* RandomAnimeRefreshButton.swift in Sources */ = {isa = PBXBuildFile; fileRef = 2784BA1E2AF97841004E9B54 /* RandomAnimeRefreshButton.swift */; };
		279E4F30289C4C70008038FF /* LoginAPIModel.swift in Sources */ = {isa = PBXBuildFile; fileRef = 279E4F2F289C4C70008038FF /* LoginAPIModel.swift */; };
		279E4F35289D0304008038FF /* FavoriteAPIModel.swift in Sources */ = {isa = PBXBuildFile; fileRef = 279E4F34289D0304008038FF /* FavoriteAPIModel.swift */; };
		279E4F37289D2CA7008038FF /* ProfileAPIModel.swift in Sources */ = {isa = PBXBuildFile; fileRef = 279E4F36289D2CA7008038FF /* ProfileAPIModel.swift */; };
		27A66E502976ACEE00369EAF /* ErrorProcessing.swift in Sources */ = {isa = PBXBuildFile; fileRef = 27A66E4F2976ACEE00369EAF /* ErrorProcessing.swift */; };
		27A66E5229771D4500369EAF /* Alert.swift in Sources */ = {isa = PBXBuildFile; fileRef = 27A66E5129771D4500369EAF /* Alert.swift */; };
		27A66E6F298BCFC600369EAF /* TeamAPIModel.swift in Sources */ = {isa = PBXBuildFile; fileRef = 27A66E6E298BCFC600369EAF /* TeamAPIModel.swift */; };
		27A66E75298E93FC00369EAF /* RootViewController.swift in Sources */ = {isa = PBXBuildFile; fileRef = 27A66E74298E93FC00369EAF /* RootViewController.swift */; };
		27A66E792990EF9200369EAF /* HasScrollableView.swift in Sources */ = {isa = PBXBuildFile; fileRef = 27A66E782990EF9200369EAF /* HasScrollableView.swift */; };
		27A66E7B2990F0ED00369EAF /* NetworkStatusView.swift in Sources */ = {isa = PBXBuildFile; fileRef = 27A66E7A2990F0ED00369EAF /* NetworkStatusView.swift */; };
		27A66E7D299298B200369EAF /* NetworkMonitor.swift in Sources */ = {isa = PBXBuildFile; fileRef = 27A66E7C299298B200369EAF /* NetworkMonitor.swift */; };
		27AAC70729E036A90079F4DD /* SeriesTableViewCell.swift in Sources */ = {isa = PBXBuildFile; fileRef = 27AAC70629E036A90079F4DD /* SeriesTableViewCell.swift */; };
		27B707032AF181FE00DD8DC6 /* SeriesHeaderSupplementaryView.swift in Sources */ = {isa = PBXBuildFile; fileRef = 27B707022AF181FE00DD8DC6 /* SeriesHeaderSupplementaryView.swift */; };
		27B707062AF253DC00DD8DC6 /* SeriesModel.swift in Sources */ = {isa = PBXBuildFile; fileRef = 27B707052AF253DC00DD8DC6 /* SeriesModel.swift */; };
		27B707082AF2571900DD8DC6 /* SeriesContentController.swift in Sources */ = {isa = PBXBuildFile; fileRef = 27B707072AF2571900DD8DC6 /* SeriesContentController.swift */; };
		27B7070B2AF290A900DD8DC6 /* RandomAnimeController.swift in Sources */ = {isa = PBXBuildFile; fileRef = 27B7070A2AF290A900DD8DC6 /* RandomAnimeController.swift */; };
		27B7070D2AF290FA00DD8DC6 /* RandomAnimeView.swift in Sources */ = {isa = PBXBuildFile; fileRef = 27B7070C2AF290FA00DD8DC6 /* RandomAnimeView.swift */; };
		27B7070F2AF2962200DD8DC6 /* RandomAnimeModel.swift in Sources */ = {isa = PBXBuildFile; fileRef = 27B7070E2AF2962200DD8DC6 /* RandomAnimeModel.swift */; };
		27B707112AF2965C00DD8DC6 /* RandomAnimeItem.swift in Sources */ = {isa = PBXBuildFile; fileRef = 27B707102AF2965C00DD8DC6 /* RandomAnimeItem.swift */; };
		27B707162AF2ABAB00DD8DC6 /* SearchController.swift in Sources */ = {isa = PBXBuildFile; fileRef = 27B707152AF2ABAB00DD8DC6 /* SearchController.swift */; };
		27B707182AF2ACBC00DD8DC6 /* SearchView.swift in Sources */ = {isa = PBXBuildFile; fileRef = 27B707172AF2ACBC00DD8DC6 /* SearchView.swift */; };
		27B7071A2AF3A56800DD8DC6 /* SearchResultsController.swift in Sources */ = {isa = PBXBuildFile; fileRef = 27B707192AF3A56800DD8DC6 /* SearchResultsController.swift */; };
		27B7071C2AF3A5B600DD8DC6 /* SearchResultsView.swift in Sources */ = {isa = PBXBuildFile; fileRef = 27B7071B2AF3A5B600DD8DC6 /* SearchResultsView.swift */; };
		27B7071E2AF3B2B700DD8DC6 /* SearchResultsItem.swift in Sources */ = {isa = PBXBuildFile; fileRef = 27B7071D2AF3B2B700DD8DC6 /* SearchResultsItem.swift */; };
		27B707222AF3E33300DD8DC6 /* SearchResultsModel.swift in Sources */ = {isa = PBXBuildFile; fileRef = 27B707212AF3E33300DD8DC6 /* SearchResultsModel.swift */; };
		27B707252AF5599100DD8DC6 /* HasSearchBar.swift in Sources */ = {isa = PBXBuildFile; fileRef = 27B707242AF5599100DD8DC6 /* HasSearchBar.swift */; };
		27C6B4CA2AE2E6DC00BC0184 /* ImageModel.swift in Sources */ = {isa = PBXBuildFile; fileRef = 27C6B4C92AE2E6DC00BC0184 /* ImageModel.swift */; };
		27CB080328847D39009E2583 /* .gitignore in Resources */ = {isa = PBXBuildFile; fileRef = 27CB080228847D39009E2583 /* .gitignore */; };
		27CE88552B2316E6004DC558 /* Team.swift in Sources */ = {isa = PBXBuildFile; fileRef = 27CE88542B2316E6004DC558 /* Team.swift */; };
		27CE88572B231D29004DC558 /* AnimeTeamInfoView.swift in Sources */ = {isa = PBXBuildFile; fileRef = 27CE88562B231D29004DC558 /* AnimeTeamInfoView.swift */; };
		27CF02442B0B6FFD006DEE88 /* AppOrientation.swift in Sources */ = {isa = PBXBuildFile; fileRef = 27CF02432B0B6FFD006DEE88 /* AppOrientation.swift */; };
		27EA392A29C4565400D777AE /* AnimeImageView.swift in Sources */ = {isa = PBXBuildFile; fileRef = 27EA392929C4565400D777AE /* AnimeImageView.swift */; };
		27EA392C29C5B5AB00D777AE /* SearchResultsErrorFooterView.swift in Sources */ = {isa = PBXBuildFile; fileRef = 27EA392B29C5B5AB00D777AE /* SearchResultsErrorFooterView.swift */; };
		27EA393129C5FBBB00D777AE /* UINavigationController+Extension.swift in Sources */ = {isa = PBXBuildFile; fileRef = 27EA393029C5FBBB00D777AE /* UINavigationController+Extension.swift */; };
		27EA50842AFBD54700A1B987 /* VideoPlayerController.swift in Sources */ = {isa = PBXBuildFile; fileRef = 27EA50832AFBD54700A1B987 /* VideoPlayerController.swift */; };
		27EA50862AFE2DDB00A1B987 /* VideoPlayerView.swift in Sources */ = {isa = PBXBuildFile; fileRef = 27EA50852AFE2DDB00A1B987 /* VideoPlayerView.swift */; };
		27EA50892AFE321A00A1B987 /* TopOverlayView.swift in Sources */ = {isa = PBXBuildFile; fileRef = 27EA50882AFE321A00A1B987 /* TopOverlayView.swift */; };
		27EA508B2AFE327800A1B987 /* MiddleOverlayView.swift in Sources */ = {isa = PBXBuildFile; fileRef = 27EA508A2AFE327800A1B987 /* MiddleOverlayView.swift */; };
		27EA508D2B00140F00A1B987 /* UIImage+Extension.swift in Sources */ = {isa = PBXBuildFile; fileRef = 27EA508C2B00140F00A1B987 /* UIImage+Extension.swift */; };
		27EA508F2B00E63C00A1B987 /* BottomOverlayView.swift in Sources */ = {isa = PBXBuildFile; fileRef = 27EA508E2B00E63C00A1B987 /* BottomOverlayView.swift */; };
		27EA50912B01402600A1B987 /* VideoPlayerModel.swift in Sources */ = {isa = PBXBuildFile; fileRef = 27EA50902B01402600A1B987 /* VideoPlayerModel.swift */; };
		27EA50932B014E4600A1B987 /* MiddleOverlayButton.swift in Sources */ = {isa = PBXBuildFile; fileRef = 27EA50922B014E4600A1B987 /* MiddleOverlayButton.swift */; };
		27EA50952B022F0100A1B987 /* Playlist.swift in Sources */ = {isa = PBXBuildFile; fileRef = 27EA50942B022F0100A1B987 /* Playlist.swift */; };
		27EA50992B03CDCD00A1B987 /* VideoPlayerNavigator.swift in Sources */ = {isa = PBXBuildFile; fileRef = 27EA50982B03CDCD00A1B987 /* VideoPlayerNavigator.swift */; };
		27F5E558287C6DCA00BCF61C /* AppDelegate.swift in Sources */ = {isa = PBXBuildFile; fileRef = 27F5E557287C6DCA00BCF61C /* AppDelegate.swift */; };
		27F5E55A287C6DCA00BCF61C /* SceneDelegate.swift in Sources */ = {isa = PBXBuildFile; fileRef = 27F5E559287C6DCA00BCF61C /* SceneDelegate.swift */; };
		27F5E561287C6DCB00BCF61C /* Assets.xcassets in Resources */ = {isa = PBXBuildFile; fileRef = 27F5E560287C6DCB00BCF61C /* Assets.xcassets */; };
		27F5E564287C6DCB00BCF61C /* LaunchScreen.storyboard in Resources */ = {isa = PBXBuildFile; fileRef = 27F5E562287C6DCB00BCF61C /* LaunchScreen.storyboard */; };
		27F5E59F287EA83400BCF61C /* Colors.xcassets in Resources */ = {isa = PBXBuildFile; fileRef = 27F5E59C287EA83400BCF61C /* Colors.xcassets */; };
		27F5E5A0287EAA5D00BCF61C /* Localizable.strings in Resources */ = {isa = PBXBuildFile; fileRef = 27F5E5A2287EAA5D00BCF61C /* Localizable.strings */; };
		27F5E5A6287EAC8100BCF61C /* SwiftGen in Resources */ = {isa = PBXBuildFile; fileRef = 27F5E5A5287EAC8100BCF61C /* SwiftGen */; };
		27F5E5A9287EC07D00BCF61C /* .swiftlint.yml in Resources */ = {isa = PBXBuildFile; fileRef = 27F5E5A8287EC07D00BCF61C /* .swiftlint.yml */; };
		27F8D8E529C2245900D8F4D1 /* SearchResultsHeaderView.swift in Sources */ = {isa = PBXBuildFile; fileRef = 27F8D8E429C2245900D8F4D1 /* SearchResultsHeaderView.swift */; };
/* End PBXBuildFile section */

/* Begin PBXContainerItemProxy section */
		274BFBA328A29C3400C3F9C9 /* PBXContainerItemProxy */ = {
			isa = PBXContainerItemProxy;
			containerPortal = 27F5E54C287C6DCA00BCF61C /* Project object */;
			proxyType = 1;
			remoteGlobalIDString = 27F5E553287C6DCA00BCF61C;
			remoteInfo = "Anilibria-ios-app";
		};
/* End PBXContainerItemProxy section */

/* Begin PBXFileReference section */
		2704619D2AE1850900AF02E4 /* HomeHeaderSupplementaryView.swift */ = {isa = PBXFileReference; lastKnownFileType = sourcecode.swift; path = HomeHeaderSupplementaryView.swift; sourceTree = "<group>"; };
		2704619F2AE189EF00AF02E4 /* ReuseIdentifierExtensions.swift */ = {isa = PBXFileReference; lastKnownFileType = sourcecode.swift; path = ReuseIdentifierExtensions.swift; sourceTree = "<group>"; };
		2704E4092B0E216B0082507F /* VideoPlayerRemoteCommandCenterController.swift */ = {isa = PBXFileReference; lastKnownFileType = sourcecode.swift; path = VideoPlayerRemoteCommandCenterController.swift; sourceTree = "<group>"; };
		2704E42D2B0E86010082507F /* PlayerView.swift */ = {isa = PBXFileReference; lastKnownFileType = sourcecode.swift; path = PlayerView.swift; sourceTree = "<group>"; };
		2704E42F2B0F9AFB0082507F /* VideoPlayerPiPController.swift */ = {isa = PBXFileReference; lastKnownFileType = sourcecode.swift; path = VideoPlayerPiPController.swift; sourceTree = "<group>"; };
		271072D92ADDB7CF0024530D /* HomeController.swift */ = {isa = PBXFileReference; lastKnownFileType = sourcecode.swift; path = HomeController.swift; sourceTree = "<group>"; };
		271072DB2ADDBA3E0024530D /* HomeView.swift */ = {isa = PBXFileReference; lastKnownFileType = sourcecode.swift; path = HomeView.swift; sourceTree = "<group>"; };
		271072E22ADDD7AC0024530D /* AnimePosterCollectionViewCell.swift */ = {isa = PBXFileReference; lastKnownFileType = sourcecode.swift; path = AnimePosterCollectionViewCell.swift; sourceTree = "<group>"; };
		271072E82ADDDE310024530D /* AnimePosterItem.swift */ = {isa = PBXFileReference; lastKnownFileType = sourcecode.swift; path = AnimePosterItem.swift; sourceTree = "<group>"; };
		2710E99C29B510ED00B66C62 /* ImageLoaderService.swift */ = {isa = PBXFileReference; lastKnownFileType = sourcecode.swift; path = ImageLoaderService.swift; sourceTree = "<group>"; };
		2710E99E29B5117500B66C62 /* AuthorizationService.swift */ = {isa = PBXFileReference; lastKnownFileType = sourcecode.swift; path = AuthorizationService.swift; sourceTree = "<group>"; };
		2710E9A029B5146500B66C62 /* PublicApiService.swift */ = {isa = PBXFileReference; lastKnownFileType = sourcecode.swift; path = PublicApiService.swift; sourceTree = "<group>"; };
		2710E9A229B5187000B66C62 /* PublicApiServiceTests.swift */ = {isa = PBXFileReference; lastKnownFileType = sourcecode.swift; path = PublicApiServiceTests.swift; sourceTree = "<group>"; };
		2710E9A429B518AD00B66C62 /* AuthorizationServiceTests.swift */ = {isa = PBXFileReference; lastKnownFileType = sourcecode.swift; path = AuthorizationServiceTests.swift; sourceTree = "<group>"; };
		2710E9A629B518E200B66C62 /* ImageLoaderServiceTests.swift */ = {isa = PBXFileReference; lastKnownFileType = sourcecode.swift; path = ImageLoaderServiceTests.swift; sourceTree = "<group>"; };
		271A0E1C2AE7E8B9005958CB /* HomeCollectionViewLayout.swift */ = {isa = PBXFileReference; lastKnownFileType = sourcecode.swift; path = HomeCollectionViewLayout.swift; sourceTree = "<group>"; };
		271A0E1E2AE7EBA4005958CB /* HomeTodayModel.swift */ = {isa = PBXFileReference; lastKnownFileType = sourcecode.swift; path = HomeTodayModel.swift; sourceTree = "<group>"; };
		271A0E202AE7EBBE005958CB /* HomeUpdatesModel.swift */ = {isa = PBXFileReference; lastKnownFileType = sourcecode.swift; path = HomeUpdatesModel.swift; sourceTree = "<group>"; };
		271A0E232AE7F322005958CB /* HomeModelInput.swift */ = {isa = PBXFileReference; lastKnownFileType = sourcecode.swift; path = HomeModelInput.swift; sourceTree = "<group>"; };
		271A0E252AE7F32C005958CB /* HomeModelOutput.swift */ = {isa = PBXFileReference; lastKnownFileType = sourcecode.swift; path = HomeModelOutput.swift; sourceTree = "<group>"; };
		271A0E332AE90291005958CB /* ScheduleItem.swift */ = {isa = PBXFileReference; lastKnownFileType = sourcecode.swift; path = ScheduleItem.swift; sourceTree = "<group>"; };
		271A0E352AE90341005958CB /* ScheduleView.swift */ = {isa = PBXFileReference; lastKnownFileType = sourcecode.swift; path = ScheduleView.swift; sourceTree = "<group>"; };
		271A0E372AE90390005958CB /* ScheduleController.swift */ = {isa = PBXFileReference; lastKnownFileType = sourcecode.swift; path = ScheduleController.swift; sourceTree = "<group>"; };
		271A0E392AE903F8005958CB /* ScheduleCollectionViewLayout.swift */ = {isa = PBXFileReference; lastKnownFileType = sourcecode.swift; path = ScheduleCollectionViewLayout.swift; sourceTree = "<group>"; };
		271A0E3B2AE97F10005958CB /* ScheduleModel.swift */ = {isa = PBXFileReference; lastKnownFileType = sourcecode.swift; path = ScheduleModel.swift; sourceTree = "<group>"; };
		271A0E442AE98F99005958CB /* ScheduleHeaderSupplementaryView.swift */ = {isa = PBXFileReference; lastKnownFileType = sourcecode.swift; path = ScheduleHeaderSupplementaryView.swift; sourceTree = "<group>"; };
		271A0E462AEA6F66005958CB /* RootView.swift */ = {isa = PBXFileReference; lastKnownFileType = sourcecode.swift; path = RootView.swift; sourceTree = "<group>"; };
		272D6531288AEF3800FA4F60 /* NetworkQuery.swift */ = {isa = PBXFileReference; lastKnownFileType = sourcecode.swift; path = NetworkQuery.swift; sourceTree = "<group>"; };
		272D6534288C63E100FA4F60 /* YouTubeAPIModel.swift */ = {isa = PBXFileReference; lastKnownFileType = sourcecode.swift; path = YouTubeAPIModel.swift; sourceTree = "<group>"; };
		272D653A288EC4EC00FA4F60 /* IB-Segues+Generated.swift */ = {isa = PBXFileReference; fileEncoding = 4; lastKnownFileType = sourcecode.swift; path = "IB-Segues+Generated.swift"; sourceTree = "<group>"; };
		272D653B288EC4EC00FA4F60 /* Strings+Generated.swift */ = {isa = PBXFileReference; fileEncoding = 4; lastKnownFileType = sourcecode.swift; path = "Strings+Generated.swift"; sourceTree = "<group>"; };
		272D653C288EC4EC00FA4F60 /* XCAssets+Generated.swift */ = {isa = PBXFileReference; fileEncoding = 4; lastKnownFileType = sourcecode.swift; path = "XCAssets+Generated.swift"; sourceTree = "<group>"; };
		272D653D288EC4EC00FA4F60 /* IB-Scenes+Generated.swift */ = {isa = PBXFileReference; fileEncoding = 4; lastKnownFileType = sourcecode.swift; path = "IB-Scenes+Generated.swift"; sourceTree = "<group>"; };
		272D6542288EC75600FA4F60 /* MyNetworkError.swift */ = {isa = PBXFileReference; lastKnownFileType = sourcecode.swift; path = MyNetworkError.swift; sourceTree = "<group>"; };
		272D6544288ECB4500FA4F60 /* README.md */ = {isa = PBXFileReference; fileEncoding = 4; lastKnownFileType = net.daringfireball.markdown; path = README.md; sourceTree = "<group>"; };
		272D6546288ED42B00FA4F60 /* TitleAPIModel.swift */ = {isa = PBXFileReference; lastKnownFileType = sourcecode.swift; path = TitleAPIModel.swift; sourceTree = "<group>"; };
		272D65482897E22100FA4F60 /* ScheduleAPIModel.swift */ = {isa = PBXFileReference; lastKnownFileType = sourcecode.swift; path = ScheduleAPIModel.swift; sourceTree = "<group>"; };
		273ECAFD2B1F53C500402612 /* VideoPlayerSettingsController.swift */ = {isa = PBXFileReference; lastKnownFileType = sourcecode.swift; path = VideoPlayerSettingsController.swift; sourceTree = "<group>"; };
		273ECAFF2B20E93600402612 /* VideoPlayerItem.swift */ = {isa = PBXFileReference; lastKnownFileType = sourcecode.swift; path = VideoPlayerItem.swift; sourceTree = "<group>"; };
		273ECB042B21B03900402612 /* HLS.swift */ = {isa = PBXFileReference; lastKnownFileType = sourcecode.swift; path = HLS.swift; sourceTree = "<group>"; };
		273ECB062B21C10A00402612 /* VideoPlayerSettingsDetailController.swift */ = {isa = PBXFileReference; lastKnownFileType = sourcecode.swift; path = VideoPlayerSettingsDetailController.swift; sourceTree = "<group>"; };
		2744762A29B8CCF60062F6D2 /* SearchResultsTableViewCell.swift */ = {isa = PBXFileReference; lastKnownFileType = sourcecode.swift; path = SearchResultsTableViewCell.swift; sourceTree = "<group>"; };
		2744C87629BC71A700105F11 /* SearchResultsLoadingFooterView.swift */ = {isa = PBXFileReference; lastKnownFileType = sourcecode.swift; path = SearchResultsLoadingFooterView.swift; sourceTree = "<group>"; };
		2748DCFD2AEBCF3000D53E9B /* HomeContentController.swift */ = {isa = PBXFileReference; lastKnownFileType = sourcecode.swift; path = HomeContentController.swift; sourceTree = "<group>"; };
		2748DD002AEBFD6500D53E9B /* ScheduleContentController.swift */ = {isa = PBXFileReference; lastKnownFileType = sourcecode.swift; path = ScheduleContentController.swift; sourceTree = "<group>"; };
		2748DD032AEC2ABA00D53E9B /* AnimeController.swift */ = {isa = PBXFileReference; lastKnownFileType = sourcecode.swift; path = AnimeController.swift; sourceTree = "<group>"; };
		2748DD052AEC2ACA00D53E9B /* AnimeView.swift */ = {isa = PBXFileReference; lastKnownFileType = sourcecode.swift; path = AnimeView.swift; sourceTree = "<group>"; };
		2748DD072AEE4EBC00D53E9B /* AnimeNavigator.swift */ = {isa = PBXFileReference; lastKnownFileType = sourcecode.swift; path = AnimeNavigator.swift; sourceTree = "<group>"; };
		2748DD092AEE5D1A00D53E9B /* AnimeModel.swift */ = {isa = PBXFileReference; lastKnownFileType = sourcecode.swift; path = AnimeModel.swift; sourceTree = "<group>"; };
		2748DD0B2AEE5D7E00D53E9B /* AnimeItem.swift */ = {isa = PBXFileReference; lastKnownFileType = sourcecode.swift; path = AnimeItem.swift; sourceTree = "<group>"; };
		2748DD0F2AF177C400D53E9B /* SeriesController.swift */ = {isa = PBXFileReference; lastKnownFileType = sourcecode.swift; path = SeriesController.swift; sourceTree = "<group>"; };
		2748DD112AF1789E00D53E9B /* SeriesView.swift */ = {isa = PBXFileReference; lastKnownFileType = sourcecode.swift; path = SeriesView.swift; sourceTree = "<group>"; };
		274BFB9728A260E900C3F9C9 /* MyImageError.swift */ = {isa = PBXFileReference; lastKnownFileType = sourcecode.swift; path = MyImageError.swift; sourceTree = "<group>"; };
		274BFB9F28A29C3400C3F9C9 /* Anilibria-ios-appTests.xctest */ = {isa = PBXFileReference; explicitFileType = wrapper.cfbundle; includeInIndex = 0; path = "Anilibria-ios-appTests.xctest"; sourceTree = BUILT_PRODUCTS_DIR; };
		275287B529D5913B00D403F6 /* AnimeInfoView.swift */ = {isa = PBXFileReference; lastKnownFileType = sourcecode.swift; path = AnimeInfoView.swift; sourceTree = "<group>"; };
		2752C4CC28A9392A00B17073 /* ViewControllerPreview.swift */ = {isa = PBXFileReference; lastKnownFileType = sourcecode.swift; path = ViewControllerPreview.swift; sourceTree = "<group>"; };
		2754F63028A94525003485E6 /* ViewPreview.swift */ = {isa = PBXFileReference; lastKnownFileType = sourcecode.swift; path = ViewPreview.swift; sourceTree = "<group>"; };
		275865792ACEB2D700F98884 /* SecurityStorage.swift */ = {isa = PBXFileReference; lastKnownFileType = sourcecode.swift; path = SecurityStorage.swift; sourceTree = "<group>"; };
		275865842ACF093100F98884 /* SecurityStorageCredentialsTests.swift */ = {isa = PBXFileReference; lastKnownFileType = sourcecode.swift; path = SecurityStorageCredentialsTests.swift; sourceTree = "<group>"; };
		275865862ACF094200F98884 /* SecurityStorageSessionTests.swift */ = {isa = PBXFileReference; lastKnownFileType = sourcecode.swift; path = SecurityStorageSessionTests.swift; sourceTree = "<group>"; };
		275865AA2AD9BAC200F98884 /* MainNavigator.swift */ = {isa = PBXFileReference; lastKnownFileType = sourcecode.swift; path = MainNavigator.swift; sourceTree = "<group>"; };
		275865AC2AD9C7EC00F98884 /* ProfileNavigator.swift */ = {isa = PBXFileReference; lastKnownFileType = sourcecode.swift; path = ProfileNavigator.swift; sourceTree = "<group>"; };
		275865AE2AD9C97700F98884 /* TabBarController.swift */ = {isa = PBXFileReference; lastKnownFileType = sourcecode.swift; path = TabBarController.swift; sourceTree = "<group>"; };
		275865B02AD9CD8900F98884 /* HomeNavigator.swift */ = {isa = PBXFileReference; lastKnownFileType = sourcecode.swift; path = HomeNavigator.swift; sourceTree = "<group>"; };
		275865B22AD9CDB800F98884 /* SearchNavigator.swift */ = {isa = PBXFileReference; lastKnownFileType = sourcecode.swift; path = SearchNavigator.swift; sourceTree = "<group>"; };
		275865B72ADA889F00F98884 /* ProfileController.swift */ = {isa = PBXFileReference; lastKnownFileType = sourcecode.swift; path = ProfileController.swift; sourceTree = "<group>"; };
		275865BE2ADADBF400F98884 /* UserController.swift */ = {isa = PBXFileReference; lastKnownFileType = sourcecode.swift; path = UserController.swift; sourceTree = "<group>"; };
		275865C02ADADC3B00F98884 /* SignInView.swift */ = {isa = PBXFileReference; lastKnownFileType = sourcecode.swift; path = SignInView.swift; sourceTree = "<group>"; };
		275865C22ADAEB2800F98884 /* HasCustomView.swift */ = {isa = PBXFileReference; lastKnownFileType = sourcecode.swift; path = HasCustomView.swift; sourceTree = "<group>"; };
		275865C42ADAFB8E00F98884 /* UserInfoView.swift */ = {isa = PBXFileReference; lastKnownFileType = sourcecode.swift; path = UserInfoView.swift; sourceTree = "<group>"; };
		275865C82ADAFDDF00F98884 /* UserModel.swift */ = {isa = PBXFileReference; lastKnownFileType = sourcecode.swift; path = UserModel.swift; sourceTree = "<group>"; };
		275865CC2ADB13BF00F98884 /* ProfileView.swift */ = {isa = PBXFileReference; lastKnownFileType = sourcecode.swift; path = ProfileView.swift; sourceTree = "<group>"; };
		275865CE2ADC117700F98884 /* UserDefaults+Extension.swift */ = {isa = PBXFileReference; lastKnownFileType = sourcecode.swift; path = "UserDefaults+Extension.swift"; sourceTree = "<group>"; };
		275B1AEF29DDCAF5006A00EA /* FavoriteAndShareButtonsView.swift */ = {isa = PBXFileReference; lastKnownFileType = sourcecode.swift; path = FavoriteAndShareButtonsView.swift; sourceTree = "<group>"; };
		275B1AF129DECF50006A00EA /* AnimeSeriesView.swift */ = {isa = PBXFileReference; lastKnownFileType = sourcecode.swift; path = AnimeSeriesView.swift; sourceTree = "<group>"; };
		275BD3E729DADABF006A00EA /* WatchAndDownloadButtonsView.swift */ = {isa = PBXFileReference; lastKnownFileType = sourcecode.swift; path = WatchAndDownloadButtonsView.swift; sourceTree = "<group>"; };
		275EFF082B134B8300C281B1 /* Anilibria-ios-app.xcdatamodel */ = {isa = PBXFileReference; lastKnownFileType = wrapper.xcdatamodel; path = "Anilibria-ios-app.xcdatamodel"; sourceTree = "<group>"; };
		275EFF0F2B137CF800C281B1 /* CoreDataService.swift */ = {isa = PBXFileReference; lastKnownFileType = sourcecode.swift; path = CoreDataService.swift; sourceTree = "<group>"; };
		275EFF382B14BB1400C281B1 /* UserEntity.swift */ = {isa = PBXFileReference; lastKnownFileType = sourcecode.swift; path = UserEntity.swift; sourceTree = "<group>"; };
		275EFF3B2B14F7DC00C281B1 /* UserItem.swift */ = {isa = PBXFileReference; lastKnownFileType = sourcecode.swift; path = UserItem.swift; sourceTree = "<group>"; };
		275EFF3D2B15C38000C281B1 /* UserView.swift */ = {isa = PBXFileReference; lastKnownFileType = sourcecode.swift; path = UserView.swift; sourceTree = "<group>"; };
		2775F1E029389E1000C7D079 /* MyInternalError.swift */ = {isa = PBXFileReference; lastKnownFileType = sourcecode.swift; path = MyInternalError.swift; sourceTree = "<group>"; };
		277841D62B1CB93A00E64B48 /* VideoPlayerSeriesController.swift */ = {isa = PBXFileReference; lastKnownFileType = sourcecode.swift; path = VideoPlayerSeriesController.swift; sourceTree = "<group>"; };
		278356AD2ABDC7DE00878B8F /* UIViewController+Extension.swift */ = {isa = PBXFileReference; lastKnownFileType = sourcecode.swift; path = "UIViewController+Extension.swift"; sourceTree = "<group>"; };
		2784BA1E2AF97841004E9B54 /* RandomAnimeRefreshButton.swift */ = {isa = PBXFileReference; lastKnownFileType = sourcecode.swift; path = RandomAnimeRefreshButton.swift; sourceTree = "<group>"; };
		279E4F2F289C4C70008038FF /* LoginAPIModel.swift */ = {isa = PBXFileReference; lastKnownFileType = sourcecode.swift; path = LoginAPIModel.swift; sourceTree = "<group>"; };
		279E4F34289D0304008038FF /* FavoriteAPIModel.swift */ = {isa = PBXFileReference; lastKnownFileType = sourcecode.swift; path = FavoriteAPIModel.swift; sourceTree = "<group>"; };
		279E4F36289D2CA7008038FF /* ProfileAPIModel.swift */ = {isa = PBXFileReference; lastKnownFileType = sourcecode.swift; path = ProfileAPIModel.swift; sourceTree = "<group>"; };
		27A66E4F2976ACEE00369EAF /* ErrorProcessing.swift */ = {isa = PBXFileReference; lastKnownFileType = sourcecode.swift; path = ErrorProcessing.swift; sourceTree = "<group>"; };
		27A66E5129771D4500369EAF /* Alert.swift */ = {isa = PBXFileReference; lastKnownFileType = sourcecode.swift; path = Alert.swift; sourceTree = "<group>"; };
		27A66E6E298BCFC600369EAF /* TeamAPIModel.swift */ = {isa = PBXFileReference; lastKnownFileType = sourcecode.swift; path = TeamAPIModel.swift; sourceTree = "<group>"; };
		27A66E74298E93FC00369EAF /* RootViewController.swift */ = {isa = PBXFileReference; lastKnownFileType = sourcecode.swift; path = RootViewController.swift; sourceTree = "<group>"; };
		27A66E782990EF9200369EAF /* HasScrollableView.swift */ = {isa = PBXFileReference; lastKnownFileType = sourcecode.swift; path = HasScrollableView.swift; sourceTree = "<group>"; };
		27A66E7A2990F0ED00369EAF /* NetworkStatusView.swift */ = {isa = PBXFileReference; lastKnownFileType = sourcecode.swift; path = NetworkStatusView.swift; sourceTree = "<group>"; };
		27A66E7C299298B200369EAF /* NetworkMonitor.swift */ = {isa = PBXFileReference; lastKnownFileType = sourcecode.swift; path = NetworkMonitor.swift; sourceTree = "<group>"; };
		27AAC70629E036A90079F4DD /* SeriesTableViewCell.swift */ = {isa = PBXFileReference; lastKnownFileType = sourcecode.swift; path = SeriesTableViewCell.swift; sourceTree = "<group>"; };
		27B707022AF181FE00DD8DC6 /* SeriesHeaderSupplementaryView.swift */ = {isa = PBXFileReference; lastKnownFileType = sourcecode.swift; path = SeriesHeaderSupplementaryView.swift; sourceTree = "<group>"; };
		27B707052AF253DC00DD8DC6 /* SeriesModel.swift */ = {isa = PBXFileReference; lastKnownFileType = sourcecode.swift; path = SeriesModel.swift; sourceTree = "<group>"; };
		27B707072AF2571900DD8DC6 /* SeriesContentController.swift */ = {isa = PBXFileReference; lastKnownFileType = sourcecode.swift; path = SeriesContentController.swift; sourceTree = "<group>"; };
		27B7070A2AF290A900DD8DC6 /* RandomAnimeController.swift */ = {isa = PBXFileReference; lastKnownFileType = sourcecode.swift; path = RandomAnimeController.swift; sourceTree = "<group>"; };
		27B7070C2AF290FA00DD8DC6 /* RandomAnimeView.swift */ = {isa = PBXFileReference; lastKnownFileType = sourcecode.swift; path = RandomAnimeView.swift; sourceTree = "<group>"; };
		27B7070E2AF2962200DD8DC6 /* RandomAnimeModel.swift */ = {isa = PBXFileReference; lastKnownFileType = sourcecode.swift; path = RandomAnimeModel.swift; sourceTree = "<group>"; };
		27B707102AF2965C00DD8DC6 /* RandomAnimeItem.swift */ = {isa = PBXFileReference; lastKnownFileType = sourcecode.swift; path = RandomAnimeItem.swift; sourceTree = "<group>"; };
		27B707152AF2ABAB00DD8DC6 /* SearchController.swift */ = {isa = PBXFileReference; lastKnownFileType = sourcecode.swift; path = SearchController.swift; sourceTree = "<group>"; };
		27B707172AF2ACBC00DD8DC6 /* SearchView.swift */ = {isa = PBXFileReference; lastKnownFileType = sourcecode.swift; path = SearchView.swift; sourceTree = "<group>"; };
		27B707192AF3A56800DD8DC6 /* SearchResultsController.swift */ = {isa = PBXFileReference; lastKnownFileType = sourcecode.swift; path = SearchResultsController.swift; sourceTree = "<group>"; };
		27B7071B2AF3A5B600DD8DC6 /* SearchResultsView.swift */ = {isa = PBXFileReference; lastKnownFileType = sourcecode.swift; path = SearchResultsView.swift; sourceTree = "<group>"; };
		27B7071D2AF3B2B700DD8DC6 /* SearchResultsItem.swift */ = {isa = PBXFileReference; lastKnownFileType = sourcecode.swift; path = SearchResultsItem.swift; sourceTree = "<group>"; };
		27B707212AF3E33300DD8DC6 /* SearchResultsModel.swift */ = {isa = PBXFileReference; lastKnownFileType = sourcecode.swift; path = SearchResultsModel.swift; sourceTree = "<group>"; };
		27B707242AF5599100DD8DC6 /* HasSearchBar.swift */ = {isa = PBXFileReference; lastKnownFileType = sourcecode.swift; path = HasSearchBar.swift; sourceTree = "<group>"; };
		27C6B4C92AE2E6DC00BC0184 /* ImageModel.swift */ = {isa = PBXFileReference; lastKnownFileType = sourcecode.swift; path = ImageModel.swift; sourceTree = "<group>"; };
		27CB080228847D39009E2583 /* .gitignore */ = {isa = PBXFileReference; fileEncoding = 4; lastKnownFileType = text; path = .gitignore; sourceTree = "<group>"; };
		27CE88542B2316E6004DC558 /* Team.swift */ = {isa = PBXFileReference; lastKnownFileType = sourcecode.swift; path = Team.swift; sourceTree = "<group>"; };
		27CE88562B231D29004DC558 /* AnimeTeamInfoView.swift */ = {isa = PBXFileReference; lastKnownFileType = sourcecode.swift; path = AnimeTeamInfoView.swift; sourceTree = "<group>"; };
		27CF02432B0B6FFD006DEE88 /* AppOrientation.swift */ = {isa = PBXFileReference; lastKnownFileType = sourcecode.swift; path = AppOrientation.swift; sourceTree = "<group>"; };
		27EA392929C4565400D777AE /* AnimeImageView.swift */ = {isa = PBXFileReference; lastKnownFileType = sourcecode.swift; path = AnimeImageView.swift; sourceTree = "<group>"; };
		27EA392B29C5B5AB00D777AE /* SearchResultsErrorFooterView.swift */ = {isa = PBXFileReference; lastKnownFileType = sourcecode.swift; path = SearchResultsErrorFooterView.swift; sourceTree = "<group>"; };
		27EA393029C5FBBB00D777AE /* UINavigationController+Extension.swift */ = {isa = PBXFileReference; lastKnownFileType = sourcecode.swift; path = "UINavigationController+Extension.swift"; sourceTree = "<group>"; };
		27EA50832AFBD54700A1B987 /* VideoPlayerController.swift */ = {isa = PBXFileReference; lastKnownFileType = sourcecode.swift; path = VideoPlayerController.swift; sourceTree = "<group>"; };
		27EA50852AFE2DDB00A1B987 /* VideoPlayerView.swift */ = {isa = PBXFileReference; lastKnownFileType = sourcecode.swift; path = VideoPlayerView.swift; sourceTree = "<group>"; };
		27EA50882AFE321A00A1B987 /* TopOverlayView.swift */ = {isa = PBXFileReference; lastKnownFileType = sourcecode.swift; path = TopOverlayView.swift; sourceTree = "<group>"; };
		27EA508A2AFE327800A1B987 /* MiddleOverlayView.swift */ = {isa = PBXFileReference; lastKnownFileType = sourcecode.swift; path = MiddleOverlayView.swift; sourceTree = "<group>"; };
		27EA508C2B00140F00A1B987 /* UIImage+Extension.swift */ = {isa = PBXFileReference; lastKnownFileType = sourcecode.swift; path = "UIImage+Extension.swift"; sourceTree = "<group>"; };
		27EA508E2B00E63C00A1B987 /* BottomOverlayView.swift */ = {isa = PBXFileReference; lastKnownFileType = sourcecode.swift; path = BottomOverlayView.swift; sourceTree = "<group>"; };
		27EA50902B01402600A1B987 /* VideoPlayerModel.swift */ = {isa = PBXFileReference; lastKnownFileType = sourcecode.swift; path = VideoPlayerModel.swift; sourceTree = "<group>"; };
		27EA50922B014E4600A1B987 /* MiddleOverlayButton.swift */ = {isa = PBXFileReference; lastKnownFileType = sourcecode.swift; path = MiddleOverlayButton.swift; sourceTree = "<group>"; };
		27EA50942B022F0100A1B987 /* Playlist.swift */ = {isa = PBXFileReference; lastKnownFileType = sourcecode.swift; path = Playlist.swift; sourceTree = "<group>"; };
		27EA50982B03CDCD00A1B987 /* VideoPlayerNavigator.swift */ = {isa = PBXFileReference; lastKnownFileType = sourcecode.swift; path = VideoPlayerNavigator.swift; sourceTree = "<group>"; };
		27F5E554287C6DCA00BCF61C /* Anilibria-ios-app.app */ = {isa = PBXFileReference; explicitFileType = wrapper.application; includeInIndex = 0; path = "Anilibria-ios-app.app"; sourceTree = BUILT_PRODUCTS_DIR; };
		27F5E557287C6DCA00BCF61C /* AppDelegate.swift */ = {isa = PBXFileReference; lastKnownFileType = sourcecode.swift; path = AppDelegate.swift; sourceTree = "<group>"; };
		27F5E559287C6DCA00BCF61C /* SceneDelegate.swift */ = {isa = PBXFileReference; lastKnownFileType = sourcecode.swift; path = SceneDelegate.swift; sourceTree = "<group>"; };
		27F5E560287C6DCB00BCF61C /* Assets.xcassets */ = {isa = PBXFileReference; lastKnownFileType = folder.assetcatalog; path = Assets.xcassets; sourceTree = "<group>"; };
		27F5E563287C6DCB00BCF61C /* Base */ = {isa = PBXFileReference; lastKnownFileType = file.storyboard; name = Base; path = Base.lproj/LaunchScreen.storyboard; sourceTree = "<group>"; };
		27F5E565287C6DCB00BCF61C /* Info.plist */ = {isa = PBXFileReference; lastKnownFileType = text.plist.xml; path = Info.plist; sourceTree = "<group>"; };
		27F5E59C287EA83400BCF61C /* Colors.xcassets */ = {isa = PBXFileReference; lastKnownFileType = folder.assetcatalog; path = Colors.xcassets; sourceTree = "<group>"; };
		27F5E5A3287EAA6E00BCF61C /* ru */ = {isa = PBXFileReference; lastKnownFileType = text.plist.strings; name = ru; path = ru.lproj/Localizable.strings; sourceTree = "<group>"; };
		27F5E5A5287EAC8100BCF61C /* SwiftGen */ = {isa = PBXFileReference; lastKnownFileType = folder; path = SwiftGen; sourceTree = "<group>"; };
		27F5E5A8287EC07D00BCF61C /* .swiftlint.yml */ = {isa = PBXFileReference; fileEncoding = 4; lastKnownFileType = text.yaml; path = .swiftlint.yml; sourceTree = "<group>"; };
		27F8D8E429C2245900D8F4D1 /* SearchResultsHeaderView.swift */ = {isa = PBXFileReference; lastKnownFileType = sourcecode.swift; path = SearchResultsHeaderView.swift; sourceTree = "<group>"; };
/* End PBXFileReference section */

/* Begin PBXFrameworksBuildPhase section */
		274BFB9C28A29C3400C3F9C9 /* Frameworks */ = {
			isa = PBXFrameworksBuildPhase;
			buildActionMask = 2147483647;
			files = (
			);
			runOnlyForDeploymentPostprocessing = 0;
		};
		27F5E551287C6DCA00BCF61C /* Frameworks */ = {
			isa = PBXFrameworksBuildPhase;
			buildActionMask = 2147483647;
			files = (
				2748DCFA2AEAAC0500D53E9B /* SkeletonView in Frameworks */,
			);
			runOnlyForDeploymentPostprocessing = 0;
		};
/* End PBXFrameworksBuildPhase section */

/* Begin PBXGroup section */
		2704E42C2B0E74610082507F /* VideoPlayer */ = {
			isa = PBXGroup;
			children = (
				27EA50832AFBD54700A1B987 /* VideoPlayerController.swift */,
				2704E4092B0E216B0082507F /* VideoPlayerRemoteCommandCenterController.swift */,
				2704E42F2B0F9AFB0082507F /* VideoPlayerPiPController.swift */,
				277841D62B1CB93A00E64B48 /* VideoPlayerSeriesController.swift */,
				273ECAFD2B1F53C500402612 /* VideoPlayerSettingsController.swift */,
				273ECB062B21C10A00402612 /* VideoPlayerSettingsDetailController.swift */,
			);
			path = VideoPlayer;
			sourceTree = "<group>";
		};
		271072E12ADDD77C0024530D /* Cells */ = {
			isa = PBXGroup;
			children = (
				271072E22ADDD7AC0024530D /* AnimePosterCollectionViewCell.swift */,
				27AAC70629E036A90079F4DD /* SeriesTableViewCell.swift */,
				2744762A29B8CCF60062F6D2 /* SearchResultsTableViewCell.swift */,
			);
			path = Cells;
			sourceTree = "<group>";
		};
		2710E9AA29B724BD00B66C62 /* Network */ = {
			isa = PBXGroup;
			children = (
				2710E9A629B518E200B66C62 /* ImageLoaderServiceTests.swift */,
				2710E9A229B5187000B66C62 /* PublicApiServiceTests.swift */,
				2710E9A429B518AD00B66C62 /* AuthorizationServiceTests.swift */,
				275865842ACF093100F98884 /* SecurityStorageCredentialsTests.swift */,
				275865862ACF094200F98884 /* SecurityStorageSessionTests.swift */,
			);
			path = Network;
			sourceTree = "<group>";
		};
		2710E9AC29B724D500B66C62 /* Common */ = {
			isa = PBXGroup;
			children = (
			);
			path = Common;
			sourceTree = "<group>";
		};
		271A0E222AE7EC1A005958CB /* Home */ = {
			isa = PBXGroup;
			children = (
				271A0E1E2AE7EBA4005958CB /* HomeTodayModel.swift */,
				271A0E202AE7EBBE005958CB /* HomeUpdatesModel.swift */,
				271A0E232AE7F322005958CB /* HomeModelInput.swift */,
				271A0E252AE7F32C005958CB /* HomeModelOutput.swift */,
			);
			path = Home;
			sourceTree = "<group>";
		};
		271A0E402AE981E3005958CB /* Schedule */ = {
			isa = PBXGroup;
			children = (
				271A0E332AE90291005958CB /* ScheduleItem.swift */,
				271A0E3B2AE97F10005958CB /* ScheduleModel.swift */,
			);
			path = Schedule;
			sourceTree = "<group>";
		};
		271A0E432AE9829A005958CB /* Schedule */ = {
			isa = PBXGroup;
			children = (
				271A0E352AE90341005958CB /* ScheduleView.swift */,
				271A0E392AE903F8005958CB /* ScheduleCollectionViewLayout.swift */,
				271A0E442AE98F99005958CB /* ScheduleHeaderSupplementaryView.swift */,
			);
			path = Schedule;
			sourceTree = "<group>";
		};
		272D6533288C63CA00FA4F60 /* Models */ = {
			isa = PBXGroup;
			children = (
				272D6534288C63E100FA4F60 /* YouTubeAPIModel.swift */,
				272D6546288ED42B00FA4F60 /* TitleAPIModel.swift */,
				272D65482897E22100FA4F60 /* ScheduleAPIModel.swift */,
				27A66E6E298BCFC600369EAF /* TeamAPIModel.swift */,
				279E4F2F289C4C70008038FF /* LoginAPIModel.swift */,
				279E4F34289D0304008038FF /* FavoriteAPIModel.swift */,
				279E4F36289D2CA7008038FF /* ProfileAPIModel.swift */,
			);
			path = Models;
			sourceTree = "<group>";
		};
		272D6539288EC4EC00FA4F60 /* Generated */ = {
			isa = PBXGroup;
			children = (
				272D653A288EC4EC00FA4F60 /* IB-Segues+Generated.swift */,
				272D653B288EC4EC00FA4F60 /* Strings+Generated.swift */,
				272D653C288EC4EC00FA4F60 /* XCAssets+Generated.swift */,
				272D653D288EC4EC00FA4F60 /* IB-Scenes+Generated.swift */,
			);
			path = Generated;
			sourceTree = "<group>";
		};
		273ECB012B20E96500402612 /* VideoPlayer */ = {
			isa = PBXGroup;
			children = (
				27EA50902B01402600A1B987 /* VideoPlayerModel.swift */,
				273ECAFF2B20E93600402612 /* VideoPlayerItem.swift */,
			);
			path = VideoPlayer;
			sourceTree = "<group>";
		};
		2748DCFF2AEBD89E00D53E9B /* Home */ = {
			isa = PBXGroup;
			children = (
				271072D92ADDB7CF0024530D /* HomeController.swift */,
				2748DCFD2AEBCF3000D53E9B /* HomeContentController.swift */,
			);
			path = Home;
			sourceTree = "<group>";
		};
		2748DD022AEBFD6900D53E9B /* Schedule */ = {
			isa = PBXGroup;
			children = (
				271A0E372AE90390005958CB /* ScheduleController.swift */,
				2748DD002AEBFD6500D53E9B /* ScheduleContentController.swift */,
			);
			path = Schedule;
			sourceTree = "<group>";
		};
		2748DD0D2AEE715900D53E9B /* Anime */ = {
			isa = PBXGroup;
			children = (
				275287B429D5911700D403F6 /* AnimeInfoView */,
				27EA392829C4564200D777AE /* AnimeImageView */,
				2748DD052AEC2ACA00D53E9B /* AnimeView.swift */,
			);
			path = Anime;
			sourceTree = "<group>";
		};
		2748DD0E2AEFAA3200D53E9B /* Anime */ = {
			isa = PBXGroup;
			children = (
				2748DD092AEE5D1A00D53E9B /* AnimeModel.swift */,
				2748DD0B2AEE5D7E00D53E9B /* AnimeItem.swift */,
				27EA50942B022F0100A1B987 /* Playlist.swift */,
				273ECB042B21B03900402612 /* HLS.swift */,
				27CE88542B2316E6004DC558 /* Team.swift */,
			);
			path = Anime;
			sourceTree = "<group>";
		};
		274BFB9628A260D500C3F9C9 /* Errors */ = {
			isa = PBXGroup;
			children = (
				272D6542288EC75600FA4F60 /* MyNetworkError.swift */,
				2775F1E029389E1000C7D079 /* MyInternalError.swift */,
				274BFB9728A260E900C3F9C9 /* MyImageError.swift */,
				27A66E4F2976ACEE00369EAF /* ErrorProcessing.swift */,
			);
			path = Errors;
			sourceTree = "<group>";
		};
		274BFBA028A29C3400C3F9C9 /* Anilibria-ios-appTests */ = {
			isa = PBXGroup;
			children = (
				2710E9AC29B724D500B66C62 /* Common */,
				2710E9AA29B724BD00B66C62 /* Network */,
			);
			path = "Anilibria-ios-appTests";
			sourceTree = "<group>";
		};
		275287B429D5911700D403F6 /* AnimeInfoView */ = {
			isa = PBXGroup;
			children = (
				275287B529D5913B00D403F6 /* AnimeInfoView.swift */,
				275BD3E729DADABF006A00EA /* WatchAndDownloadButtonsView.swift */,
				275B1AEF29DDCAF5006A00EA /* FavoriteAndShareButtonsView.swift */,
				275B1AF129DECF50006A00EA /* AnimeSeriesView.swift */,
				27CE88562B231D29004DC558 /* AnimeTeamInfoView.swift */,
			);
			path = AnimeInfoView;
			sourceTree = "<group>";
		};
		2752C4CB28A938D600B17073 /* LivePreviewInUIKit */ = {
			isa = PBXGroup;
			children = (
				2752C4CC28A9392A00B17073 /* ViewControllerPreview.swift */,
				2754F63028A94525003485E6 /* ViewPreview.swift */,
			);
			path = LivePreviewInUIKit;
			sourceTree = "<group>";
		};
		2758657D2ACF006D00F98884 /* Keychain */ = {
			isa = PBXGroup;
			children = (
				275865792ACEB2D700F98884 /* SecurityStorage.swift */,
			);
			path = Keychain;
			sourceTree = "<group>";
		};
		275865B42AD9D0C300F98884 /* Navigators */ = {
			isa = PBXGroup;
			children = (
				275865AA2AD9BAC200F98884 /* MainNavigator.swift */,
				275865B02AD9CD8900F98884 /* HomeNavigator.swift */,
				275865B22AD9CDB800F98884 /* SearchNavigator.swift */,
				275865AC2AD9C7EC00F98884 /* ProfileNavigator.swift */,
				2748DD072AEE4EBC00D53E9B /* AnimeNavigator.swift */,
				27EA50982B03CDCD00A1B987 /* VideoPlayerNavigator.swift */,
			);
			path = Navigators;
			sourceTree = "<group>";
		};
		275865B92ADAC27B00F98884 /* Views */ = {
			isa = PBXGroup;
			children = (
				271072E12ADDD77C0024530D /* Cells */,
				27A66E7A2990F0ED00369EAF /* NetworkStatusView.swift */,
				271A0E462AEA6F66005958CB /* RootView.swift */,
				275865CC2ADB13BF00F98884 /* ProfileView.swift */,
				27B707172AF2ACBC00DD8DC6 /* SearchView.swift */,
				275EFF3F2B16139100C281B1 /* User */,
				27EA50872AFE2DFF00A1B987 /* VideoPlayer */,
				2784BA202AF97845004E9B54 /* RandomAnime */,
				27B7071F2AF3CF0C00DD8DC6 /* SearchResults */,
				27B707042AF1820200DD8DC6 /* Series */,
				2748DD0D2AEE715900D53E9B /* Anime */,
				271A0E432AE9829A005958CB /* Schedule */,
				27C6B4CB2AE2EDEE00BC0184 /* Home */,
			);
			path = Views;
			sourceTree = "<group>";
		};
		275865BC2ADAC29500F98884 /* Controllers */ = {
			isa = PBXGroup;
			children = (
				27A66E74298E93FC00369EAF /* RootViewController.swift */,
				275865AE2AD9C97700F98884 /* TabBarController.swift */,
				275865B72ADA889F00F98884 /* ProfileController.swift */,
				275865BE2ADADBF400F98884 /* UserController.swift */,
				2748DD032AEC2ABA00D53E9B /* AnimeController.swift */,
				27B7070A2AF290A900DD8DC6 /* RandomAnimeController.swift */,
				27B707192AF3A56800DD8DC6 /* SearchResultsController.swift */,
				27B707152AF2ABAB00DD8DC6 /* SearchController.swift */,
				2704E42C2B0E74610082507F /* VideoPlayer */,
				27B707092AF2572A00DD8DC6 /* Series */,
				2748DD022AEBFD6900D53E9B /* Schedule */,
				2748DCFF2AEBD89E00D53E9B /* Home */,
			);
			path = Controllers;
			sourceTree = "<group>";
		};
		275865BD2ADAC34B00F98884 /* Models */ = {
			isa = PBXGroup;
			children = (
				275865C82ADAFDDF00F98884 /* UserModel.swift */,
				275EFF3B2B14F7DC00C281B1 /* UserItem.swift */,
				27B707052AF253DC00DD8DC6 /* SeriesModel.swift */,
				271072E82ADDDE310024530D /* AnimePosterItem.swift */,
				27C6B4C92AE2E6DC00BC0184 /* ImageModel.swift */,
				273ECB012B20E96500402612 /* VideoPlayer */,
				27B707232AF3E33900DD8DC6 /* SearchResults */,
				27B707122AF2A7E400DD8DC6 /* RandomAnime */,
				2748DD0E2AEFAA3200D53E9B /* Anime */,
				271A0E402AE981E3005958CB /* Schedule */,
				271A0E222AE7EC1A005958CB /* Home */,
			);
			path = Models;
			sourceTree = "<group>";
		};
		275EFF0E2B134CE300C281B1 /* CoreData */ = {
			isa = PBXGroup;
			children = (
				275EFF072B134B8300C281B1 /* Anilibria-ios-app.xcdatamodeld */,
				275EFF0F2B137CF800C281B1 /* CoreDataService.swift */,
				275EFF3A2B14F13D00C281B1 /* Entities */,
			);
			path = CoreData;
			sourceTree = "<group>";
		};
		275EFF3A2B14F13D00C281B1 /* Entities */ = {
			isa = PBXGroup;
			children = (
				275EFF382B14BB1400C281B1 /* UserEntity.swift */,
			);
			path = Entities;
			sourceTree = "<group>";
		};
		275EFF3F2B16139100C281B1 /* User */ = {
			isa = PBXGroup;
			children = (
				275865C02ADADC3B00F98884 /* SignInView.swift */,
				275EFF3D2B15C38000C281B1 /* UserView.swift */,
				275865C42ADAFB8E00F98884 /* UserInfoView.swift */,
			);
			path = User;
			sourceTree = "<group>";
		};
		278356AF2ABF3A5600878B8F /* Extensions */ = {
			isa = PBXGroup;
			children = (
				27EA393029C5FBBB00D777AE /* UINavigationController+Extension.swift */,
				278356AD2ABDC7DE00878B8F /* UIViewController+Extension.swift */,
				275865CE2ADC117700F98884 /* UserDefaults+Extension.swift */,
				2704619F2AE189EF00AF02E4 /* ReuseIdentifierExtensions.swift */,
				27EA508C2B00140F00A1B987 /* UIImage+Extension.swift */,
			);
			path = Extensions;
			sourceTree = "<group>";
		};
		2784BA202AF97845004E9B54 /* RandomAnime */ = {
			isa = PBXGroup;
			children = (
				27B7070C2AF290FA00DD8DC6 /* RandomAnimeView.swift */,
				2784BA1E2AF97841004E9B54 /* RandomAnimeRefreshButton.swift */,
			);
			path = RandomAnime;
			sourceTree = "<group>";
		};
		279E4F31289C7044008038FF /* Common */ = {
			isa = PBXGroup;
			children = (
				27A66E772990EF6C00369EAF /* Protocols */,
				274BFB9628A260D500C3F9C9 /* Errors */,
				278356AF2ABF3A5600878B8F /* Extensions */,
				2758657D2ACF006D00F98884 /* Keychain */,
				27A66E5129771D4500369EAF /* Alert.swift */,
				27CF02432B0B6FFD006DEE88 /* AppOrientation.swift */,
			);
			path = Common;
			sourceTree = "<group>";
		};
		27A66E772990EF6C00369EAF /* Protocols */ = {
			isa = PBXGroup;
			children = (
				27A66E782990EF9200369EAF /* HasScrollableView.swift */,
				275865C22ADAEB2800F98884 /* HasCustomView.swift */,
				27B707242AF5599100DD8DC6 /* HasSearchBar.swift */,
			);
			path = Protocols;
			sourceTree = "<group>";
		};
		27B707042AF1820200DD8DC6 /* Series */ = {
			isa = PBXGroup;
			children = (
				2748DD112AF1789E00D53E9B /* SeriesView.swift */,
				27B707022AF181FE00DD8DC6 /* SeriesHeaderSupplementaryView.swift */,
			);
			path = Series;
			sourceTree = "<group>";
		};
		27B707092AF2572A00DD8DC6 /* Series */ = {
			isa = PBXGroup;
			children = (
				2748DD0F2AF177C400D53E9B /* SeriesController.swift */,
				27B707072AF2571900DD8DC6 /* SeriesContentController.swift */,
			);
			path = Series;
			sourceTree = "<group>";
		};
		27B707122AF2A7E400DD8DC6 /* RandomAnime */ = {
			isa = PBXGroup;
			children = (
				27B7070E2AF2962200DD8DC6 /* RandomAnimeModel.swift */,
				27B707102AF2965C00DD8DC6 /* RandomAnimeItem.swift */,
			);
			path = RandomAnime;
			sourceTree = "<group>";
		};
		27B7071F2AF3CF0C00DD8DC6 /* SearchResults */ = {
			isa = PBXGroup;
			children = (
				27B707202AF3D17A00DD8DC6 /* HeaderFooterViews */,
				27B7071B2AF3A5B600DD8DC6 /* SearchResultsView.swift */,
			);
			path = SearchResults;
			sourceTree = "<group>";
		};
		27B707202AF3D17A00DD8DC6 /* HeaderFooterViews */ = {
			isa = PBXGroup;
			children = (
				2744C87629BC71A700105F11 /* SearchResultsLoadingFooterView.swift */,
				27EA392B29C5B5AB00D777AE /* SearchResultsErrorFooterView.swift */,
				27F8D8E429C2245900D8F4D1 /* SearchResultsHeaderView.swift */,
			);
			path = HeaderFooterViews;
			sourceTree = "<group>";
		};
		27B707232AF3E33900DD8DC6 /* SearchResults */ = {
			isa = PBXGroup;
			children = (
				27B7071D2AF3B2B700DD8DC6 /* SearchResultsItem.swift */,
				27B707212AF3E33300DD8DC6 /* SearchResultsModel.swift */,
			);
			path = SearchResults;
			sourceTree = "<group>";
		};
		27C6B4CB2AE2EDEE00BC0184 /* Home */ = {
			isa = PBXGroup;
			children = (
				271072DB2ADDBA3E0024530D /* HomeView.swift */,
				271A0E1C2AE7E8B9005958CB /* HomeCollectionViewLayout.swift */,
				2704619D2AE1850900AF02E4 /* HomeHeaderSupplementaryView.swift */,
			);
			path = Home;
			sourceTree = "<group>";
		};
		27DEEBCA2886F44E0014055F /* Network */ = {
			isa = PBXGroup;
			children = (
				272D6533288C63CA00FA4F60 /* Models */,
				272D6531288AEF3800FA4F60 /* NetworkQuery.swift */,
				2710E9A029B5146500B66C62 /* PublicApiService.swift */,
				2710E99E29B5117500B66C62 /* AuthorizationService.swift */,
				2710E99C29B510ED00B66C62 /* ImageLoaderService.swift */,
				27A66E7C299298B200369EAF /* NetworkMonitor.swift */,
			);
			path = Network;
			sourceTree = "<group>";
		};
		27EA392829C4564200D777AE /* AnimeImageView */ = {
			isa = PBXGroup;
			children = (
				27EA392929C4565400D777AE /* AnimeImageView.swift */,
			);
			path = AnimeImageView;
			sourceTree = "<group>";
		};
		27EA50872AFE2DFF00A1B987 /* VideoPlayer */ = {
			isa = PBXGroup;
			children = (
				27EA50852AFE2DDB00A1B987 /* VideoPlayerView.swift */,
				2704E42D2B0E86010082507F /* PlayerView.swift */,
				27EA50882AFE321A00A1B987 /* TopOverlayView.swift */,
				27EA508A2AFE327800A1B987 /* MiddleOverlayView.swift */,
				27EA50922B014E4600A1B987 /* MiddleOverlayButton.swift */,
				27EA508E2B00E63C00A1B987 /* BottomOverlayView.swift */,
			);
			path = VideoPlayer;
			sourceTree = "<group>";
		};
		27F5E54B287C6DCA00BCF61C = {
			isa = PBXGroup;
			children = (
				272D6544288ECB4500FA4F60 /* README.md */,
				27CB080228847D39009E2583 /* .gitignore */,
				27F5E5A8287EC07D00BCF61C /* .swiftlint.yml */,
				27F5E5A5287EAC8100BCF61C /* SwiftGen */,
				27F5E556287C6DCA00BCF61C /* Anilibria-ios-app */,
				274BFBA028A29C3400C3F9C9 /* Anilibria-ios-appTests */,
				27F5E555287C6DCA00BCF61C /* Products */,
			);
			sourceTree = "<group>";
		};
		27F5E555287C6DCA00BCF61C /* Products */ = {
			isa = PBXGroup;
			children = (
				27F5E554287C6DCA00BCF61C /* Anilibria-ios-app.app */,
				274BFB9F28A29C3400C3F9C9 /* Anilibria-ios-appTests.xctest */,
			);
			name = Products;
			sourceTree = "<group>";
		};
		27F5E556287C6DCA00BCF61C /* Anilibria-ios-app */ = {
			isa = PBXGroup;
			children = (
				27F5E557287C6DCA00BCF61C /* AppDelegate.swift */,
				27F5E559287C6DCA00BCF61C /* SceneDelegate.swift */,
				2752C4CB28A938D600B17073 /* LivePreviewInUIKit */,
				272D6539288EC4EC00FA4F60 /* Generated */,
				279E4F31289C7044008038FF /* Common */,
				275EFF0E2B134CE300C281B1 /* CoreData */,
				27DEEBCA2886F44E0014055F /* Network */,
				275865B42AD9D0C300F98884 /* Navigators */,
				275865BD2ADAC34B00F98884 /* Models */,
				275865B92ADAC27B00F98884 /* Views */,
				275865BC2ADAC29500F98884 /* Controllers */,
				27F5E560287C6DCB00BCF61C /* Assets.xcassets */,
				27F5E59C287EA83400BCF61C /* Colors.xcassets */,
				27F5E5A2287EAA5D00BCF61C /* Localizable.strings */,
				27F5E562287C6DCB00BCF61C /* LaunchScreen.storyboard */,
				27F5E565287C6DCB00BCF61C /* Info.plist */,
			);
			path = "Anilibria-ios-app";
			sourceTree = "<group>";
		};
/* End PBXGroup section */

/* Begin PBXNativeTarget section */
		274BFB9E28A29C3400C3F9C9 /* Anilibria-ios-appTests */ = {
			isa = PBXNativeTarget;
			buildConfigurationList = 274BFBA528A29C3400C3F9C9 /* Build configuration list for PBXNativeTarget "Anilibria-ios-appTests" */;
			buildPhases = (
				274BFB9B28A29C3400C3F9C9 /* Sources */,
				274BFB9C28A29C3400C3F9C9 /* Frameworks */,
				274BFB9D28A29C3400C3F9C9 /* Resources */,
			);
			buildRules = (
			);
			dependencies = (
				274BFBA428A29C3400C3F9C9 /* PBXTargetDependency */,
			);
			name = "Anilibria-ios-appTests";
			productName = "Anilibria-ios-appTests";
			productReference = 274BFB9F28A29C3400C3F9C9 /* Anilibria-ios-appTests.xctest */;
			productType = "com.apple.product-type.bundle.unit-test";
		};
		27F5E553287C6DCA00BCF61C /* Anilibria-ios-app */ = {
			isa = PBXNativeTarget;
			buildConfigurationList = 27F5E568287C6DCB00BCF61C /* Build configuration list for PBXNativeTarget "Anilibria-ios-app" */;
			buildPhases = (
				27F5E5A4287EAB8700BCF61C /* SwiftGen */,
				27F5E5A7287EBC6100BCF61C /* SwiftLint */,
				27F5E550287C6DCA00BCF61C /* Sources */,
				27F5E551287C6DCA00BCF61C /* Frameworks */,
				27F5E552287C6DCA00BCF61C /* Resources */,
			);
			buildRules = (
			);
			dependencies = (
			);
			name = "Anilibria-ios-app";
			packageProductDependencies = (
				2748DCF92AEAAC0500D53E9B /* SkeletonView */,
			);
			productName = "Anilibria-ios-app";
			productReference = 27F5E554287C6DCA00BCF61C /* Anilibria-ios-app.app */;
			productType = "com.apple.product-type.application";
		};
/* End PBXNativeTarget section */

/* Begin PBXProject section */
		27F5E54C287C6DCA00BCF61C /* Project object */ = {
			isa = PBXProject;
			attributes = {
				BuildIndependentTargetsInParallel = 1;
				LastSwiftUpdateCheck = 1340;
				LastUpgradeCheck = 1500;
				TargetAttributes = {
					274BFB9E28A29C3400C3F9C9 = {
						CreatedOnToolsVersion = 13.4.1;
						TestTargetID = 27F5E553287C6DCA00BCF61C;
					};
					27F5E553287C6DCA00BCF61C = {
						CreatedOnToolsVersion = 13.4.1;
					};
				};
			};
			buildConfigurationList = 27F5E54F287C6DCA00BCF61C /* Build configuration list for PBXProject "Anilibria-ios-app" */;
			compatibilityVersion = "Xcode 13.0";
			developmentRegion = en;
			hasScannedForEncodings = 0;
			knownRegions = (
				en,
				Base,
				ru,
			);
			mainGroup = 27F5E54B287C6DCA00BCF61C;
			packageReferences = (
				2748DCF82AEAAC0500D53E9B /* XCRemoteSwiftPackageReference "SkeletonView" */,
			);
			productRefGroup = 27F5E555287C6DCA00BCF61C /* Products */;
			projectDirPath = "";
			projectRoot = "";
			targets = (
				27F5E553287C6DCA00BCF61C /* Anilibria-ios-app */,
				274BFB9E28A29C3400C3F9C9 /* Anilibria-ios-appTests */,
			);
		};
/* End PBXProject section */

/* Begin PBXResourcesBuildPhase section */
		274BFB9D28A29C3400C3F9C9 /* Resources */ = {
			isa = PBXResourcesBuildPhase;
			buildActionMask = 2147483647;
			files = (
			);
			runOnlyForDeploymentPostprocessing = 0;
		};
		27F5E552287C6DCA00BCF61C /* Resources */ = {
			isa = PBXResourcesBuildPhase;
			buildActionMask = 2147483647;
			files = (
				27CB080328847D39009E2583 /* .gitignore in Resources */,
				27F5E5A9287EC07D00BCF61C /* .swiftlint.yml in Resources */,
				27F5E564287C6DCB00BCF61C /* LaunchScreen.storyboard in Resources */,
				27F5E5A0287EAA5D00BCF61C /* Localizable.strings in Resources */,
				27F5E561287C6DCB00BCF61C /* Assets.xcassets in Resources */,
				27F5E5A6287EAC8100BCF61C /* SwiftGen in Resources */,
				272D6545288ECB4500FA4F60 /* README.md in Resources */,
				27F5E59F287EA83400BCF61C /* Colors.xcassets in Resources */,
			);
			runOnlyForDeploymentPostprocessing = 0;
		};
/* End PBXResourcesBuildPhase section */

/* Begin PBXShellScriptBuildPhase section */
		27F5E5A4287EAB8700BCF61C /* SwiftGen */ = {
			isa = PBXShellScriptBuildPhase;
			alwaysOutOfDate = 1;
			buildActionMask = 2147483647;
			files = (
			);
			inputFileListPaths = (
			);
			inputPaths = (
				"$(SRCROOT)/newInputFile",
			);
			name = SwiftGen;
			outputFileListPaths = (
			);
			outputPaths = (
			);
			runOnlyForDeploymentPostprocessing = 0;
			shellPath = /bin/sh;
			shellScript = "\"$SRCROOT\"/SwiftGen/runswiftgen.sh\n";
		};
		27F5E5A7287EBC6100BCF61C /* SwiftLint */ = {
			isa = PBXShellScriptBuildPhase;
			alwaysOutOfDate = 1;
			buildActionMask = 2147483647;
			files = (
			);
			inputFileListPaths = (
			);
			inputPaths = (
			);
			name = SwiftLint;
			outputFileListPaths = (
			);
			outputPaths = (
			);
			runOnlyForDeploymentPostprocessing = 0;
			shellPath = /bin/sh;
			shellScript = "if test -d \"/opt/homebrew/bin/\"; then\n  PATH=\"/opt/homebrew/bin/:${PATH}\"\nfi\n\nexport PATH\n\nif which swiftlint >/dev/null; then\n  swiftlint --config .swiftlint.yml\nelse\n    echo \"error: SwiftLint not installed, download from https://github.com/realm/SwiftLint\"\n    exit 1\nfi\n";
		};
/* End PBXShellScriptBuildPhase section */

/* Begin PBXSourcesBuildPhase section */
		274BFB9B28A29C3400C3F9C9 /* Sources */ = {
			isa = PBXSourcesBuildPhase;
			buildActionMask = 2147483647;
			files = (
				2710E9A329B5187000B66C62 /* PublicApiServiceTests.swift in Sources */,
				2710E9A729B518E200B66C62 /* ImageLoaderServiceTests.swift in Sources */,
				275865852ACF093100F98884 /* SecurityStorageCredentialsTests.swift in Sources */,
				275865872ACF094200F98884 /* SecurityStorageSessionTests.swift in Sources */,
				2710E9A529B518AD00B66C62 /* AuthorizationServiceTests.swift in Sources */,
			);
			runOnlyForDeploymentPostprocessing = 0;
		};
		27F5E550287C6DCA00BCF61C /* Sources */ = {
			isa = PBXSourcesBuildPhase;
			buildActionMask = 2147483647;
			files = (
				272D6535288C63E100FA4F60 /* YouTubeAPIModel.swift in Sources */,
				275EFF092B134B8300C281B1 /* Anilibria-ios-app.xcdatamodeld in Sources */,
				2704E40A2B0E216B0082507F /* VideoPlayerRemoteCommandCenterController.swift in Sources */,
				2748DD0C2AEE5D7E00D53E9B /* AnimeItem.swift in Sources */,
				27AAC70729E036A90079F4DD /* SeriesTableViewCell.swift in Sources */,
				275865AF2AD9C97700F98884 /* TabBarController.swift in Sources */,
				27B7071A2AF3A56800DD8DC6 /* SearchResultsController.swift in Sources */,
				27B707032AF181FE00DD8DC6 /* SeriesHeaderSupplementaryView.swift in Sources */,
				275865CD2ADB13BF00F98884 /* ProfileView.swift in Sources */,
				275865B12AD9CD8900F98884 /* HomeNavigator.swift in Sources */,
				27CE88552B2316E6004DC558 /* Team.swift in Sources */,
				275BD3E829DADABF006A00EA /* WatchAndDownloadButtonsView.swift in Sources */,
				275EFF392B14BB1400C281B1 /* UserEntity.swift in Sources */,
				272D653E288EC4EC00FA4F60 /* IB-Segues+Generated.swift in Sources */,
				2710E99F29B5117500B66C62 /* AuthorizationService.swift in Sources */,
				273ECB002B20E93600402612 /* VideoPlayerItem.swift in Sources */,
				27EA50952B022F0100A1B987 /* Playlist.swift in Sources */,
				2710E99D29B510ED00B66C62 /* ImageLoaderService.swift in Sources */,
				271A0E1F2AE7EBA4005958CB /* HomeTodayModel.swift in Sources */,
				2704619E2AE1850900AF02E4 /* HomeHeaderSupplementaryView.swift in Sources */,
				27F5E558287C6DCA00BCF61C /* AppDelegate.swift in Sources */,
				275865CF2ADC117700F98884 /* UserDefaults+Extension.swift in Sources */,
				2748DD062AEC2ACA00D53E9B /* AnimeView.swift in Sources */,
				27EA50932B014E4600A1B987 /* MiddleOverlayButton.swift in Sources */,
				27A66E6F298BCFC600369EAF /* TeamAPIModel.swift in Sources */,
				279E4F30289C4C70008038FF /* LoginAPIModel.swift in Sources */,
				27EA50992B03CDCD00A1B987 /* VideoPlayerNavigator.swift in Sources */,
				27A66E5229771D4500369EAF /* Alert.swift in Sources */,
				27A66E502976ACEE00369EAF /* ErrorProcessing.swift in Sources */,
				271A0E472AEA6F66005958CB /* RootView.swift in Sources */,
				2748DD082AEE4EBC00D53E9B /* AnimeNavigator.swift in Sources */,
				271072DA2ADDB7CF0024530D /* HomeController.swift in Sources */,
				27A66E75298E93FC00369EAF /* RootViewController.swift in Sources */,
				27CE88572B231D29004DC558 /* AnimeTeamInfoView.swift in Sources */,
				279E4F37289D2CA7008038FF /* ProfileAPIModel.swift in Sources */,
				2748DD102AF177C400D53E9B /* SeriesController.swift in Sources */,
				271A0E1D2AE7E8B9005958CB /* HomeCollectionViewLayout.swift in Sources */,
				27A66E7D299298B200369EAF /* NetworkMonitor.swift in Sources */,
				271A0E342AE90291005958CB /* ScheduleItem.swift in Sources */,
				275B1AF229DECF50006A00EA /* AnimeSeriesView.swift in Sources */,
				2752C4CD28A9392A00B17073 /* ViewControllerPreview.swift in Sources */,
				2744C87729BC71A700105F11 /* SearchResultsLoadingFooterView.swift in Sources */,
				27A66E7B2990F0ED00369EAF /* NetworkStatusView.swift in Sources */,
				27B7070F2AF2962200DD8DC6 /* RandomAnimeModel.swift in Sources */,
				275865BF2ADADBF400F98884 /* UserController.swift in Sources */,
				271A0E382AE90390005958CB /* ScheduleController.swift in Sources */,
				272D6532288AEF3800FA4F60 /* NetworkQuery.swift in Sources */,
				275865C52ADAFB8E00F98884 /* UserInfoView.swift in Sources */,
				273ECAFE2B1F53C500402612 /* VideoPlayerSettingsController.swift in Sources */,
				272D65492897E22100FA4F60 /* ScheduleAPIModel.swift in Sources */,
				27F5E55A287C6DCA00BCF61C /* SceneDelegate.swift in Sources */,
				275865B32AD9CDB800F98884 /* SearchNavigator.swift in Sources */,
				2748DCFE2AEBCF3000D53E9B /* HomeContentController.swift in Sources */,
				273ECB052B21B03900402612 /* HLS.swift in Sources */,
				27EA508D2B00140F00A1B987 /* UIImage+Extension.swift in Sources */,
				2748DD012AEBFD6500D53E9B /* ScheduleContentController.swift in Sources */,
				27EA393129C5FBBB00D777AE /* UINavigationController+Extension.swift in Sources */,
				2704E42E2B0E86010082507F /* PlayerView.swift in Sources */,
				272D6540288EC4EC00FA4F60 /* XCAssets+Generated.swift in Sources */,
				272D6547288ED42B00FA4F60 /* TitleAPIModel.swift in Sources */,
				272D6543288EC75600FA4F60 /* MyNetworkError.swift in Sources */,
				27EA508B2AFE327800A1B987 /* MiddleOverlayView.swift in Sources */,
				278356AE2ABDC7DE00878B8F /* UIViewController+Extension.swift in Sources */,
				275865AB2AD9BAC200F98884 /* MainNavigator.swift in Sources */,
				27EA392A29C4565400D777AE /* AnimeImageView.swift in Sources */,
				271A0E3C2AE97F10005958CB /* ScheduleModel.swift in Sources */,
				270461A02AE189EF00AF02E4 /* ReuseIdentifierExtensions.swift in Sources */,
				27F8D8E529C2245900D8F4D1 /* SearchResultsHeaderView.swift in Sources */,
				27CF02442B0B6FFD006DEE88 /* AppOrientation.swift in Sources */,
				279E4F35289D0304008038FF /* FavoriteAPIModel.swift in Sources */,
				27B7070B2AF290A900DD8DC6 /* RandomAnimeController.swift in Sources */,
				275865C12ADADC3B00F98884 /* SignInView.swift in Sources */,
				275EFF102B137CF800C281B1 /* CoreDataService.swift in Sources */,
				275865AD2AD9C7EC00F98884 /* ProfileNavigator.swift in Sources */,
				271A0E3A2AE903F8005958CB /* ScheduleCollectionViewLayout.swift in Sources */,
				271A0E212AE7EBBE005958CB /* HomeUpdatesModel.swift in Sources */,
				275865B82ADA889F00F98884 /* ProfileController.swift in Sources */,
				275865C32ADAEB2800F98884 /* HasCustomView.swift in Sources */,
				2784BA1F2AF97841004E9B54 /* RandomAnimeRefreshButton.swift in Sources */,
				271072E32ADDD7AC0024530D /* AnimePosterCollectionViewCell.swift in Sources */,
				27EA50862AFE2DDB00A1B987 /* VideoPlayerView.swift in Sources */,
				272D653F288EC4EC00FA4F60 /* Strings+Generated.swift in Sources */,
				275B1AF029DDCAF5006A00EA /* FavoriteAndShareButtonsView.swift in Sources */,
				2775F1E129389E1000C7D079 /* MyInternalError.swift in Sources */,
				271072E92ADDDE310024530D /* AnimePosterItem.swift in Sources */,
				27A66E792990EF9200369EAF /* HasScrollableView.swift in Sources */,
				27EA50892AFE321A00A1B987 /* TopOverlayView.swift in Sources */,
				274BFB9828A260E900C3F9C9 /* MyImageError.swift in Sources */,
				2744762B29B8CCF70062F6D2 /* SearchResultsTableViewCell.swift in Sources */,
				2710E9A129B5146500B66C62 /* PublicApiService.swift in Sources */,
				27B707222AF3E33300DD8DC6 /* SearchResultsModel.swift in Sources */,
				27B7070D2AF290FA00DD8DC6 /* RandomAnimeView.swift in Sources */,
				27B707182AF2ACBC00DD8DC6 /* SearchView.swift in Sources */,
				2748DD0A2AEE5D1B00D53E9B /* AnimeModel.swift in Sources */,
				275865C92ADAFDDF00F98884 /* UserModel.swift in Sources */,
				271072DC2ADDBA3E0024530D /* HomeView.swift in Sources */,
				27B707062AF253DC00DD8DC6 /* SeriesModel.swift in Sources */,
				2754F63128A94525003485E6 /* ViewPreview.swift in Sources */,
				27B707252AF5599100DD8DC6 /* HasSearchBar.swift in Sources */,
				272D6541288EC4EC00FA4F60 /* IB-Scenes+Generated.swift in Sources */,
				2704E4302B0F9AFB0082507F /* VideoPlayerPiPController.swift in Sources */,
				27EA50842AFBD54700A1B987 /* VideoPlayerController.swift in Sources */,
				271A0E362AE90341005958CB /* ScheduleView.swift in Sources */,
				271A0E262AE7F32C005958CB /* HomeModelOutput.swift in Sources */,
				271A0E452AE98F99005958CB /* ScheduleHeaderSupplementaryView.swift in Sources */,
				277841D72B1CB93A00E64B48 /* VideoPlayerSeriesController.swift in Sources */,
				2748DD042AEC2ABA00D53E9B /* AnimeController.swift in Sources */,
				2748DD122AF1789E00D53E9B /* SeriesView.swift in Sources */,
				27B7071E2AF3B2B700DD8DC6 /* SearchResultsItem.swift in Sources */,
				27B7071C2AF3A5B600DD8DC6 /* SearchResultsView.swift in Sources */,
				27EA392C29C5B5AB00D777AE /* SearchResultsErrorFooterView.swift in Sources */,
				2758657A2ACEB2D700F98884 /* SecurityStorage.swift in Sources */,
				27EA50912B01402600A1B987 /* VideoPlayerModel.swift in Sources */,
				275287B629D5913B00D403F6 /* AnimeInfoView.swift in Sources */,
				273ECB072B21C10A00402612 /* VideoPlayerSettingsDetailController.swift in Sources */,
				271A0E242AE7F322005958CB /* HomeModelInput.swift in Sources */,
				275EFF3C2B14F7DC00C281B1 /* UserItem.swift in Sources */,
				275EFF3E2B15C38000C281B1 /* UserView.swift in Sources */,
				27B707082AF2571900DD8DC6 /* SeriesContentController.swift in Sources */,
				27C6B4CA2AE2E6DC00BC0184 /* ImageModel.swift in Sources */,
				27B707162AF2ABAB00DD8DC6 /* SearchController.swift in Sources */,
				27EA508F2B00E63C00A1B987 /* BottomOverlayView.swift in Sources */,
				27B707112AF2965C00DD8DC6 /* RandomAnimeItem.swift in Sources */,
			);
			runOnlyForDeploymentPostprocessing = 0;
		};
/* End PBXSourcesBuildPhase section */

/* Begin PBXTargetDependency section */
		274BFBA428A29C3400C3F9C9 /* PBXTargetDependency */ = {
			isa = PBXTargetDependency;
			target = 27F5E553287C6DCA00BCF61C /* Anilibria-ios-app */;
			targetProxy = 274BFBA328A29C3400C3F9C9 /* PBXContainerItemProxy */;
		};
/* End PBXTargetDependency section */

/* Begin PBXVariantGroup section */
		27F5E562287C6DCB00BCF61C /* LaunchScreen.storyboard */ = {
			isa = PBXVariantGroup;
			children = (
				27F5E563287C6DCB00BCF61C /* Base */,
			);
			name = LaunchScreen.storyboard;
			sourceTree = "<group>";
		};
		27F5E5A2287EAA5D00BCF61C /* Localizable.strings */ = {
			isa = PBXVariantGroup;
			children = (
				27F5E5A3287EAA6E00BCF61C /* ru */,
			);
			name = Localizable.strings;
			sourceTree = "<group>";
		};
/* End PBXVariantGroup section */

/* Begin XCBuildConfiguration section */
		274BFBA628A29C3400C3F9C9 /* Debug */ = {
			isa = XCBuildConfiguration;
			buildSettings = {
				BUNDLE_LOADER = "$(TEST_HOST)";
				CODE_SIGN_STYLE = Automatic;
				CURRENT_PROJECT_VERSION = 1;
				DEVELOPMENT_TEAM = ZQ774W5T35;
				GENERATE_INFOPLIST_FILE = YES;
				MARKETING_VERSION = 1.0;
				PRODUCT_BUNDLE_IDENTIFIER = "Nasybullin.Anilibria-ios-appTests";
				PRODUCT_NAME = "$(TARGET_NAME)";
				SWIFT_EMIT_LOC_STRINGS = NO;
				SWIFT_VERSION = 5.0;
				TARGETED_DEVICE_FAMILY = "1,2";
				TEST_HOST = "$(BUILT_PRODUCTS_DIR)/Anilibria-ios-app.app/Anilibria-ios-app";
			};
			name = Debug;
		};
		274BFBA728A29C3400C3F9C9 /* Release */ = {
			isa = XCBuildConfiguration;
			buildSettings = {
				BUNDLE_LOADER = "$(TEST_HOST)";
				CODE_SIGN_STYLE = Automatic;
				CURRENT_PROJECT_VERSION = 1;
				DEVELOPMENT_TEAM = ZQ774W5T35;
				GENERATE_INFOPLIST_FILE = YES;
				MARKETING_VERSION = 1.0;
				PRODUCT_BUNDLE_IDENTIFIER = "Nasybullin.Anilibria-ios-appTests";
				PRODUCT_NAME = "$(TARGET_NAME)";
				SWIFT_EMIT_LOC_STRINGS = NO;
				SWIFT_VERSION = 5.0;
				TARGETED_DEVICE_FAMILY = "1,2";
				TEST_HOST = "$(BUILT_PRODUCTS_DIR)/Anilibria-ios-app.app/Anilibria-ios-app";
			};
			name = Release;
		};
		27F5E566287C6DCB00BCF61C /* Debug */ = {
			isa = XCBuildConfiguration;
			buildSettings = {
				ALWAYS_SEARCH_USER_PATHS = NO;
				CLANG_ANALYZER_LOCALIZABILITY_NONLOCALIZED = YES;
				CLANG_ANALYZER_NONNULL = YES;
				CLANG_ANALYZER_NUMBER_OBJECT_CONVERSION = YES_AGGRESSIVE;
				CLANG_CXX_LANGUAGE_STANDARD = "gnu++17";
				CLANG_ENABLE_MODULES = YES;
				CLANG_ENABLE_OBJC_ARC = YES;
				CLANG_ENABLE_OBJC_WEAK = YES;
				CLANG_WARN_BLOCK_CAPTURE_AUTORELEASING = YES;
				CLANG_WARN_BOOL_CONVERSION = YES;
				CLANG_WARN_COMMA = YES;
				CLANG_WARN_CONSTANT_CONVERSION = YES;
				CLANG_WARN_DEPRECATED_OBJC_IMPLEMENTATIONS = YES;
				CLANG_WARN_DIRECT_OBJC_ISA_USAGE = YES_ERROR;
				CLANG_WARN_DOCUMENTATION_COMMENTS = YES;
				CLANG_WARN_EMPTY_BODY = YES;
				CLANG_WARN_ENUM_CONVERSION = YES;
				CLANG_WARN_INFINITE_RECURSION = YES;
				CLANG_WARN_INT_CONVERSION = YES;
				CLANG_WARN_NON_LITERAL_NULL_CONVERSION = YES;
				CLANG_WARN_OBJC_IMPLICIT_RETAIN_SELF = YES;
				CLANG_WARN_OBJC_LITERAL_CONVERSION = YES;
				CLANG_WARN_OBJC_ROOT_CLASS = YES_ERROR;
				CLANG_WARN_QUOTED_INCLUDE_IN_FRAMEWORK_HEADER = YES;
				CLANG_WARN_RANGE_LOOP_ANALYSIS = YES;
				CLANG_WARN_STRICT_PROTOTYPES = YES;
				CLANG_WARN_SUSPICIOUS_MOVE = YES;
				CLANG_WARN_UNGUARDED_AVAILABILITY = YES_AGGRESSIVE;
				CLANG_WARN_UNREACHABLE_CODE = YES;
				CLANG_WARN__DUPLICATE_METHOD_MATCH = YES;
				COPY_PHASE_STRIP = NO;
				DEBUG_INFORMATION_FORMAT = dwarf;
				ENABLE_STRICT_OBJC_MSGSEND = YES;
				ENABLE_TESTABILITY = YES;
				GCC_C_LANGUAGE_STANDARD = gnu11;
				GCC_DYNAMIC_NO_PIC = NO;
				GCC_NO_COMMON_BLOCKS = YES;
				GCC_OPTIMIZATION_LEVEL = 0;
				GCC_PREPROCESSOR_DEFINITIONS = (
					"DEBUG=1",
					"$(inherited)",
				);
				GCC_WARN_64_TO_32_BIT_CONVERSION = YES;
				GCC_WARN_ABOUT_RETURN_TYPE = YES_ERROR;
				GCC_WARN_UNDECLARED_SELECTOR = YES;
				GCC_WARN_UNINITIALIZED_AUTOS = YES_AGGRESSIVE;
				GCC_WARN_UNUSED_FUNCTION = YES;
				GCC_WARN_UNUSED_VARIABLE = YES;
				IPHONEOS_DEPLOYMENT_TARGET = 15.0;
				MTL_ENABLE_DEBUG_INFO = INCLUDE_SOURCE;
				MTL_FAST_MATH = YES;
				ONLY_ACTIVE_ARCH = YES;
				SDKROOT = iphoneos;
				SWIFT_ACTIVE_COMPILATION_CONDITIONS = DEBUG;
				SWIFT_OPTIMIZATION_LEVEL = "-Onone";
			};
			name = Debug;
		};
		27F5E567287C6DCB00BCF61C /* Release */ = {
			isa = XCBuildConfiguration;
			buildSettings = {
				ALWAYS_SEARCH_USER_PATHS = NO;
				CLANG_ANALYZER_LOCALIZABILITY_NONLOCALIZED = YES;
				CLANG_ANALYZER_NONNULL = YES;
				CLANG_ANALYZER_NUMBER_OBJECT_CONVERSION = YES_AGGRESSIVE;
				CLANG_CXX_LANGUAGE_STANDARD = "gnu++17";
				CLANG_ENABLE_MODULES = YES;
				CLANG_ENABLE_OBJC_ARC = YES;
				CLANG_ENABLE_OBJC_WEAK = YES;
				CLANG_WARN_BLOCK_CAPTURE_AUTORELEASING = YES;
				CLANG_WARN_BOOL_CONVERSION = YES;
				CLANG_WARN_COMMA = YES;
				CLANG_WARN_CONSTANT_CONVERSION = YES;
				CLANG_WARN_DEPRECATED_OBJC_IMPLEMENTATIONS = YES;
				CLANG_WARN_DIRECT_OBJC_ISA_USAGE = YES_ERROR;
				CLANG_WARN_DOCUMENTATION_COMMENTS = YES;
				CLANG_WARN_EMPTY_BODY = YES;
				CLANG_WARN_ENUM_CONVERSION = YES;
				CLANG_WARN_INFINITE_RECURSION = YES;
				CLANG_WARN_INT_CONVERSION = YES;
				CLANG_WARN_NON_LITERAL_NULL_CONVERSION = YES;
				CLANG_WARN_OBJC_IMPLICIT_RETAIN_SELF = YES;
				CLANG_WARN_OBJC_LITERAL_CONVERSION = YES;
				CLANG_WARN_OBJC_ROOT_CLASS = YES_ERROR;
				CLANG_WARN_QUOTED_INCLUDE_IN_FRAMEWORK_HEADER = YES;
				CLANG_WARN_RANGE_LOOP_ANALYSIS = YES;
				CLANG_WARN_STRICT_PROTOTYPES = YES;
				CLANG_WARN_SUSPICIOUS_MOVE = YES;
				CLANG_WARN_UNGUARDED_AVAILABILITY = YES_AGGRESSIVE;
				CLANG_WARN_UNREACHABLE_CODE = YES;
				CLANG_WARN__DUPLICATE_METHOD_MATCH = YES;
				COPY_PHASE_STRIP = NO;
				DEBUG_INFORMATION_FORMAT = "dwarf-with-dsym";
				ENABLE_NS_ASSERTIONS = NO;
				ENABLE_STRICT_OBJC_MSGSEND = YES;
				GCC_C_LANGUAGE_STANDARD = gnu11;
				GCC_NO_COMMON_BLOCKS = YES;
				GCC_WARN_64_TO_32_BIT_CONVERSION = YES;
				GCC_WARN_ABOUT_RETURN_TYPE = YES_ERROR;
				GCC_WARN_UNDECLARED_SELECTOR = YES;
				GCC_WARN_UNINITIALIZED_AUTOS = YES_AGGRESSIVE;
				GCC_WARN_UNUSED_FUNCTION = YES;
				GCC_WARN_UNUSED_VARIABLE = YES;
				IPHONEOS_DEPLOYMENT_TARGET = 15.0;
				MTL_ENABLE_DEBUG_INFO = NO;
				MTL_FAST_MATH = YES;
				SDKROOT = iphoneos;
				SWIFT_COMPILATION_MODE = wholemodule;
				SWIFT_OPTIMIZATION_LEVEL = "-O";
				VALIDATE_PRODUCT = YES;
			};
			name = Release;
		};
		27F5E569287C6DCB00BCF61C /* Debug */ = {
			isa = XCBuildConfiguration;
			buildSettings = {
				ASSETCATALOG_COMPILER_APPICON_NAME = AppIcon;
				ASSETCATALOG_COMPILER_GLOBAL_ACCENT_COLOR_NAME = AccentColor;
				CODE_SIGN_IDENTITY = "Apple Development";
				CODE_SIGN_STYLE = Automatic;
				CURRENT_PROJECT_VERSION = 1;
				DEVELOPMENT_TEAM = ZQ774W5T35;
				GENERATE_INFOPLIST_FILE = YES;
				INFOPLIST_FILE = "Anilibria-ios-app/Info.plist";
				INFOPLIST_KEY_CFBundleDisplayName = "AniLibria Debug";
				"INFOPLIST_KEY_CFBundleDisplayName[sdk=iphoneos*]" = "AniLibria Debug";
				INFOPLIST_KEY_LSApplicationCategoryType = "public.app-category.video";
				INFOPLIST_KEY_UIApplicationSupportsIndirectInputEvents = YES;
				INFOPLIST_KEY_UILaunchStoryboardName = LaunchScreen;
				INFOPLIST_KEY_UISupportedInterfaceOrientations = "UIInterfaceOrientationLandscapeLeft UIInterfaceOrientationLandscapeRight UIInterfaceOrientationPortrait";
				INFOPLIST_KEY_UISupportedInterfaceOrientations_iPad = "UIInterfaceOrientationLandscapeLeft UIInterfaceOrientationLandscapeRight UIInterfaceOrientationPortrait UIInterfaceOrientationPortraitUpsideDown";
				IPHONEOS_DEPLOYMENT_TARGET = 15.0;
				LD_RUNPATH_SEARCH_PATHS = (
					"$(inherited)",
					"@executable_path/Frameworks",
				);
				MARKETING_VERSION = 0.5;
				OTHER_LDFLAGS = "";
				PRODUCT_BUNDLE_IDENTIFIER = "Nasybullin.Anilibria-ios-app";
				PRODUCT_NAME = "$(TARGET_NAME)";
				PROVISIONING_PROFILE_SPECIFIER = "";
				SWIFT_EMIT_LOC_STRINGS = YES;
				SWIFT_REFLECTION_METADATA_LEVEL = all;
				SWIFT_VERSION = 5.0;
				TARGETED_DEVICE_FAMILY = "1,2";
			};
			name = Debug;
		};
		27F5E56A287C6DCB00BCF61C /* Release */ = {
			isa = XCBuildConfiguration;
			buildSettings = {
				ASSETCATALOG_COMPILER_APPICON_NAME = AppIcon;
				ASSETCATALOG_COMPILER_GLOBAL_ACCENT_COLOR_NAME = AccentColor;
				CODE_SIGN_IDENTITY = "Apple Development";
				CODE_SIGN_STYLE = Automatic;
				CURRENT_PROJECT_VERSION = 1;
				DEVELOPMENT_TEAM = ZQ774W5T35;
				GENERATE_INFOPLIST_FILE = YES;
				INFOPLIST_FILE = "Anilibria-ios-app/Info.plist";
				INFOPLIST_KEY_CFBundleDisplayName = "AniLibria Debug";
				"INFOPLIST_KEY_CFBundleDisplayName[sdk=iphoneos*]" = AniLibria;
				INFOPLIST_KEY_LSApplicationCategoryType = "public.app-category.video";
				INFOPLIST_KEY_UIApplicationSupportsIndirectInputEvents = YES;
				INFOPLIST_KEY_UILaunchStoryboardName = LaunchScreen;
				INFOPLIST_KEY_UISupportedInterfaceOrientations = "UIInterfaceOrientationLandscapeLeft UIInterfaceOrientationLandscapeRight UIInterfaceOrientationPortrait";
				INFOPLIST_KEY_UISupportedInterfaceOrientations_iPad = "UIInterfaceOrientationLandscapeLeft UIInterfaceOrientationLandscapeRight UIInterfaceOrientationPortrait UIInterfaceOrientationPortraitUpsideDown";
				IPHONEOS_DEPLOYMENT_TARGET = 15.0;
				LD_RUNPATH_SEARCH_PATHS = (
					"$(inherited)",
					"@executable_path/Frameworks",
				);
				MARKETING_VERSION = 0.5;
				OTHER_LDFLAGS = "";
				PRODUCT_BUNDLE_IDENTIFIER = "Nasybullin.Anilibria-ios-app";
				PRODUCT_NAME = "$(TARGET_NAME)";
				PROVISIONING_PROFILE_SPECIFIER = "";
				SWIFT_EMIT_LOC_STRINGS = YES;
				SWIFT_REFLECTION_METADATA_LEVEL = all;
				SWIFT_VERSION = 5.0;
				TARGETED_DEVICE_FAMILY = "1,2";
			};
			name = Release;
		};
/* End XCBuildConfiguration section */

/* Begin XCConfigurationList section */
		274BFBA528A29C3400C3F9C9 /* Build configuration list for PBXNativeTarget "Anilibria-ios-appTests" */ = {
			isa = XCConfigurationList;
			buildConfigurations = (
				274BFBA628A29C3400C3F9C9 /* Debug */,
				274BFBA728A29C3400C3F9C9 /* Release */,
			);
			defaultConfigurationIsVisible = 0;
			defaultConfigurationName = Release;
		};
		27F5E54F287C6DCA00BCF61C /* Build configuration list for PBXProject "Anilibria-ios-app" */ = {
			isa = XCConfigurationList;
			buildConfigurations = (
				27F5E566287C6DCB00BCF61C /* Debug */,
				27F5E567287C6DCB00BCF61C /* Release */,
			);
			defaultConfigurationIsVisible = 0;
			defaultConfigurationName = Release;
		};
		27F5E568287C6DCB00BCF61C /* Build configuration list for PBXNativeTarget "Anilibria-ios-app" */ = {
			isa = XCConfigurationList;
			buildConfigurations = (
				27F5E569287C6DCB00BCF61C /* Debug */,
				27F5E56A287C6DCB00BCF61C /* Release */,
			);
			defaultConfigurationIsVisible = 0;
			defaultConfigurationName = Release;
		};
/* End XCConfigurationList section */

/* Begin XCRemoteSwiftPackageReference section */
		2748DCF82AEAAC0500D53E9B /* XCRemoteSwiftPackageReference "SkeletonView" */ = {
			isa = XCRemoteSwiftPackageReference;
			repositoryURL = "https://github.com/MNasybullin/SkeletonView.git";
			requirement = {
				branch = main;
				kind = branch;
			};
		};
/* End XCRemoteSwiftPackageReference section */

/* Begin XCSwiftPackageProductDependency section */
		2748DCF92AEAAC0500D53E9B /* SkeletonView */ = {
			isa = XCSwiftPackageProductDependency;
			package = 2748DCF82AEAAC0500D53E9B /* XCRemoteSwiftPackageReference "SkeletonView" */;
			productName = SkeletonView;
		};
/* End XCSwiftPackageProductDependency section */

/* Begin XCVersionGroup section */
		275EFF072B134B8300C281B1 /* Anilibria-ios-app.xcdatamodeld */ = {
			isa = XCVersionGroup;
			children = (
				275EFF082B134B8300C281B1 /* Anilibria-ios-app.xcdatamodel */,
			);
			currentVersion = 275EFF082B134B8300C281B1 /* Anilibria-ios-app.xcdatamodel */;
			path = "Anilibria-ios-app.xcdatamodeld";
			sourceTree = "<group>";
			versionGroupType = wrapper.xcdatamodel;
		};
/* End XCVersionGroup section */
	};
	rootObject = 27F5E54C287C6DCA00BCF61C /* Project object */;
}
