// !$*UTF8*$!
{
	archiveVersion = 1;
	classes = {
	};
	objectVersion = 55;
	objects = {

/* Begin PBXBuildFile section */
		2710E99D29B510ED00B66C62 /* ImageLoaderService.swift in Sources */ = {isa = PBXBuildFile; fileRef = 2710E99C29B510ED00B66C62 /* ImageLoaderService.swift */; };
		2710E99F29B5117500B66C62 /* AuthorizationService.swift in Sources */ = {isa = PBXBuildFile; fileRef = 2710E99E29B5117500B66C62 /* AuthorizationService.swift */; };
		2710E9A129B5146500B66C62 /* PublicApiService.swift in Sources */ = {isa = PBXBuildFile; fileRef = 2710E9A029B5146500B66C62 /* PublicApiService.swift */; };
		2710E9A329B5187000B66C62 /* PublicApiServiceTests.swift in Sources */ = {isa = PBXBuildFile; fileRef = 2710E9A229B5187000B66C62 /* PublicApiServiceTests.swift */; };
		2710E9A529B518AD00B66C62 /* AuthorizationServiceTests.swift in Sources */ = {isa = PBXBuildFile; fileRef = 2710E9A429B518AD00B66C62 /* AuthorizationServiceTests.swift */; };
		2710E9A729B518E200B66C62 /* ImageLoaderServiceTests.swift in Sources */ = {isa = PBXBuildFile; fileRef = 2710E9A629B518E200B66C62 /* ImageLoaderServiceTests.swift */; };
		2710E9A929B7243700B66C62 /* Cache.swift in Sources */ = {isa = PBXBuildFile; fileRef = 2710E9A829B7243700B66C62 /* Cache.swift */; };
		2710E9AE29B724EB00B66C62 /* CacheTests.swift in Sources */ = {isa = PBXBuildFile; fileRef = 2710E9AD29B724EB00B66C62 /* CacheTests.swift */; };
		272D6532288AEF3800FA4F60 /* QueryService.swift in Sources */ = {isa = PBXBuildFile; fileRef = 272D6531288AEF3800FA4F60 /* QueryService.swift */; };
		272D6535288C63E100FA4F60 /* GetYouTubeModel.swift in Sources */ = {isa = PBXBuildFile; fileRef = 272D6534288C63E100FA4F60 /* GetYouTubeModel.swift */; };
		272D653E288EC4EC00FA4F60 /* IB-Segues+Generated.swift in Sources */ = {isa = PBXBuildFile; fileRef = 272D653A288EC4EC00FA4F60 /* IB-Segues+Generated.swift */; };
		272D653F288EC4EC00FA4F60 /* Strings+Generated.swift in Sources */ = {isa = PBXBuildFile; fileRef = 272D653B288EC4EC00FA4F60 /* Strings+Generated.swift */; };
		272D6540288EC4EC00FA4F60 /* XCAssets+Generated.swift in Sources */ = {isa = PBXBuildFile; fileRef = 272D653C288EC4EC00FA4F60 /* XCAssets+Generated.swift */; };
		272D6541288EC4EC00FA4F60 /* IB-Scenes+Generated.swift in Sources */ = {isa = PBXBuildFile; fileRef = 272D653D288EC4EC00FA4F60 /* IB-Scenes+Generated.swift */; };
		272D6543288EC75600FA4F60 /* MyNetworkError.swift in Sources */ = {isa = PBXBuildFile; fileRef = 272D6542288EC75600FA4F60 /* MyNetworkError.swift */; };
		272D6545288ECB4500FA4F60 /* README.md in Resources */ = {isa = PBXBuildFile; fileRef = 272D6544288ECB4500FA4F60 /* README.md */; };
		272D6547288ED42B00FA4F60 /* GetTitleModel.swift in Sources */ = {isa = PBXBuildFile; fileRef = 272D6546288ED42B00FA4F60 /* GetTitleModel.swift */; };
		272D65492897E22100FA4F60 /* GetScheduleModel.swift in Sources */ = {isa = PBXBuildFile; fileRef = 272D65482897E22100FA4F60 /* GetScheduleModel.swift */; };
		272FF68328B6535900CAE5DB /* CarouselView.swift in Sources */ = {isa = PBXBuildFile; fileRef = 272FF68228B6535900CAE5DB /* CarouselView.swift */; };
		272FF68528B664FF00CAE5DB /* CarouselCollectionViewCell.swift in Sources */ = {isa = PBXBuildFile; fileRef = 272FF68428B664FF00CAE5DB /* CarouselCollectionViewCell.swift */; };
		2744762929B8CB160062F6D2 /* SearchResultsTableView.swift in Sources */ = {isa = PBXBuildFile; fileRef = 2744762829B8CB160062F6D2 /* SearchResultsTableView.swift */; };
		2744762B29B8CCF70062F6D2 /* SearchResultsTableViewCell.swift in Sources */ = {isa = PBXBuildFile; fileRef = 2744762A29B8CCF60062F6D2 /* SearchResultsTableViewCell.swift */; };
		2744763129BA0BF00062F6D2 /* SearchResultsTableViewModel.swift in Sources */ = {isa = PBXBuildFile; fileRef = 2744763029BA0BF00062F6D2 /* SearchResultsTableViewModel.swift */; };
		2744C87729BC71A700105F11 /* SearchResultsTableFooterView.swift in Sources */ = {isa = PBXBuildFile; fileRef = 2744C87629BC71A700105F11 /* SearchResultsTableFooterView.swift */; };
		2744C87B29BCAEEB00105F11 /* RandomAnimeView.swift in Sources */ = {isa = PBXBuildFile; fileRef = 2744C87A29BCAEEB00105F11 /* RandomAnimeView.swift */; };
		2744C88229BCF5AE00105F11 /* RandomAnimeViewModel.swift in Sources */ = {isa = PBXBuildFile; fileRef = 2744C88129BCF5AE00105F11 /* RandomAnimeViewModel.swift */; };
		274BFB9828A260E900C3F9C9 /* MyImageError.swift in Sources */ = {isa = PBXBuildFile; fileRef = 274BFB9728A260E900C3F9C9 /* MyImageError.swift */; };
		275287B629D5913B00D403F6 /* AnimeInfoView.swift in Sources */ = {isa = PBXBuildFile; fileRef = 275287B529D5913B00D403F6 /* AnimeInfoView.swift */; };
		2752C4CD28A9392A00B17073 /* ViewControllerPreview.swift in Sources */ = {isa = PBXBuildFile; fileRef = 2752C4CC28A9392A00B17073 /* ViewControllerPreview.swift */; };
		2754F63128A94525003485E6 /* ViewPreview.swift in Sources */ = {isa = PBXBuildFile; fileRef = 2754F63028A94525003485E6 /* ViewPreview.swift */; };
		275B1AF029DDCAF5006A00EA /* FavoriteAndShareButtonsView.swift in Sources */ = {isa = PBXBuildFile; fileRef = 275B1AEF29DDCAF5006A00EA /* FavoriteAndShareButtonsView.swift */; };
		275BD3E829DADABF006A00EA /* WatchAndDownloadButtonsView.swift in Sources */ = {isa = PBXBuildFile; fileRef = 275BD3E729DADABF006A00EA /* WatchAndDownloadButtonsView.swift */; };
		276FCF96293C8A3A0005B82E /* PostersListCollectionViewHeader.swift in Sources */ = {isa = PBXBuildFile; fileRef = 276FCF95293C8A3A0005B82E /* PostersListCollectionViewHeader.swift */; };
		276FCF99293CEBC20005B82E /* ScheduleViewController.swift in Sources */ = {isa = PBXBuildFile; fileRef = 276FCF98293CEBC20005B82E /* ScheduleViewController.swift */; };
		276FCF9B293CEBD30005B82E /* ScheduleInteractor.swift in Sources */ = {isa = PBXBuildFile; fileRef = 276FCF9A293CEBD30005B82E /* ScheduleInteractor.swift */; };
		276FCF9D293CEBF30005B82E /* SchedulePresenter.swift in Sources */ = {isa = PBXBuildFile; fileRef = 276FCF9C293CEBF30005B82E /* SchedulePresenter.swift */; };
		276FCF9F293CEC010005B82E /* ScheduleEntity.swift in Sources */ = {isa = PBXBuildFile; fileRef = 276FCF9E293CEC010005B82E /* ScheduleEntity.swift */; };
		276FCFA1293CEC120005B82E /* ScheduleRouter.swift in Sources */ = {isa = PBXBuildFile; fileRef = 276FCFA0293CEC120005B82E /* ScheduleRouter.swift */; };
		2775F1E129389E1000C7D079 /* MyError.swift in Sources */ = {isa = PBXBuildFile; fileRef = 2775F1E029389E1000C7D079 /* MyError.swift */; };
		2775F1E42938DE9000C7D079 /* SkeletonView in Frameworks */ = {isa = PBXBuildFile; productRef = 2775F1E32938DE9000C7D079 /* SkeletonView */; };
		279E4F30289C4C70008038FF /* LoginModel.swift in Sources */ = {isa = PBXBuildFile; fileRef = 279E4F2F289C4C70008038FF /* LoginModel.swift */; };
		279E4F33289C706B008038FF /* UserDefaultsExtension.swift in Sources */ = {isa = PBXBuildFile; fileRef = 279E4F32289C706B008038FF /* UserDefaultsExtension.swift */; };
		279E4F35289D0304008038FF /* FavoriteModel.swift in Sources */ = {isa = PBXBuildFile; fileRef = 279E4F34289D0304008038FF /* FavoriteModel.swift */; };
		279E4F37289D2CA7008038FF /* ProfileModel.swift in Sources */ = {isa = PBXBuildFile; fileRef = 279E4F36289D2CA7008038FF /* ProfileModel.swift */; };
		279E4F39289EC362008038FF /* GoogleService-Info.plist in Resources */ = {isa = PBXBuildFile; fileRef = 279E4F38289EC362008038FF /* GoogleService-Info.plist */; };
		27A66E502976ACEE00369EAF /* ErrorProcessing.swift in Sources */ = {isa = PBXBuildFile; fileRef = 27A66E4F2976ACEE00369EAF /* ErrorProcessing.swift */; };
		27A66E5229771D4500369EAF /* Alert.swift in Sources */ = {isa = PBXBuildFile; fileRef = 27A66E5129771D4500369EAF /* Alert.swift */; };
		27A66E5F2987EDCD00369EAF /* CarouselViewModel.swift in Sources */ = {isa = PBXBuildFile; fileRef = 27A66E5E2987EDCD00369EAF /* CarouselViewModel.swift */; };
		27A66E612987F28900369EAF /* PostersListViewModel.swift in Sources */ = {isa = PBXBuildFile; fileRef = 27A66E602987F28900369EAF /* PostersListViewModel.swift */; };
		27A66E652987FAC300369EAF /* SearchViewController.swift in Sources */ = {isa = PBXBuildFile; fileRef = 27A66E642987FAC300369EAF /* SearchViewController.swift */; };
		27A66E672987FAD500369EAF /* SearchInteractor.swift in Sources */ = {isa = PBXBuildFile; fileRef = 27A66E662987FAD500369EAF /* SearchInteractor.swift */; };
		27A66E692987FAE300369EAF /* SearchPresenter.swift in Sources */ = {isa = PBXBuildFile; fileRef = 27A66E682987FAE300369EAF /* SearchPresenter.swift */; };
		27A66E6B2987FAEE00369EAF /* SearchEntity.swift in Sources */ = {isa = PBXBuildFile; fileRef = 27A66E6A2987FAEE00369EAF /* SearchEntity.swift */; };
		27A66E6D2987FAFA00369EAF /* SearchRouter.swift in Sources */ = {isa = PBXBuildFile; fileRef = 27A66E6C2987FAFA00369EAF /* SearchRouter.swift */; };
		27A66E6F298BCFC600369EAF /* GetTeamModel.swift in Sources */ = {isa = PBXBuildFile; fileRef = 27A66E6E298BCFC600369EAF /* GetTeamModel.swift */; };
		27A66E75298E93FC00369EAF /* RootViewController.swift in Sources */ = {isa = PBXBuildFile; fileRef = 27A66E74298E93FC00369EAF /* RootViewController.swift */; };
		27A66E792990EF9200369EAF /* ScrollableViewProtocol.swift in Sources */ = {isa = PBXBuildFile; fileRef = 27A66E782990EF9200369EAF /* ScrollableViewProtocol.swift */; };
		27A66E7B2990F0ED00369EAF /* NetworkStatusView.swift in Sources */ = {isa = PBXBuildFile; fileRef = 27A66E7A2990F0ED00369EAF /* NetworkStatusView.swift */; };
		27A66E7D299298B200369EAF /* NetworkMonitor.swift in Sources */ = {isa = PBXBuildFile; fileRef = 27A66E7C299298B200369EAF /* NetworkMonitor.swift */; };
		27CB080328847D39009E2583 /* .gitignore in Resources */ = {isa = PBXBuildFile; fileRef = 27CB080228847D39009E2583 /* .gitignore */; };
		27CB080B28855EB4009E2583 /* TabBarViewController.swift in Sources */ = {isa = PBXBuildFile; fileRef = 27CB080A28855EB4009E2583 /* TabBarViewController.swift */; };
		27CB080D28855EC5009E2583 /* TabBarInteractor.swift in Sources */ = {isa = PBXBuildFile; fileRef = 27CB080C28855EC5009E2583 /* TabBarInteractor.swift */; };
		27CB080F28855ED1009E2583 /* TabBarPresenter.swift in Sources */ = {isa = PBXBuildFile; fileRef = 27CB080E28855ED1009E2583 /* TabBarPresenter.swift */; };
		27CB081128855EE0009E2583 /* TabBarEntity.swift in Sources */ = {isa = PBXBuildFile; fileRef = 27CB081028855EE0009E2583 /* TabBarEntity.swift */; };
		27CB081328855EE6009E2583 /* TabBarRouter.swift in Sources */ = {isa = PBXBuildFile; fileRef = 27CB081228855EE6009E2583 /* TabBarRouter.swift */; };
		27DEEBC12886A9570014055F /* HomeViewController.swift in Sources */ = {isa = PBXBuildFile; fileRef = 27DEEBC02886A9570014055F /* HomeViewController.swift */; };
		27DEEBC32886A9650014055F /* HomeInteractor.swift in Sources */ = {isa = PBXBuildFile; fileRef = 27DEEBC22886A9650014055F /* HomeInteractor.swift */; };
		27DEEBC52886A99A0014055F /* HomePresenter.swift in Sources */ = {isa = PBXBuildFile; fileRef = 27DEEBC42886A99A0014055F /* HomePresenter.swift */; };
		27DEEBC72886A9A30014055F /* HomeEntity.swift in Sources */ = {isa = PBXBuildFile; fileRef = 27DEEBC62886A9A30014055F /* HomeEntity.swift */; };
		27DEEBC92886A9AC0014055F /* HomeRouter.swift in Sources */ = {isa = PBXBuildFile; fileRef = 27DEEBC82886A9AC0014055F /* HomeRouter.swift */; };
		27E7B075293B6E57006CC8E1 /* PostersListView.swift in Sources */ = {isa = PBXBuildFile; fileRef = 27E7B074293B6E57006CC8E1 /* PostersListView.swift */; };
		27EA392A29C4565400D777AE /* AnimeImageView.swift in Sources */ = {isa = PBXBuildFile; fileRef = 27EA392929C4565400D777AE /* AnimeImageView.swift */; };
		27EA392C29C5B5AB00D777AE /* SearchResultsTableErrorFooterView.swift in Sources */ = {isa = PBXBuildFile; fileRef = 27EA392B29C5B5AB00D777AE /* SearchResultsTableErrorFooterView.swift */; };
		27EA393129C5FBBB00D777AE /* UINavigationControllerExtension.swift in Sources */ = {isa = PBXBuildFile; fileRef = 27EA393029C5FBBB00D777AE /* UINavigationControllerExtension.swift */; };
		27F09BF0289EEBD20051BF2E /* FirebaseAnalytics in Frameworks */ = {isa = PBXBuildFile; productRef = 27F09BEF289EEBD20051BF2E /* FirebaseAnalytics */; };
		27F09BF2289EEBD20051BF2E /* FirebaseMessaging in Frameworks */ = {isa = PBXBuildFile; productRef = 27F09BF1289EEBD20051BF2E /* FirebaseMessaging */; };
		27F5E558287C6DCA00BCF61C /* AppDelegate.swift in Sources */ = {isa = PBXBuildFile; fileRef = 27F5E557287C6DCA00BCF61C /* AppDelegate.swift */; };
		27F5E55A287C6DCA00BCF61C /* SceneDelegate.swift in Sources */ = {isa = PBXBuildFile; fileRef = 27F5E559287C6DCA00BCF61C /* SceneDelegate.swift */; };
		27F5E561287C6DCB00BCF61C /* Assets.xcassets in Resources */ = {isa = PBXBuildFile; fileRef = 27F5E560287C6DCB00BCF61C /* Assets.xcassets */; };
		27F5E564287C6DCB00BCF61C /* LaunchScreen.storyboard in Resources */ = {isa = PBXBuildFile; fileRef = 27F5E562287C6DCB00BCF61C /* LaunchScreen.storyboard */; };
		27F5E59F287EA83400BCF61C /* Colors.xcassets in Resources */ = {isa = PBXBuildFile; fileRef = 27F5E59C287EA83400BCF61C /* Colors.xcassets */; };
		27F5E5A0287EAA5D00BCF61C /* Localizable.strings in Resources */ = {isa = PBXBuildFile; fileRef = 27F5E5A2287EAA5D00BCF61C /* Localizable.strings */; };
		27F5E5A6287EAC8100BCF61C /* SwiftGen in Resources */ = {isa = PBXBuildFile; fileRef = 27F5E5A5287EAC8100BCF61C /* SwiftGen */; };
		27F5E5A9287EC07D00BCF61C /* .swiftlint.yml in Resources */ = {isa = PBXBuildFile; fileRef = 27F5E5A8287EC07D00BCF61C /* .swiftlint.yml */; };
		27F8D8E529C2245900D8F4D1 /* SearchResultsTableHeaderView.swift in Sources */ = {isa = PBXBuildFile; fileRef = 27F8D8E429C2245900D8F4D1 /* SearchResultsTableHeaderView.swift */; };
		B7F860D2BEF13A065FD78F45 /* AnimeInteractor.swift in Sources */ = {isa = PBXBuildFile; fileRef = CC68094FE9F4F68E9E305C6B /* AnimeInteractor.swift */; };
		D8C99D49149319702991DAA2 /* AnimeRouter.swift in Sources */ = {isa = PBXBuildFile; fileRef = 0F145667CAE506357C67C632 /* AnimeRouter.swift */; };
		E7726D23BE35B09B857A5C09 /* AnimeViewController.swift in Sources */ = {isa = PBXBuildFile; fileRef = FAF20FE98BEBFB4D4724EBE5 /* AnimeViewController.swift */; };
		E7D6F8B211D855AE958BFBC1 /* AnimePresenter.swift in Sources */ = {isa = PBXBuildFile; fileRef = C73A3274815022D754EEEDFD /* AnimePresenter.swift */; };
/* End PBXBuildFile section */

/* Begin PBXContainerItemProxy section */
		274BFBA328A29C3400C3F9C9 /* PBXContainerItemProxy */ = {
			isa = PBXContainerItemProxy;
			containerPortal = 27F5E54C287C6DCA00BCF61C /* Project object */;
			proxyType = 1;
			remoteGlobalIDString = 27F5E553287C6DCA00BCF61C;
			remoteInfo = "Anilibria-ios-app";
		};
/* End PBXContainerItemProxy section */

/* Begin PBXFileReference section */
		0F145667CAE506357C67C632 /* AnimeRouter.swift */ = {isa = PBXFileReference; includeInIndex = 1; lastKnownFileType = sourcecode.swift; path = AnimeRouter.swift; sourceTree = "<group>"; };
		2710E99C29B510ED00B66C62 /* ImageLoaderService.swift */ = {isa = PBXFileReference; lastKnownFileType = sourcecode.swift; path = ImageLoaderService.swift; sourceTree = "<group>"; };
		2710E99E29B5117500B66C62 /* AuthorizationService.swift */ = {isa = PBXFileReference; lastKnownFileType = sourcecode.swift; path = AuthorizationService.swift; sourceTree = "<group>"; };
		2710E9A029B5146500B66C62 /* PublicApiService.swift */ = {isa = PBXFileReference; lastKnownFileType = sourcecode.swift; path = PublicApiService.swift; sourceTree = "<group>"; };
		2710E9A229B5187000B66C62 /* PublicApiServiceTests.swift */ = {isa = PBXFileReference; lastKnownFileType = sourcecode.swift; path = PublicApiServiceTests.swift; sourceTree = "<group>"; };
		2710E9A429B518AD00B66C62 /* AuthorizationServiceTests.swift */ = {isa = PBXFileReference; lastKnownFileType = sourcecode.swift; path = AuthorizationServiceTests.swift; sourceTree = "<group>"; };
		2710E9A629B518E200B66C62 /* ImageLoaderServiceTests.swift */ = {isa = PBXFileReference; lastKnownFileType = sourcecode.swift; path = ImageLoaderServiceTests.swift; sourceTree = "<group>"; };
		2710E9A829B7243700B66C62 /* Cache.swift */ = {isa = PBXFileReference; lastKnownFileType = sourcecode.swift; path = Cache.swift; sourceTree = "<group>"; };
		2710E9AD29B724EB00B66C62 /* CacheTests.swift */ = {isa = PBXFileReference; lastKnownFileType = sourcecode.swift; path = CacheTests.swift; sourceTree = "<group>"; };
		272D6531288AEF3800FA4F60 /* QueryService.swift */ = {isa = PBXFileReference; lastKnownFileType = sourcecode.swift; path = QueryService.swift; sourceTree = "<group>"; };
		272D6534288C63E100FA4F60 /* GetYouTubeModel.swift */ = {isa = PBXFileReference; lastKnownFileType = sourcecode.swift; path = GetYouTubeModel.swift; sourceTree = "<group>"; };
		272D653A288EC4EC00FA4F60 /* IB-Segues+Generated.swift */ = {isa = PBXFileReference; fileEncoding = 4; lastKnownFileType = sourcecode.swift; path = "IB-Segues+Generated.swift"; sourceTree = "<group>"; };
		272D653B288EC4EC00FA4F60 /* Strings+Generated.swift */ = {isa = PBXFileReference; fileEncoding = 4; lastKnownFileType = sourcecode.swift; path = "Strings+Generated.swift"; sourceTree = "<group>"; };
		272D653C288EC4EC00FA4F60 /* XCAssets+Generated.swift */ = {isa = PBXFileReference; fileEncoding = 4; lastKnownFileType = sourcecode.swift; path = "XCAssets+Generated.swift"; sourceTree = "<group>"; };
		272D653D288EC4EC00FA4F60 /* IB-Scenes+Generated.swift */ = {isa = PBXFileReference; fileEncoding = 4; lastKnownFileType = sourcecode.swift; path = "IB-Scenes+Generated.swift"; sourceTree = "<group>"; };
		272D6542288EC75600FA4F60 /* MyNetworkError.swift */ = {isa = PBXFileReference; lastKnownFileType = sourcecode.swift; path = MyNetworkError.swift; sourceTree = "<group>"; };
		272D6544288ECB4500FA4F60 /* README.md */ = {isa = PBXFileReference; fileEncoding = 4; lastKnownFileType = net.daringfireball.markdown; path = README.md; sourceTree = "<group>"; };
		272D6546288ED42B00FA4F60 /* GetTitleModel.swift */ = {isa = PBXFileReference; lastKnownFileType = sourcecode.swift; path = GetTitleModel.swift; sourceTree = "<group>"; };
		272D65482897E22100FA4F60 /* GetScheduleModel.swift */ = {isa = PBXFileReference; lastKnownFileType = sourcecode.swift; path = GetScheduleModel.swift; sourceTree = "<group>"; };
		272FF68228B6535900CAE5DB /* CarouselView.swift */ = {isa = PBXFileReference; lastKnownFileType = sourcecode.swift; path = CarouselView.swift; sourceTree = "<group>"; };
		272FF68428B664FF00CAE5DB /* CarouselCollectionViewCell.swift */ = {isa = PBXFileReference; lastKnownFileType = sourcecode.swift; path = CarouselCollectionViewCell.swift; sourceTree = "<group>"; };
		2744762829B8CB160062F6D2 /* SearchResultsTableView.swift */ = {isa = PBXFileReference; lastKnownFileType = sourcecode.swift; path = SearchResultsTableView.swift; sourceTree = "<group>"; };
		2744762A29B8CCF60062F6D2 /* SearchResultsTableViewCell.swift */ = {isa = PBXFileReference; lastKnownFileType = sourcecode.swift; path = SearchResultsTableViewCell.swift; sourceTree = "<group>"; };
		2744763029BA0BF00062F6D2 /* SearchResultsTableViewModel.swift */ = {isa = PBXFileReference; lastKnownFileType = sourcecode.swift; path = SearchResultsTableViewModel.swift; sourceTree = "<group>"; };
		2744C87629BC71A700105F11 /* SearchResultsTableFooterView.swift */ = {isa = PBXFileReference; lastKnownFileType = sourcecode.swift; path = SearchResultsTableFooterView.swift; sourceTree = "<group>"; };
		2744C87A29BCAEEB00105F11 /* RandomAnimeView.swift */ = {isa = PBXFileReference; lastKnownFileType = sourcecode.swift; path = RandomAnimeView.swift; sourceTree = "<group>"; };
		2744C88129BCF5AE00105F11 /* RandomAnimeViewModel.swift */ = {isa = PBXFileReference; lastKnownFileType = sourcecode.swift; path = RandomAnimeViewModel.swift; sourceTree = "<group>"; };
		274BFB9728A260E900C3F9C9 /* MyImageError.swift */ = {isa = PBXFileReference; lastKnownFileType = sourcecode.swift; path = MyImageError.swift; sourceTree = "<group>"; };
		274BFB9F28A29C3400C3F9C9 /* Anilibria-ios-appTests.xctest */ = {isa = PBXFileReference; explicitFileType = wrapper.cfbundle; includeInIndex = 0; path = "Anilibria-ios-appTests.xctest"; sourceTree = BUILT_PRODUCTS_DIR; };
		275287B529D5913B00D403F6 /* AnimeInfoView.swift */ = {isa = PBXFileReference; lastKnownFileType = sourcecode.swift; path = AnimeInfoView.swift; sourceTree = "<group>"; };
		2752C4CC28A9392A00B17073 /* ViewControllerPreview.swift */ = {isa = PBXFileReference; lastKnownFileType = sourcecode.swift; path = ViewControllerPreview.swift; sourceTree = "<group>"; };
		2754F63028A94525003485E6 /* ViewPreview.swift */ = {isa = PBXFileReference; lastKnownFileType = sourcecode.swift; path = ViewPreview.swift; sourceTree = "<group>"; };
		275B1AEF29DDCAF5006A00EA /* FavoriteAndShareButtonsView.swift */ = {isa = PBXFileReference; lastKnownFileType = sourcecode.swift; path = FavoriteAndShareButtonsView.swift; sourceTree = "<group>"; };
		275BD3E729DADABF006A00EA /* WatchAndDownloadButtonsView.swift */ = {isa = PBXFileReference; lastKnownFileType = sourcecode.swift; path = WatchAndDownloadButtonsView.swift; sourceTree = "<group>"; };
		276FCF95293C8A3A0005B82E /* PostersListCollectionViewHeader.swift */ = {isa = PBXFileReference; lastKnownFileType = sourcecode.swift; path = PostersListCollectionViewHeader.swift; sourceTree = "<group>"; };
		276FCF98293CEBC20005B82E /* ScheduleViewController.swift */ = {isa = PBXFileReference; lastKnownFileType = sourcecode.swift; path = ScheduleViewController.swift; sourceTree = "<group>"; };
		276FCF9A293CEBD30005B82E /* ScheduleInteractor.swift */ = {isa = PBXFileReference; lastKnownFileType = sourcecode.swift; path = ScheduleInteractor.swift; sourceTree = "<group>"; };
		276FCF9C293CEBF30005B82E /* SchedulePresenter.swift */ = {isa = PBXFileReference; lastKnownFileType = sourcecode.swift; path = SchedulePresenter.swift; sourceTree = "<group>"; };
		276FCF9E293CEC010005B82E /* ScheduleEntity.swift */ = {isa = PBXFileReference; lastKnownFileType = sourcecode.swift; path = ScheduleEntity.swift; sourceTree = "<group>"; };
		276FCFA0293CEC120005B82E /* ScheduleRouter.swift */ = {isa = PBXFileReference; lastKnownFileType = sourcecode.swift; path = ScheduleRouter.swift; sourceTree = "<group>"; };
		2775F1E029389E1000C7D079 /* MyError.swift */ = {isa = PBXFileReference; lastKnownFileType = sourcecode.swift; path = MyError.swift; sourceTree = "<group>"; };
		279E4F2F289C4C70008038FF /* LoginModel.swift */ = {isa = PBXFileReference; lastKnownFileType = sourcecode.swift; path = LoginModel.swift; sourceTree = "<group>"; };
		279E4F32289C706B008038FF /* UserDefaultsExtension.swift */ = {isa = PBXFileReference; lastKnownFileType = sourcecode.swift; path = UserDefaultsExtension.swift; sourceTree = "<group>"; };
		279E4F34289D0304008038FF /* FavoriteModel.swift */ = {isa = PBXFileReference; lastKnownFileType = sourcecode.swift; path = FavoriteModel.swift; sourceTree = "<group>"; };
		279E4F36289D2CA7008038FF /* ProfileModel.swift */ = {isa = PBXFileReference; lastKnownFileType = sourcecode.swift; path = ProfileModel.swift; sourceTree = "<group>"; };
		279E4F38289EC362008038FF /* GoogleService-Info.plist */ = {isa = PBXFileReference; fileEncoding = 4; lastKnownFileType = text.plist.xml; path = "GoogleService-Info.plist"; sourceTree = "<group>"; };
		27A66E4F2976ACEE00369EAF /* ErrorProcessing.swift */ = {isa = PBXFileReference; lastKnownFileType = sourcecode.swift; path = ErrorProcessing.swift; sourceTree = "<group>"; };
		27A66E5129771D4500369EAF /* Alert.swift */ = {isa = PBXFileReference; lastKnownFileType = sourcecode.swift; path = Alert.swift; sourceTree = "<group>"; };
		27A66E5E2987EDCD00369EAF /* CarouselViewModel.swift */ = {isa = PBXFileReference; lastKnownFileType = sourcecode.swift; path = CarouselViewModel.swift; sourceTree = "<group>"; };
		27A66E602987F28900369EAF /* PostersListViewModel.swift */ = {isa = PBXFileReference; lastKnownFileType = sourcecode.swift; path = PostersListViewModel.swift; sourceTree = "<group>"; };
		27A66E642987FAC300369EAF /* SearchViewController.swift */ = {isa = PBXFileReference; lastKnownFileType = sourcecode.swift; path = SearchViewController.swift; sourceTree = "<group>"; };
		27A66E662987FAD500369EAF /* SearchInteractor.swift */ = {isa = PBXFileReference; lastKnownFileType = sourcecode.swift; path = SearchInteractor.swift; sourceTree = "<group>"; };
		27A66E682987FAE300369EAF /* SearchPresenter.swift */ = {isa = PBXFileReference; lastKnownFileType = sourcecode.swift; path = SearchPresenter.swift; sourceTree = "<group>"; };
		27A66E6A2987FAEE00369EAF /* SearchEntity.swift */ = {isa = PBXFileReference; lastKnownFileType = sourcecode.swift; path = SearchEntity.swift; sourceTree = "<group>"; };
		27A66E6C2987FAFA00369EAF /* SearchRouter.swift */ = {isa = PBXFileReference; lastKnownFileType = sourcecode.swift; path = SearchRouter.swift; sourceTree = "<group>"; };
		27A66E6E298BCFC600369EAF /* GetTeamModel.swift */ = {isa = PBXFileReference; lastKnownFileType = sourcecode.swift; path = GetTeamModel.swift; sourceTree = "<group>"; };
		27A66E74298E93FC00369EAF /* RootViewController.swift */ = {isa = PBXFileReference; lastKnownFileType = sourcecode.swift; path = RootViewController.swift; sourceTree = "<group>"; };
		27A66E782990EF9200369EAF /* ScrollableViewProtocol.swift */ = {isa = PBXFileReference; lastKnownFileType = sourcecode.swift; path = ScrollableViewProtocol.swift; sourceTree = "<group>"; };
		27A66E7A2990F0ED00369EAF /* NetworkStatusView.swift */ = {isa = PBXFileReference; lastKnownFileType = sourcecode.swift; path = NetworkStatusView.swift; sourceTree = "<group>"; };
		27A66E7C299298B200369EAF /* NetworkMonitor.swift */ = {isa = PBXFileReference; lastKnownFileType = sourcecode.swift; path = NetworkMonitor.swift; sourceTree = "<group>"; };
		27CB080228847D39009E2583 /* .gitignore */ = {isa = PBXFileReference; fileEncoding = 4; lastKnownFileType = text; path = .gitignore; sourceTree = "<group>"; };
		27CB080A28855EB4009E2583 /* TabBarViewController.swift */ = {isa = PBXFileReference; lastKnownFileType = sourcecode.swift; path = TabBarViewController.swift; sourceTree = "<group>"; };
		27CB080C28855EC5009E2583 /* TabBarInteractor.swift */ = {isa = PBXFileReference; lastKnownFileType = sourcecode.swift; path = TabBarInteractor.swift; sourceTree = "<group>"; };
		27CB080E28855ED1009E2583 /* TabBarPresenter.swift */ = {isa = PBXFileReference; lastKnownFileType = sourcecode.swift; path = TabBarPresenter.swift; sourceTree = "<group>"; };
		27CB081028855EE0009E2583 /* TabBarEntity.swift */ = {isa = PBXFileReference; lastKnownFileType = sourcecode.swift; path = TabBarEntity.swift; sourceTree = "<group>"; };
		27CB081228855EE6009E2583 /* TabBarRouter.swift */ = {isa = PBXFileReference; lastKnownFileType = sourcecode.swift; path = TabBarRouter.swift; sourceTree = "<group>"; };
		27DEEBC02886A9570014055F /* HomeViewController.swift */ = {isa = PBXFileReference; lastKnownFileType = sourcecode.swift; path = HomeViewController.swift; sourceTree = "<group>"; };
		27DEEBC22886A9650014055F /* HomeInteractor.swift */ = {isa = PBXFileReference; lastKnownFileType = sourcecode.swift; path = HomeInteractor.swift; sourceTree = "<group>"; };
		27DEEBC42886A99A0014055F /* HomePresenter.swift */ = {isa = PBXFileReference; lastKnownFileType = sourcecode.swift; path = HomePresenter.swift; sourceTree = "<group>"; };
		27DEEBC62886A9A30014055F /* HomeEntity.swift */ = {isa = PBXFileReference; lastKnownFileType = sourcecode.swift; path = HomeEntity.swift; sourceTree = "<group>"; };
		27DEEBC82886A9AC0014055F /* HomeRouter.swift */ = {isa = PBXFileReference; lastKnownFileType = sourcecode.swift; path = HomeRouter.swift; sourceTree = "<group>"; };
		27E7B074293B6E57006CC8E1 /* PostersListView.swift */ = {isa = PBXFileReference; lastKnownFileType = sourcecode.swift; path = PostersListView.swift; sourceTree = "<group>"; };
		27EA392929C4565400D777AE /* AnimeImageView.swift */ = {isa = PBXFileReference; lastKnownFileType = sourcecode.swift; path = AnimeImageView.swift; sourceTree = "<group>"; };
		27EA392B29C5B5AB00D777AE /* SearchResultsTableErrorFooterView.swift */ = {isa = PBXFileReference; lastKnownFileType = sourcecode.swift; path = SearchResultsTableErrorFooterView.swift; sourceTree = "<group>"; };
		27EA393029C5FBBB00D777AE /* UINavigationControllerExtension.swift */ = {isa = PBXFileReference; lastKnownFileType = sourcecode.swift; path = UINavigationControllerExtension.swift; sourceTree = "<group>"; };
		27F5E554287C6DCA00BCF61C /* Anilibria-ios-app.app */ = {isa = PBXFileReference; explicitFileType = wrapper.application; includeInIndex = 0; path = "Anilibria-ios-app.app"; sourceTree = BUILT_PRODUCTS_DIR; };
		27F5E557287C6DCA00BCF61C /* AppDelegate.swift */ = {isa = PBXFileReference; lastKnownFileType = sourcecode.swift; path = AppDelegate.swift; sourceTree = "<group>"; };
		27F5E559287C6DCA00BCF61C /* SceneDelegate.swift */ = {isa = PBXFileReference; lastKnownFileType = sourcecode.swift; path = SceneDelegate.swift; sourceTree = "<group>"; };
		27F5E560287C6DCB00BCF61C /* Assets.xcassets */ = {isa = PBXFileReference; lastKnownFileType = folder.assetcatalog; path = Assets.xcassets; sourceTree = "<group>"; };
		27F5E563287C6DCB00BCF61C /* Base */ = {isa = PBXFileReference; lastKnownFileType = file.storyboard; name = Base; path = Base.lproj/LaunchScreen.storyboard; sourceTree = "<group>"; };
		27F5E565287C6DCB00BCF61C /* Info.plist */ = {isa = PBXFileReference; lastKnownFileType = text.plist.xml; path = Info.plist; sourceTree = "<group>"; };
		27F5E59C287EA83400BCF61C /* Colors.xcassets */ = {isa = PBXFileReference; lastKnownFileType = folder.assetcatalog; path = Colors.xcassets; sourceTree = "<group>"; };
		27F5E5A3287EAA6E00BCF61C /* ru */ = {isa = PBXFileReference; lastKnownFileType = text.plist.strings; name = ru; path = ru.lproj/Localizable.strings; sourceTree = "<group>"; };
		27F5E5A5287EAC8100BCF61C /* SwiftGen */ = {isa = PBXFileReference; lastKnownFileType = folder; path = SwiftGen; sourceTree = "<group>"; };
		27F5E5A8287EC07D00BCF61C /* .swiftlint.yml */ = {isa = PBXFileReference; fileEncoding = 4; lastKnownFileType = text.yaml; path = .swiftlint.yml; sourceTree = "<group>"; };
		27F8D8E429C2245900D8F4D1 /* SearchResultsTableHeaderView.swift */ = {isa = PBXFileReference; lastKnownFileType = sourcecode.swift; path = SearchResultsTableHeaderView.swift; sourceTree = "<group>"; };
		C73A3274815022D754EEEDFD /* AnimePresenter.swift */ = {isa = PBXFileReference; includeInIndex = 1; lastKnownFileType = sourcecode.swift; path = AnimePresenter.swift; sourceTree = "<group>"; };
		CC68094FE9F4F68E9E305C6B /* AnimeInteractor.swift */ = {isa = PBXFileReference; includeInIndex = 1; lastKnownFileType = sourcecode.swift; path = AnimeInteractor.swift; sourceTree = "<group>"; };
		FAF20FE98BEBFB4D4724EBE5 /* AnimeViewController.swift */ = {isa = PBXFileReference; includeInIndex = 1; lastKnownFileType = sourcecode.swift; path = AnimeViewController.swift; sourceTree = "<group>"; };
/* End PBXFileReference section */

/* Begin PBXFrameworksBuildPhase section */
		274BFB9C28A29C3400C3F9C9 /* Frameworks */ = {
			isa = PBXFrameworksBuildPhase;
			buildActionMask = 2147483647;
			files = (
			);
			runOnlyForDeploymentPostprocessing = 0;
		};
		27F5E551287C6DCA00BCF61C /* Frameworks */ = {
			isa = PBXFrameworksBuildPhase;
			buildActionMask = 2147483647;
			files = (
				27F09BF2289EEBD20051BF2E /* FirebaseMessaging in Frameworks */,
				2775F1E42938DE9000C7D079 /* SkeletonView in Frameworks */,
				27F09BF0289EEBD20051BF2E /* FirebaseAnalytics in Frameworks */,
			);
			runOnlyForDeploymentPostprocessing = 0;
		};
/* End PBXFrameworksBuildPhase section */

/* Begin PBXGroup section */
		2710E9AA29B724BD00B66C62 /* Network */ = {
			isa = PBXGroup;
			children = (
				2710E9A629B518E200B66C62 /* ImageLoaderServiceTests.swift */,
				2710E9A229B5187000B66C62 /* PublicApiServiceTests.swift */,
				2710E9A429B518AD00B66C62 /* AuthorizationServiceTests.swift */,
			);
			path = Network;
			sourceTree = "<group>";
		};
		2710E9AC29B724D500B66C62 /* Common */ = {
			isa = PBXGroup;
			children = (
				2710E9AD29B724EB00B66C62 /* CacheTests.swift */,
			);
			path = Common;
			sourceTree = "<group>";
		};
		272D6533288C63CA00FA4F60 /* Models */ = {
			isa = PBXGroup;
			children = (
				272D6534288C63E100FA4F60 /* GetYouTubeModel.swift */,
				272D6546288ED42B00FA4F60 /* GetTitleModel.swift */,
				272D65482897E22100FA4F60 /* GetScheduleModel.swift */,
				27A66E6E298BCFC600369EAF /* GetTeamModel.swift */,
				279E4F2F289C4C70008038FF /* LoginModel.swift */,
				279E4F34289D0304008038FF /* FavoriteModel.swift */,
				279E4F36289D2CA7008038FF /* ProfileModel.swift */,
			);
			path = Models;
			sourceTree = "<group>";
		};
		272D6539288EC4EC00FA4F60 /* Generated */ = {
			isa = PBXGroup;
			children = (
				272D653A288EC4EC00FA4F60 /* IB-Segues+Generated.swift */,
				272D653B288EC4EC00FA4F60 /* Strings+Generated.swift */,
				272D653C288EC4EC00FA4F60 /* XCAssets+Generated.swift */,
				272D653D288EC4EC00FA4F60 /* IB-Scenes+Generated.swift */,
			);
			path = Generated;
			sourceTree = "<group>";
		};
		272FF68128B652BD00CAE5DB /* CarouselView */ = {
			isa = PBXGroup;
			children = (
				272FF68228B6535900CAE5DB /* CarouselView.swift */,
				272FF68428B664FF00CAE5DB /* CarouselCollectionViewCell.swift */,
				27A66E5E2987EDCD00369EAF /* CarouselViewModel.swift */,
			);
			path = CarouselView;
			sourceTree = "<group>";
		};
		2744762729B8C9E30062F6D2 /* SearchResultsTableView */ = {
			isa = PBXGroup;
			children = (
				27EA392D29C5BBAF00D777AE /* Header and Footer Views */,
				2744762829B8CB160062F6D2 /* SearchResultsTableView.swift */,
				2744762A29B8CCF60062F6D2 /* SearchResultsTableViewCell.swift */,
				2744763029BA0BF00062F6D2 /* SearchResultsTableViewModel.swift */,
			);
			path = SearchResultsTableView;
			sourceTree = "<group>";
		};
		2744C88029BCE25700105F11 /* RandomAnimeView */ = {
			isa = PBXGroup;
			children = (
				2744C87A29BCAEEB00105F11 /* RandomAnimeView.swift */,
				2744C88129BCF5AE00105F11 /* RandomAnimeViewModel.swift */,
			);
			path = RandomAnimeView;
			sourceTree = "<group>";
		};
		274BFB9628A260D500C3F9C9 /* Errors */ = {
			isa = PBXGroup;
			children = (
				272D6542288EC75600FA4F60 /* MyNetworkError.swift */,
				2775F1E029389E1000C7D079 /* MyError.swift */,
				274BFB9728A260E900C3F9C9 /* MyImageError.swift */,
				27A66E4F2976ACEE00369EAF /* ErrorProcessing.swift */,
			);
			path = Errors;
			sourceTree = "<group>";
		};
		274BFBA028A29C3400C3F9C9 /* Anilibria-ios-appTests */ = {
			isa = PBXGroup;
			children = (
				2710E9AC29B724D500B66C62 /* Common */,
				2710E9AA29B724BD00B66C62 /* Network */,
			);
			path = "Anilibria-ios-appTests";
			sourceTree = "<group>";
		};
		275287B429D5911700D403F6 /* AnimeInfoView */ = {
			isa = PBXGroup;
			children = (
				275287B529D5913B00D403F6 /* AnimeInfoView.swift */,
				275BD3E729DADABF006A00EA /* WatchAndDownloadButtonsView.swift */,
				275B1AEF29DDCAF5006A00EA /* FavoriteAndShareButtonsView.swift */,
			);
			path = AnimeInfoView;
			sourceTree = "<group>";
		};
		2752C4CB28A938D600B17073 /* LivePreviewInUIKit */ = {
			isa = PBXGroup;
			children = (
				2752C4CC28A9392A00B17073 /* ViewControllerPreview.swift */,
				2754F63028A94525003485E6 /* ViewPreview.swift */,
			);
			path = LivePreviewInUIKit;
			sourceTree = "<group>";
		};
		276FCF97293CEA960005B82E /* Schedule */ = {
			isa = PBXGroup;
			children = (
				276FCF98293CEBC20005B82E /* ScheduleViewController.swift */,
				276FCF9A293CEBD30005B82E /* ScheduleInteractor.swift */,
				276FCF9C293CEBF30005B82E /* SchedulePresenter.swift */,
				276FCF9E293CEC010005B82E /* ScheduleEntity.swift */,
				276FCFA0293CEC120005B82E /* ScheduleRouter.swift */,
			);
			path = Schedule;
			sourceTree = "<group>";
		};
		279E4F31289C7044008038FF /* Common */ = {
			isa = PBXGroup;
			children = (
				27A66E772990EF6C00369EAF /* Protocols */,
				274BFB9628A260D500C3F9C9 /* Errors */,
				279E4F32289C706B008038FF /* UserDefaultsExtension.swift */,
				27A66E5129771D4500369EAF /* Alert.swift */,
				2710E9A829B7243700B66C62 /* Cache.swift */,
				27EA393029C5FBBB00D777AE /* UINavigationControllerExtension.swift */,
			);
			path = Common;
			sourceTree = "<group>";
		};
		27A66E632987FA8500369EAF /* Search */ = {
			isa = PBXGroup;
			children = (
				2744762729B8C9E30062F6D2 /* SearchResultsTableView */,
				2744C88029BCE25700105F11 /* RandomAnimeView */,
				27A66E642987FAC300369EAF /* SearchViewController.swift */,
				27A66E662987FAD500369EAF /* SearchInteractor.swift */,
				27A66E682987FAE300369EAF /* SearchPresenter.swift */,
				27A66E6A2987FAEE00369EAF /* SearchEntity.swift */,
				27A66E6C2987FAFA00369EAF /* SearchRouter.swift */,
			);
			path = Search;
			sourceTree = "<group>";
		};
		27A66E76298EA3D400369EAF /* Views */ = {
			isa = PBXGroup;
			children = (
				27A66E7A2990F0ED00369EAF /* NetworkStatusView.swift */,
			);
			path = Views;
			sourceTree = "<group>";
		};
		27A66E772990EF6C00369EAF /* Protocols */ = {
			isa = PBXGroup;
			children = (
				27A66E782990EF9200369EAF /* ScrollableViewProtocol.swift */,
			);
			path = Protocols;
			sourceTree = "<group>";
		};
		27A66E7E2992CC7600369EAF /* RootViewController */ = {
			isa = PBXGroup;
			children = (
				27A66E74298E93FC00369EAF /* RootViewController.swift */,
			);
			path = RootViewController;
			sourceTree = "<group>";
		};
		27B8C0572934D2EC004807A2 /* Reusable views */ = {
			isa = PBXGroup;
			children = (
				27E7B06F293B6C6A006CC8E1 /* PostersListView */,
				272FF68128B652BD00CAE5DB /* CarouselView */,
			);
			path = "Reusable views";
			sourceTree = "<group>";
		};
		27CB080628855A79009E2583 /* Modules */ = {
			isa = PBXGroup;
			children = (
				27A66E76298EA3D400369EAF /* Views */,
				27B8C0572934D2EC004807A2 /* Reusable views */,
				27A66E7E2992CC7600369EAF /* RootViewController */,
				27CB080728855B1A009E2583 /* TabBar */,
				27DEEBBF2886A92F0014055F /* Home */,
				27A66E632987FA8500369EAF /* Search */,
				276FCF97293CEA960005B82E /* Schedule */,
				74AD8E03849D0FE618EC2FC5 /* Anime */,
			);
			path = Modules;
			sourceTree = "<group>";
		};
		27CB080728855B1A009E2583 /* TabBar */ = {
			isa = PBXGroup;
			children = (
				27CB080A28855EB4009E2583 /* TabBarViewController.swift */,
				27CB080C28855EC5009E2583 /* TabBarInteractor.swift */,
				27CB080E28855ED1009E2583 /* TabBarPresenter.swift */,
				27CB081028855EE0009E2583 /* TabBarEntity.swift */,
				27CB081228855EE6009E2583 /* TabBarRouter.swift */,
			);
			path = TabBar;
			sourceTree = "<group>";
		};
		27DEEBBF2886A92F0014055F /* Home */ = {
			isa = PBXGroup;
			children = (
				27DEEBC02886A9570014055F /* HomeViewController.swift */,
				27DEEBC22886A9650014055F /* HomeInteractor.swift */,
				27DEEBC42886A99A0014055F /* HomePresenter.swift */,
				27DEEBC62886A9A30014055F /* HomeEntity.swift */,
				27DEEBC82886A9AC0014055F /* HomeRouter.swift */,
			);
			path = Home;
			sourceTree = "<group>";
		};
		27DEEBCA2886F44E0014055F /* Network */ = {
			isa = PBXGroup;
			children = (
				272D6533288C63CA00FA4F60 /* Models */,
				272D6531288AEF3800FA4F60 /* QueryService.swift */,
				2710E9A029B5146500B66C62 /* PublicApiService.swift */,
				2710E99E29B5117500B66C62 /* AuthorizationService.swift */,
				2710E99C29B510ED00B66C62 /* ImageLoaderService.swift */,
				27A66E7C299298B200369EAF /* NetworkMonitor.swift */,
			);
			path = Network;
			sourceTree = "<group>";
		};
		27E7B06F293B6C6A006CC8E1 /* PostersListView */ = {
			isa = PBXGroup;
			children = (
				27E7B074293B6E57006CC8E1 /* PostersListView.swift */,
				276FCF95293C8A3A0005B82E /* PostersListCollectionViewHeader.swift */,
				27A66E602987F28900369EAF /* PostersListViewModel.swift */,
			);
			path = PostersListView;
			sourceTree = "<group>";
		};
		27EA392729C4562D00D777AE /* Views */ = {
			isa = PBXGroup;
			children = (
				27EA392829C4564200D777AE /* AnimeImageView */,
				275287B429D5911700D403F6 /* AnimeInfoView */,
			);
			path = Views;
			sourceTree = "<group>";
		};
		27EA392829C4564200D777AE /* AnimeImageView */ = {
			isa = PBXGroup;
			children = (
				27EA392929C4565400D777AE /* AnimeImageView.swift */,
			);
			path = AnimeImageView;
			sourceTree = "<group>";
		};
		27EA392D29C5BBAF00D777AE /* Header and Footer Views */ = {
			isa = PBXGroup;
			children = (
				27F8D8E429C2245900D8F4D1 /* SearchResultsTableHeaderView.swift */,
				2744C87629BC71A700105F11 /* SearchResultsTableFooterView.swift */,
				27EA392B29C5B5AB00D777AE /* SearchResultsTableErrorFooterView.swift */,
			);
			path = "Header and Footer Views";
			sourceTree = "<group>";
		};
		27F5E54B287C6DCA00BCF61C = {
			isa = PBXGroup;
			children = (
				272D6544288ECB4500FA4F60 /* README.md */,
				27CB080228847D39009E2583 /* .gitignore */,
				27F5E5A8287EC07D00BCF61C /* .swiftlint.yml */,
				27F5E5A5287EAC8100BCF61C /* SwiftGen */,
				27F5E556287C6DCA00BCF61C /* Anilibria-ios-app */,
				274BFBA028A29C3400C3F9C9 /* Anilibria-ios-appTests */,
				27F5E555287C6DCA00BCF61C /* Products */,
			);
			sourceTree = "<group>";
		};
		27F5E555287C6DCA00BCF61C /* Products */ = {
			isa = PBXGroup;
			children = (
				27F5E554287C6DCA00BCF61C /* Anilibria-ios-app.app */,
				274BFB9F28A29C3400C3F9C9 /* Anilibria-ios-appTests.xctest */,
			);
			name = Products;
			sourceTree = "<group>";
		};
		27F5E556287C6DCA00BCF61C /* Anilibria-ios-app */ = {
			isa = PBXGroup;
			children = (
				27F5E557287C6DCA00BCF61C /* AppDelegate.swift */,
				27F5E559287C6DCA00BCF61C /* SceneDelegate.swift */,
				2752C4CB28A938D600B17073 /* LivePreviewInUIKit */,
				272D6539288EC4EC00FA4F60 /* Generated */,
				279E4F31289C7044008038FF /* Common */,
				27DEEBCA2886F44E0014055F /* Network */,
				27CB080628855A79009E2583 /* Modules */,
				27F5E560287C6DCB00BCF61C /* Assets.xcassets */,
				27F5E59C287EA83400BCF61C /* Colors.xcassets */,
				27F5E5A2287EAA5D00BCF61C /* Localizable.strings */,
				27F5E562287C6DCB00BCF61C /* LaunchScreen.storyboard */,
				27F5E565287C6DCB00BCF61C /* Info.plist */,
				279E4F38289EC362008038FF /* GoogleService-Info.plist */,
			);
			path = "Anilibria-ios-app";
			sourceTree = "<group>";
		};
		74AD8E03849D0FE618EC2FC5 /* Anime */ = {
			isa = PBXGroup;
			children = (
				27EA392729C4562D00D777AE /* Views */,
				FAF20FE98BEBFB4D4724EBE5 /* AnimeViewController.swift */,
				CC68094FE9F4F68E9E305C6B /* AnimeInteractor.swift */,
				C73A3274815022D754EEEDFD /* AnimePresenter.swift */,
				0F145667CAE506357C67C632 /* AnimeRouter.swift */,
			);
			path = Anime;
			sourceTree = "<group>";
		};
/* End PBXGroup section */

/* Begin PBXNativeTarget section */
		274BFB9E28A29C3400C3F9C9 /* Anilibria-ios-appTests */ = {
			isa = PBXNativeTarget;
			buildConfigurationList = 274BFBA528A29C3400C3F9C9 /* Build configuration list for PBXNativeTarget "Anilibria-ios-appTests" */;
			buildPhases = (
				274BFB9B28A29C3400C3F9C9 /* Sources */,
				274BFB9C28A29C3400C3F9C9 /* Frameworks */,
				274BFB9D28A29C3400C3F9C9 /* Resources */,
			);
			buildRules = (
			);
			dependencies = (
				274BFBA428A29C3400C3F9C9 /* PBXTargetDependency */,
			);
			name = "Anilibria-ios-appTests";
			productName = "Anilibria-ios-appTests";
			productReference = 274BFB9F28A29C3400C3F9C9 /* Anilibria-ios-appTests.xctest */;
			productType = "com.apple.product-type.bundle.unit-test";
		};
		27F5E553287C6DCA00BCF61C /* Anilibria-ios-app */ = {
			isa = PBXNativeTarget;
			buildConfigurationList = 27F5E568287C6DCB00BCF61C /* Build configuration list for PBXNativeTarget "Anilibria-ios-app" */;
			buildPhases = (
				27F5E5A4287EAB8700BCF61C /* SwiftGen */,
				27F5E5A7287EBC6100BCF61C /* SwiftLint */,
				27F5E550287C6DCA00BCF61C /* Sources */,
				27F5E551287C6DCA00BCF61C /* Frameworks */,
				27F5E552287C6DCA00BCF61C /* Resources */,
			);
			buildRules = (
			);
			dependencies = (
			);
			name = "Anilibria-ios-app";
			packageProductDependencies = (
				27F09BEF289EEBD20051BF2E /* FirebaseAnalytics */,
				27F09BF1289EEBD20051BF2E /* FirebaseMessaging */,
				2775F1E32938DE9000C7D079 /* SkeletonView */,
			);
			productName = "Anilibria-ios-app";
			productReference = 27F5E554287C6DCA00BCF61C /* Anilibria-ios-app.app */;
			productType = "com.apple.product-type.application";
		};
/* End PBXNativeTarget section */

/* Begin PBXProject section */
		27F5E54C287C6DCA00BCF61C /* Project object */ = {
			isa = PBXProject;
			attributes = {
				BuildIndependentTargetsInParallel = 1;
				LastSwiftUpdateCheck = 1340;
				LastUpgradeCheck = 1340;
				TargetAttributes = {
					274BFB9E28A29C3400C3F9C9 = {
						CreatedOnToolsVersion = 13.4.1;
						TestTargetID = 27F5E553287C6DCA00BCF61C;
					};
					27F5E553287C6DCA00BCF61C = {
						CreatedOnToolsVersion = 13.4.1;
					};
				};
			};
			buildConfigurationList = 27F5E54F287C6DCA00BCF61C /* Build configuration list for PBXProject "Anilibria-ios-app" */;
			compatibilityVersion = "Xcode 13.0";
			developmentRegion = en;
			hasScannedForEncodings = 0;
			knownRegions = (
				en,
				Base,
				ru,
			);
			mainGroup = 27F5E54B287C6DCA00BCF61C;
			packageReferences = (
				27F09BEE289EEBD20051BF2E /* XCRemoteSwiftPackageReference "firebase-ios-sdk" */,
				2775F1E22938DE9000C7D079 /* XCRemoteSwiftPackageReference "SkeletonView" */,
			);
			productRefGroup = 27F5E555287C6DCA00BCF61C /* Products */;
			projectDirPath = "";
			projectRoot = "";
			targets = (
				27F5E553287C6DCA00BCF61C /* Anilibria-ios-app */,
				274BFB9E28A29C3400C3F9C9 /* Anilibria-ios-appTests */,
			);
		};
/* End PBXProject section */

/* Begin PBXResourcesBuildPhase section */
		274BFB9D28A29C3400C3F9C9 /* Resources */ = {
			isa = PBXResourcesBuildPhase;
			buildActionMask = 2147483647;
			files = (
			);
			runOnlyForDeploymentPostprocessing = 0;
		};
		27F5E552287C6DCA00BCF61C /* Resources */ = {
			isa = PBXResourcesBuildPhase;
			buildActionMask = 2147483647;
			files = (
				27CB080328847D39009E2583 /* .gitignore in Resources */,
				27F5E5A9287EC07D00BCF61C /* .swiftlint.yml in Resources */,
				279E4F39289EC362008038FF /* GoogleService-Info.plist in Resources */,
				27F5E564287C6DCB00BCF61C /* LaunchScreen.storyboard in Resources */,
				27F5E5A0287EAA5D00BCF61C /* Localizable.strings in Resources */,
				27F5E561287C6DCB00BCF61C /* Assets.xcassets in Resources */,
				27F5E5A6287EAC8100BCF61C /* SwiftGen in Resources */,
				272D6545288ECB4500FA4F60 /* README.md in Resources */,
				27F5E59F287EA83400BCF61C /* Colors.xcassets in Resources */,
			);
			runOnlyForDeploymentPostprocessing = 0;
		};
/* End PBXResourcesBuildPhase section */

/* Begin PBXShellScriptBuildPhase section */
		27F5E5A4287EAB8700BCF61C /* SwiftGen */ = {
			isa = PBXShellScriptBuildPhase;
			alwaysOutOfDate = 1;
			buildActionMask = 2147483647;
			files = (
			);
			inputFileListPaths = (
			);
			inputPaths = (
				"$(SRCROOT)/newInputFile",
			);
			name = SwiftGen;
			outputFileListPaths = (
			);
			outputPaths = (
			);
			runOnlyForDeploymentPostprocessing = 0;
			shellPath = /bin/sh;
			shellScript = "\"$SRCROOT\"/SwiftGen/runswiftgen.sh\n";
		};
		27F5E5A7287EBC6100BCF61C /* SwiftLint */ = {
			isa = PBXShellScriptBuildPhase;
			alwaysOutOfDate = 1;
			buildActionMask = 2147483647;
			files = (
			);
			inputFileListPaths = (
			);
			inputPaths = (
			);
			name = SwiftLint;
			outputFileListPaths = (
			);
			outputPaths = (
			);
			runOnlyForDeploymentPostprocessing = 0;
			shellPath = /bin/sh;
			shellScript = "if test -d \"/opt/homebrew/bin/\"; then\n  PATH=\"/opt/homebrew/bin/:${PATH}\"\nfi\n\nexport PATH\n\nif which swiftlint >/dev/null; then\n  swiftlint --config .swiftlint.yml\nelse\n    echo \"error: SwiftLint not installed, download from https://github.com/realm/SwiftLint\"\n    exit 1\nfi\n";
		};
/* End PBXShellScriptBuildPhase section */

/* Begin PBXSourcesBuildPhase section */
		274BFB9B28A29C3400C3F9C9 /* Sources */ = {
			isa = PBXSourcesBuildPhase;
			buildActionMask = 2147483647;
			files = (
				2710E9A329B5187000B66C62 /* PublicApiServiceTests.swift in Sources */,
				2710E9A729B518E200B66C62 /* ImageLoaderServiceTests.swift in Sources */,
				2710E9AE29B724EB00B66C62 /* CacheTests.swift in Sources */,
				2710E9A529B518AD00B66C62 /* AuthorizationServiceTests.swift in Sources */,
			);
			runOnlyForDeploymentPostprocessing = 0;
		};
		27F5E550287C6DCA00BCF61C /* Sources */ = {
			isa = PBXSourcesBuildPhase;
			buildActionMask = 2147483647;
			files = (
				272D6535288C63E100FA4F60 /* GetYouTubeModel.swift in Sources */,
				272FF68328B6535900CAE5DB /* CarouselView.swift in Sources */,
				275BD3E829DADABF006A00EA /* WatchAndDownloadButtonsView.swift in Sources */,
				272D653E288EC4EC00FA4F60 /* IB-Segues+Generated.swift in Sources */,
				2710E99F29B5117500B66C62 /* AuthorizationService.swift in Sources */,
				2710E99D29B510ED00B66C62 /* ImageLoaderService.swift in Sources */,
				276FCF99293CEBC20005B82E /* ScheduleViewController.swift in Sources */,
				27F5E558287C6DCA00BCF61C /* AppDelegate.swift in Sources */,
				27A66E6F298BCFC600369EAF /* GetTeamModel.swift in Sources */,
				279E4F30289C4C70008038FF /* LoginModel.swift in Sources */,
				27A66E6B2987FAEE00369EAF /* SearchEntity.swift in Sources */,
				27A66E5229771D4500369EAF /* Alert.swift in Sources */,
				27A66E502976ACEE00369EAF /* ErrorProcessing.swift in Sources */,
				27DEEBC92886A9AC0014055F /* HomeRouter.swift in Sources */,
				276FCF9B293CEBD30005B82E /* ScheduleInteractor.swift in Sources */,
				27A66E6D2987FAFA00369EAF /* SearchRouter.swift in Sources */,
				27A66E75298E93FC00369EAF /* RootViewController.swift in Sources */,
				279E4F37289D2CA7008038FF /* ProfileModel.swift in Sources */,
				2744C87B29BCAEEB00105F11 /* RandomAnimeView.swift in Sources */,
				2744763129BA0BF00062F6D2 /* SearchResultsTableViewModel.swift in Sources */,
				27A66E7D299298B200369EAF /* NetworkMonitor.swift in Sources */,
				27A66E5F2987EDCD00369EAF /* CarouselViewModel.swift in Sources */,
				27CB080B28855EB4009E2583 /* TabBarViewController.swift in Sources */,
				2752C4CD28A9392A00B17073 /* ViewControllerPreview.swift in Sources */,
				2744C87729BC71A700105F11 /* SearchResultsTableFooterView.swift in Sources */,
				27A66E7B2990F0ED00369EAF /* NetworkStatusView.swift in Sources */,
				272D6532288AEF3800FA4F60 /* QueryService.swift in Sources */,
				276FCFA1293CEC120005B82E /* ScheduleRouter.swift in Sources */,
				276FCF9D293CEBF30005B82E /* SchedulePresenter.swift in Sources */,
				272FF68528B664FF00CAE5DB /* CarouselCollectionViewCell.swift in Sources */,
				272D65492897E22100FA4F60 /* GetScheduleModel.swift in Sources */,
				2710E9A929B7243700B66C62 /* Cache.swift in Sources */,
				27A66E612987F28900369EAF /* PostersListViewModel.swift in Sources */,
				27F5E55A287C6DCA00BCF61C /* SceneDelegate.swift in Sources */,
				27DEEBC52886A99A0014055F /* HomePresenter.swift in Sources */,
				2744762929B8CB160062F6D2 /* SearchResultsTableView.swift in Sources */,
				27EA393129C5FBBB00D777AE /* UINavigationControllerExtension.swift in Sources */,
				272D6540288EC4EC00FA4F60 /* XCAssets+Generated.swift in Sources */,
				272D6547288ED42B00FA4F60 /* GetTitleModel.swift in Sources */,
				272D6543288EC75600FA4F60 /* MyNetworkError.swift in Sources */,
				27E7B075293B6E57006CC8E1 /* PostersListView.swift in Sources */,
				27EA392A29C4565400D777AE /* AnimeImageView.swift in Sources */,
				27F8D8E529C2245900D8F4D1 /* SearchResultsTableHeaderView.swift in Sources */,
				27CB080D28855EC5009E2583 /* TabBarInteractor.swift in Sources */,
				279E4F33289C706B008038FF /* UserDefaultsExtension.swift in Sources */,
				279E4F35289D0304008038FF /* FavoriteModel.swift in Sources */,
				27A66E692987FAE300369EAF /* SearchPresenter.swift in Sources */,
				27CB080F28855ED1009E2583 /* TabBarPresenter.swift in Sources */,
				276FCF96293C8A3A0005B82E /* PostersListCollectionViewHeader.swift in Sources */,
				27A66E672987FAD500369EAF /* SearchInteractor.swift in Sources */,
				272D653F288EC4EC00FA4F60 /* Strings+Generated.swift in Sources */,
				27DEEBC12886A9570014055F /* HomeViewController.swift in Sources */,
				275B1AF029DDCAF5006A00EA /* FavoriteAndShareButtonsView.swift in Sources */,
				2775F1E129389E1000C7D079 /* MyError.swift in Sources */,
				27A66E792990EF9200369EAF /* ScrollableViewProtocol.swift in Sources */,
				274BFB9828A260E900C3F9C9 /* MyImageError.swift in Sources */,
				2744C88229BCF5AE00105F11 /* RandomAnimeViewModel.swift in Sources */,
				2744762B29B8CCF70062F6D2 /* SearchResultsTableViewCell.swift in Sources */,
				2710E9A129B5146500B66C62 /* PublicApiService.swift in Sources */,
				276FCF9F293CEC010005B82E /* ScheduleEntity.swift in Sources */,
				27DEEBC32886A9650014055F /* HomeInteractor.swift in Sources */,
				27A66E652987FAC300369EAF /* SearchViewController.swift in Sources */,
				27CB081328855EE6009E2583 /* TabBarRouter.swift in Sources */,
				27DEEBC72886A9A30014055F /* HomeEntity.swift in Sources */,
				2754F63128A94525003485E6 /* ViewPreview.swift in Sources */,
				27CB081128855EE0009E2583 /* TabBarEntity.swift in Sources */,
				272D6541288EC4EC00FA4F60 /* IB-Scenes+Generated.swift in Sources */,
				E7726D23BE35B09B857A5C09 /* AnimeViewController.swift in Sources */,
				B7F860D2BEF13A065FD78F45 /* AnimeInteractor.swift in Sources */,
				E7D6F8B211D855AE958BFBC1 /* AnimePresenter.swift in Sources */,
				27EA392C29C5B5AB00D777AE /* SearchResultsTableErrorFooterView.swift in Sources */,
				275287B629D5913B00D403F6 /* AnimeInfoView.swift in Sources */,
				D8C99D49149319702991DAA2 /* AnimeRouter.swift in Sources */,
			);
			runOnlyForDeploymentPostprocessing = 0;
		};
/* End PBXSourcesBuildPhase section */

/* Begin PBXTargetDependency section */
		274BFBA428A29C3400C3F9C9 /* PBXTargetDependency */ = {
			isa = PBXTargetDependency;
			target = 27F5E553287C6DCA00BCF61C /* Anilibria-ios-app */;
			targetProxy = 274BFBA328A29C3400C3F9C9 /* PBXContainerItemProxy */;
		};
/* End PBXTargetDependency section */

/* Begin PBXVariantGroup section */
		27F5E562287C6DCB00BCF61C /* LaunchScreen.storyboard */ = {
			isa = PBXVariantGroup;
			children = (
				27F5E563287C6DCB00BCF61C /* Base */,
			);
			name = LaunchScreen.storyboard;
			sourceTree = "<group>";
		};
		27F5E5A2287EAA5D00BCF61C /* Localizable.strings */ = {
			isa = PBXVariantGroup;
			children = (
				27F5E5A3287EAA6E00BCF61C /* ru */,
			);
			name = Localizable.strings;
			sourceTree = "<group>";
		};
/* End PBXVariantGroup section */

/* Begin XCBuildConfiguration section */
		274BFBA628A29C3400C3F9C9 /* Debug */ = {
			isa = XCBuildConfiguration;
			buildSettings = {
				BUNDLE_LOADER = "$(TEST_HOST)";
				CODE_SIGN_STYLE = Automatic;
				CURRENT_PROJECT_VERSION = 1;
				DEVELOPMENT_TEAM = ZQ774W5T35;
				GENERATE_INFOPLIST_FILE = YES;
				MARKETING_VERSION = 1.0;
				PRODUCT_BUNDLE_IDENTIFIER = "Nasybullin.Anilibria-ios-appTests";
				PRODUCT_NAME = "$(TARGET_NAME)";
				SWIFT_EMIT_LOC_STRINGS = NO;
				SWIFT_VERSION = 5.0;
				TARGETED_DEVICE_FAMILY = "1,2";
				TEST_HOST = "$(BUILT_PRODUCTS_DIR)/Anilibria-ios-app.app/Anilibria-ios-app";
			};
			name = Debug;
		};
		274BFBA728A29C3400C3F9C9 /* Release */ = {
			isa = XCBuildConfiguration;
			buildSettings = {
				BUNDLE_LOADER = "$(TEST_HOST)";
				CODE_SIGN_STYLE = Automatic;
				CURRENT_PROJECT_VERSION = 1;
				DEVELOPMENT_TEAM = ZQ774W5T35;
				GENERATE_INFOPLIST_FILE = YES;
				MARKETING_VERSION = 1.0;
				PRODUCT_BUNDLE_IDENTIFIER = "Nasybullin.Anilibria-ios-appTests";
				PRODUCT_NAME = "$(TARGET_NAME)";
				SWIFT_EMIT_LOC_STRINGS = NO;
				SWIFT_VERSION = 5.0;
				TARGETED_DEVICE_FAMILY = "1,2";
				TEST_HOST = "$(BUILT_PRODUCTS_DIR)/Anilibria-ios-app.app/Anilibria-ios-app";
			};
			name = Release;
		};
		27F5E566287C6DCB00BCF61C /* Debug */ = {
			isa = XCBuildConfiguration;
			buildSettings = {
				ALWAYS_SEARCH_USER_PATHS = NO;
				CLANG_ANALYZER_LOCALIZABILITY_NONLOCALIZED = YES;
				CLANG_ANALYZER_NONNULL = YES;
				CLANG_ANALYZER_NUMBER_OBJECT_CONVERSION = YES_AGGRESSIVE;
				CLANG_CXX_LANGUAGE_STANDARD = "gnu++17";
				CLANG_ENABLE_MODULES = YES;
				CLANG_ENABLE_OBJC_ARC = YES;
				CLANG_ENABLE_OBJC_WEAK = YES;
				CLANG_WARN_BLOCK_CAPTURE_AUTORELEASING = YES;
				CLANG_WARN_BOOL_CONVERSION = YES;
				CLANG_WARN_COMMA = YES;
				CLANG_WARN_CONSTANT_CONVERSION = YES;
				CLANG_WARN_DEPRECATED_OBJC_IMPLEMENTATIONS = YES;
				CLANG_WARN_DIRECT_OBJC_ISA_USAGE = YES_ERROR;
				CLANG_WARN_DOCUMENTATION_COMMENTS = YES;
				CLANG_WARN_EMPTY_BODY = YES;
				CLANG_WARN_ENUM_CONVERSION = YES;
				CLANG_WARN_INFINITE_RECURSION = YES;
				CLANG_WARN_INT_CONVERSION = YES;
				CLANG_WARN_NON_LITERAL_NULL_CONVERSION = YES;
				CLANG_WARN_OBJC_IMPLICIT_RETAIN_SELF = YES;
				CLANG_WARN_OBJC_LITERAL_CONVERSION = YES;
				CLANG_WARN_OBJC_ROOT_CLASS = YES_ERROR;
				CLANG_WARN_QUOTED_INCLUDE_IN_FRAMEWORK_HEADER = YES;
				CLANG_WARN_RANGE_LOOP_ANALYSIS = YES;
				CLANG_WARN_STRICT_PROTOTYPES = YES;
				CLANG_WARN_SUSPICIOUS_MOVE = YES;
				CLANG_WARN_UNGUARDED_AVAILABILITY = YES_AGGRESSIVE;
				CLANG_WARN_UNREACHABLE_CODE = YES;
				CLANG_WARN__DUPLICATE_METHOD_MATCH = YES;
				COPY_PHASE_STRIP = NO;
				DEBUG_INFORMATION_FORMAT = dwarf;
				ENABLE_STRICT_OBJC_MSGSEND = YES;
				ENABLE_TESTABILITY = YES;
				GCC_C_LANGUAGE_STANDARD = gnu11;
				GCC_DYNAMIC_NO_PIC = NO;
				GCC_NO_COMMON_BLOCKS = YES;
				GCC_OPTIMIZATION_LEVEL = 0;
				GCC_PREPROCESSOR_DEFINITIONS = (
					"DEBUG=1",
					"$(inherited)",
				);
				GCC_WARN_64_TO_32_BIT_CONVERSION = YES;
				GCC_WARN_ABOUT_RETURN_TYPE = YES_ERROR;
				GCC_WARN_UNDECLARED_SELECTOR = YES;
				GCC_WARN_UNINITIALIZED_AUTOS = YES_AGGRESSIVE;
				GCC_WARN_UNUSED_FUNCTION = YES;
				GCC_WARN_UNUSED_VARIABLE = YES;
				IPHONEOS_DEPLOYMENT_TARGET = 15.0;
				MTL_ENABLE_DEBUG_INFO = INCLUDE_SOURCE;
				MTL_FAST_MATH = YES;
				ONLY_ACTIVE_ARCH = YES;
				SDKROOT = iphoneos;
				SWIFT_ACTIVE_COMPILATION_CONDITIONS = DEBUG;
				SWIFT_OPTIMIZATION_LEVEL = "-Onone";
			};
			name = Debug;
		};
		27F5E567287C6DCB00BCF61C /* Release */ = {
			isa = XCBuildConfiguration;
			buildSettings = {
				ALWAYS_SEARCH_USER_PATHS = NO;
				CLANG_ANALYZER_LOCALIZABILITY_NONLOCALIZED = YES;
				CLANG_ANALYZER_NONNULL = YES;
				CLANG_ANALYZER_NUMBER_OBJECT_CONVERSION = YES_AGGRESSIVE;
				CLANG_CXX_LANGUAGE_STANDARD = "gnu++17";
				CLANG_ENABLE_MODULES = YES;
				CLANG_ENABLE_OBJC_ARC = YES;
				CLANG_ENABLE_OBJC_WEAK = YES;
				CLANG_WARN_BLOCK_CAPTURE_AUTORELEASING = YES;
				CLANG_WARN_BOOL_CONVERSION = YES;
				CLANG_WARN_COMMA = YES;
				CLANG_WARN_CONSTANT_CONVERSION = YES;
				CLANG_WARN_DEPRECATED_OBJC_IMPLEMENTATIONS = YES;
				CLANG_WARN_DIRECT_OBJC_ISA_USAGE = YES_ERROR;
				CLANG_WARN_DOCUMENTATION_COMMENTS = YES;
				CLANG_WARN_EMPTY_BODY = YES;
				CLANG_WARN_ENUM_CONVERSION = YES;
				CLANG_WARN_INFINITE_RECURSION = YES;
				CLANG_WARN_INT_CONVERSION = YES;
				CLANG_WARN_NON_LITERAL_NULL_CONVERSION = YES;
				CLANG_WARN_OBJC_IMPLICIT_RETAIN_SELF = YES;
				CLANG_WARN_OBJC_LITERAL_CONVERSION = YES;
				CLANG_WARN_OBJC_ROOT_CLASS = YES_ERROR;
				CLANG_WARN_QUOTED_INCLUDE_IN_FRAMEWORK_HEADER = YES;
				CLANG_WARN_RANGE_LOOP_ANALYSIS = YES;
				CLANG_WARN_STRICT_PROTOTYPES = YES;
				CLANG_WARN_SUSPICIOUS_MOVE = YES;
				CLANG_WARN_UNGUARDED_AVAILABILITY = YES_AGGRESSIVE;
				CLANG_WARN_UNREACHABLE_CODE = YES;
				CLANG_WARN__DUPLICATE_METHOD_MATCH = YES;
				COPY_PHASE_STRIP = NO;
				DEBUG_INFORMATION_FORMAT = "dwarf-with-dsym";
				ENABLE_NS_ASSERTIONS = NO;
				ENABLE_STRICT_OBJC_MSGSEND = YES;
				GCC_C_LANGUAGE_STANDARD = gnu11;
				GCC_NO_COMMON_BLOCKS = YES;
				GCC_WARN_64_TO_32_BIT_CONVERSION = YES;
				GCC_WARN_ABOUT_RETURN_TYPE = YES_ERROR;
				GCC_WARN_UNDECLARED_SELECTOR = YES;
				GCC_WARN_UNINITIALIZED_AUTOS = YES_AGGRESSIVE;
				GCC_WARN_UNUSED_FUNCTION = YES;
				GCC_WARN_UNUSED_VARIABLE = YES;
				IPHONEOS_DEPLOYMENT_TARGET = 15.0;
				MTL_ENABLE_DEBUG_INFO = NO;
				MTL_FAST_MATH = YES;
				SDKROOT = iphoneos;
				SWIFT_COMPILATION_MODE = wholemodule;
				SWIFT_OPTIMIZATION_LEVEL = "-O";
				VALIDATE_PRODUCT = YES;
			};
			name = Release;
		};
		27F5E569287C6DCB00BCF61C /* Debug */ = {
			isa = XCBuildConfiguration;
			buildSettings = {
				ASSETCATALOG_COMPILER_APPICON_NAME = AppIcon;
				ASSETCATALOG_COMPILER_GLOBAL_ACCENT_COLOR_NAME = AccentColor;
				CODE_SIGN_IDENTITY = "Apple Development";
				CODE_SIGN_STYLE = Automatic;
				CURRENT_PROJECT_VERSION = 1;
				DEVELOPMENT_TEAM = ZQ774W5T35;
				GENERATE_INFOPLIST_FILE = YES;
				INFOPLIST_FILE = "Anilibria-ios-app/Info.plist";
				INFOPLIST_KEY_CFBundleDisplayName = "";
				"INFOPLIST_KEY_CFBundleDisplayName[sdk=iphoneos*]" = "AniLibria Debug";
				INFOPLIST_KEY_LSApplicationCategoryType = "public.app-category.video";
				INFOPLIST_KEY_UIApplicationSupportsIndirectInputEvents = YES;
				INFOPLIST_KEY_UILaunchStoryboardName = LaunchScreen;
				INFOPLIST_KEY_UISupportedInterfaceOrientations = UIInterfaceOrientationPortrait;
				INFOPLIST_KEY_UISupportedInterfaceOrientations_iPad = "UIInterfaceOrientationPortrait UIInterfaceOrientationPortraitUpsideDown UIInterfaceOrientationLandscapeLeft UIInterfaceOrientationLandscapeRight";
				INFOPLIST_KEY_UISupportedInterfaceOrientations_iPhone = UIInterfaceOrientationPortrait;
				IPHONEOS_DEPLOYMENT_TARGET = 15.0;
				LD_RUNPATH_SEARCH_PATHS = (
					"$(inherited)",
					"@executable_path/Frameworks",
				);
				MARKETING_VERSION = 0.5;
				PRODUCT_BUNDLE_IDENTIFIER = "Nasybullin.Anilibria-ios-app";
				PRODUCT_NAME = "$(TARGET_NAME)";
				PROVISIONING_PROFILE_SPECIFIER = "";
				SWIFT_EMIT_LOC_STRINGS = YES;
				SWIFT_VERSION = 5.0;
				TARGETED_DEVICE_FAMILY = "1,2";
			};
			name = Debug;
		};
		27F5E56A287C6DCB00BCF61C /* Release */ = {
			isa = XCBuildConfiguration;
			buildSettings = {
				ASSETCATALOG_COMPILER_APPICON_NAME = AppIcon;
				ASSETCATALOG_COMPILER_GLOBAL_ACCENT_COLOR_NAME = AccentColor;
				CODE_SIGN_IDENTITY = "Apple Development";
				CODE_SIGN_STYLE = Automatic;
				CURRENT_PROJECT_VERSION = 1;
				DEVELOPMENT_TEAM = ZQ774W5T35;
				GENERATE_INFOPLIST_FILE = YES;
				INFOPLIST_FILE = "Anilibria-ios-app/Info.plist";
				INFOPLIST_KEY_CFBundleDisplayName = "";
				"INFOPLIST_KEY_CFBundleDisplayName[sdk=iphoneos*]" = AniLibria;
				INFOPLIST_KEY_LSApplicationCategoryType = "public.app-category.video";
				INFOPLIST_KEY_UIApplicationSupportsIndirectInputEvents = YES;
				INFOPLIST_KEY_UILaunchStoryboardName = LaunchScreen;
				INFOPLIST_KEY_UISupportedInterfaceOrientations = UIInterfaceOrientationPortrait;
				INFOPLIST_KEY_UISupportedInterfaceOrientations_iPad = "UIInterfaceOrientationPortrait UIInterfaceOrientationPortraitUpsideDown UIInterfaceOrientationLandscapeLeft UIInterfaceOrientationLandscapeRight";
				INFOPLIST_KEY_UISupportedInterfaceOrientations_iPhone = UIInterfaceOrientationPortrait;
				IPHONEOS_DEPLOYMENT_TARGET = 15.0;
				LD_RUNPATH_SEARCH_PATHS = (
					"$(inherited)",
					"@executable_path/Frameworks",
				);
				MARKETING_VERSION = 0.5;
				PRODUCT_BUNDLE_IDENTIFIER = "Nasybullin.Anilibria-ios-app";
				PRODUCT_NAME = "$(TARGET_NAME)";
				PROVISIONING_PROFILE_SPECIFIER = "";
				SWIFT_EMIT_LOC_STRINGS = YES;
				SWIFT_VERSION = 5.0;
				TARGETED_DEVICE_FAMILY = "1,2";
			};
			name = Release;
		};
/* End XCBuildConfiguration section */

/* Begin XCConfigurationList section */
		274BFBA528A29C3400C3F9C9 /* Build configuration list for PBXNativeTarget "Anilibria-ios-appTests" */ = {
			isa = XCConfigurationList;
			buildConfigurations = (
				274BFBA628A29C3400C3F9C9 /* Debug */,
				274BFBA728A29C3400C3F9C9 /* Release */,
			);
			defaultConfigurationIsVisible = 0;
			defaultConfigurationName = Release;
		};
		27F5E54F287C6DCA00BCF61C /* Build configuration list for PBXProject "Anilibria-ios-app" */ = {
			isa = XCConfigurationList;
			buildConfigurations = (
				27F5E566287C6DCB00BCF61C /* Debug */,
				27F5E567287C6DCB00BCF61C /* Release */,
			);
			defaultConfigurationIsVisible = 0;
			defaultConfigurationName = Release;
		};
		27F5E568287C6DCB00BCF61C /* Build configuration list for PBXNativeTarget "Anilibria-ios-app" */ = {
			isa = XCConfigurationList;
			buildConfigurations = (
				27F5E569287C6DCB00BCF61C /* Debug */,
				27F5E56A287C6DCB00BCF61C /* Release */,
			);
			defaultConfigurationIsVisible = 0;
			defaultConfigurationName = Release;
		};
/* End XCConfigurationList section */

/* Begin XCRemoteSwiftPackageReference section */
		2775F1E22938DE9000C7D079 /* XCRemoteSwiftPackageReference "SkeletonView" */ = {
			isa = XCRemoteSwiftPackageReference;
			repositoryURL = "https://github.com/Juanpe/SkeletonView.git";
			requirement = {
				kind = upToNextMajorVersion;
				minimumVersion = 1.30.0;
			};
		};
		27F09BEE289EEBD20051BF2E /* XCRemoteSwiftPackageReference "firebase-ios-sdk" */ = {
			isa = XCRemoteSwiftPackageReference;
			repositoryURL = "https://github.com/firebase/firebase-ios-sdk";
			requirement = {
				branch = master;
				kind = branch;
			};
		};
/* End XCRemoteSwiftPackageReference section */

/* Begin XCSwiftPackageProductDependency section */
		2775F1E32938DE9000C7D079 /* SkeletonView */ = {
			isa = XCSwiftPackageProductDependency;
			package = 2775F1E22938DE9000C7D079 /* XCRemoteSwiftPackageReference "SkeletonView" */;
			productName = SkeletonView;
		};
		27F09BEF289EEBD20051BF2E /* FirebaseAnalytics */ = {
			isa = XCSwiftPackageProductDependency;
			package = 27F09BEE289EEBD20051BF2E /* XCRemoteSwiftPackageReference "firebase-ios-sdk" */;
			productName = FirebaseAnalytics;
		};
		27F09BF1289EEBD20051BF2E /* FirebaseMessaging */ = {
			isa = XCSwiftPackageProductDependency;
			package = 27F09BEE289EEBD20051BF2E /* XCRemoteSwiftPackageReference "firebase-ios-sdk" */;
			productName = FirebaseMessaging;
		};
/* End XCSwiftPackageProductDependency section */
	};
	rootObject = 27F5E54C287C6DCA00BCF61C /* Project object */;
}
